{
  "version": 4,
  "terraform_version": "1.14.6",
  "serial": 282,
  "lineage": "8adc71c6-d7d7-c5ea-9a81-6f0133c41616",
  "outputs": {
    "approved_landmark_bucket_name": {
      "value": "world-of-fog-prod-010419877195-eu-west-2-approved",
      "type": "string"
    },
    "appsync_api_id": {
      "value": "xuhhcjmpkremxcv2vrzpgxfrlm",
      "type": "string"
    },
    "appsync_graphql_url": {
      "value": "https://3focrrhosbd7dkxtkthji467tu.appsync-api.eu-west-2.amazonaws.com/graphql",
      "type": "string"
    },
    "aws_region": {
      "value": "eu-west-2",
      "type": "string"
    },
    "cloudfront_approved_domain": {
      "value": "d2op1xtsiy6g50.cloudfront.net",
      "type": "string"
    },
    "cloudfront_shared_tiles_domain": {
      "value": "d2jmlw6i9yl338.cloudfront.net",
      "type": "string"
    },
    "cognito_group_names": {
      "value": [
        "admin",
        "moderator",
        "user"
      ],
      "type": [
        "tuple",
        [
          "string",
          "string",
          "string"
        ]
      ]
    },
    "cognito_user_pool_client_id": {
      "value": "579drfqkb4uueotbod29qq7cs7",
      "type": "string"
    },
    "cognito_user_pool_id": {
      "value": "eu-west-2_ORdu8sqG1",
      "type": "string"
    },
    "discovery_cache_bucket_name": {
      "value": "world-of-fog-prod-010419877195-eu-west-2-discovery-cache",
      "type": "string"
    },
    "lambda_function_names": {
      "value": {
        "create_landmark_upload_ticket": "world-of-fog-prod-create-landmark-upload-ticket",
        "finalize_landmark_upload": "world-of-fog-prod-finalize-landmark-upload",
        "get_landmark_view_url": "world-of-fog-prod-get-landmark-view-url",
        "get_my_discovery_bootstrap": "world-of-fog-prod-get-my-discovery-bootstrap",
        "get_pending_landmark_review_url": "world-of-fog-prod-get-pending-landmark-review-url",
        "get_shared_presence": "world-of-fog-prod-get-shared-presence",
        "get_shared_viewport": "world-of-fog-prod-get-shared-viewport",
        "list_pending_landmarks": "world-of-fog-prod-list-pending-landmarks",
        "moderate_landmark": "world-of-fog-prod-moderate-landmark",
        "rebuild_shared_tiles": "world-of-fog-prod-rebuild-shared-tiles",
        "sync_discoveries": "world-of-fog-prod-sync-discoveries"
      },
      "type": [
        "object",
        {
          "create_landmark_upload_ticket": "string",
          "finalize_landmark_upload": "string",
          "get_landmark_view_url": "string",
          "get_my_discovery_bootstrap": "string",
          "get_pending_landmark_review_url": "string",
          "get_shared_presence": "string",
          "get_shared_viewport": "string",
          "list_pending_landmarks": "string",
          "moderate_landmark": "string",
          "rebuild_shared_tiles": "string",
          "sync_discoveries": "string"
        }
      ]
    },
    "landmarks_table_name": {
      "value": "world-of-fog-prod-landmarks",
      "type": "string"
    },
    "pending_landmark_bucket_name": {
      "value": "world-of-fog-prod-010419877195-eu-west-2-pending",
      "type": "string"
    },
    "player_presence_table_name": {
      "value": "world-of-fog-prod-player-presence",
      "type": "string"
    },
    "shared_cells_table_name": {
      "value": "world-of-fog-prod-shared-cells",
      "type": "string"
    },
    "shared_tile_rebuild_queue_url": {
      "value": "https://sqs.eu-west-2.amazonaws.com/010419877195/world-of-fog-prod-shared-tile-rebuild",
      "type": "string"
    },
    "user_discoveries_table_name": {
      "value": "world-of-fog-prod-user-discoveries",
      "type": "string"
    }
  },
  "resources": [
    {
      "mode": "data",
      "type": "archive_file",
      "name": "lambda_bundle",
      "provider": "provider[\"registry.terraform.io/hashicorp/archive\"]",
      "instances": [
        {
          "schema_version": 0,
          "attributes": {
            "exclude_symlink_directories": null,
            "excludes": null,
            "id": "84eaa84882c37968945f6f47f9f22e08630998d0",
            "output_base64sha256": "Cp9n2d9U/rk4J8fHFVqYdpMFdwPGh3AwhH2/FyjJLIk=",
            "output_base64sha512": "ribGVlYAwv11RjNPW5VlC7vXrh7ogBE3jF4HDICMdIAqbCF2rjMzhRHLCnnBvJA3+e3RMDXLr2Fn6bKO05d83w==",
            "output_file_mode": null,
            "output_md5": "5d2885c7a5b6d7dedca370d720c34ad5",
            "output_path": "./lambda_bundle.zip",
            "output_sha": "84eaa84882c37968945f6f47f9f22e08630998d0",
            "output_sha256": "0a9f67d9df54feb93827c7c7155a987693057703c6877030847dbf1728c92c89",
            "output_sha512": "ae26c6565600c2fd7546334f5b95650bbbd7ae1ee88011378c5e070c808c74802a6c2176ae33338511cb0a79c1bc9037f9edd13035cbaf6167e9b28ed3977cdf",
            "output_size": 70269,
            "source": [],
            "source_content": null,
            "source_content_filename": null,
            "source_dir": "./lambda",
            "source_file": null,
            "type": "zip"
          },
          "sensitive_attributes": [],
          "identity_schema_version": 0
        }
      ]
    },
    {
      "mode": "data",
      "type": "aws_caller_identity",
      "name": "current",
      "provider": "provider[\"registry.terraform.io/hashicorp/aws\"]",
      "instances": [
        {
          "schema_version": 0,
          "attributes": {
            "account_id": "010419877195",
            "arn": "arn:aws:iam::010419877195:user/Privileged",
            "id": "010419877195",
            "user_id": "AIDAQE3ISWVFZZRDJAWVM"
          },
          "sensitive_attributes": [],
          "identity_schema_version": 0
        }
      ]
    },
    {
      "mode": "managed",
      "type": "aws_appsync_datasource",
      "name": "create_landmark_upload_ticket",
      "provider": "provider[\"registry.terraform.io/hashicorp/aws\"]",
      "instances": [
        {
          "schema_version": 0,
          "attributes": {
            "api_id": "xuhhcjmpkremxcv2vrzpgxfrlm",
            "arn": "arn:aws:appsync:eu-west-2:010419877195:apis/xuhhcjmpkremxcv2vrzpgxfrlm/datasources/CreateLandmarkUploadTicketLambda",
            "description": "",
            "dynamodb_config": [],
            "elasticsearch_config": [],
            "event_bridge_config": [],
            "http_config": [],
            "id": "xuhhcjmpkremxcv2vrzpgxfrlm-CreateLandmarkUploadTicketLambda",
            "lambda_config": [
              {
                "function_arn": "arn:aws:lambda:eu-west-2:010419877195:function:world-of-fog-prod-create-landmark-upload-ticket"
              }
            ],
            "name": "CreateLandmarkUploadTicketLambda",
            "opensearchservice_config": [],
            "relational_database_config": [],
            "service_role_arn": "arn:aws:iam::010419877195:role/world-of-fog-prod-appsync-lambda",
            "type": "AWS_LAMBDA"
          },
          "sensitive_attributes": [],
          "identity_schema_version": 0,
          "private": "bnVsbA==",
          "dependencies": [
            "aws_appsync_graphql_api.main",
            "aws_cloudfront_distribution.approved_landmarks",
            "aws_cloudfront_origin_access_control.approved_landmarks",
            "aws_cognito_user_pool.main",
            "aws_cognito_user_pool_client.mobile",
            "aws_dynamodb_table.landmarks",
            "aws_dynamodb_table.player_presence",
            "aws_dynamodb_table.shared_cells",
            "aws_dynamodb_table.user_discoveries",
            "aws_iam_role.appsync_lambda",
            "aws_iam_role.lambda_exec",
            "aws_lambda_function.create_landmark_upload_ticket",
            "aws_s3_bucket.approved_landmarks",
            "aws_s3_bucket.discovery_cache",
            "aws_s3_bucket.pending_landmarks",
            "aws_s3_bucket_public_access_block.approved_landmarks",
            "aws_sqs_queue.shared_tile_rebuild",
            "aws_sqs_queue.shared_tile_rebuild_dlq",
            "data.archive_file.lambda_bundle",
            "data.aws_caller_identity.current"
          ]
        }
      ]
    },
    {
      "mode": "managed",
      "type": "aws_appsync_datasource",
      "name": "finalize_landmark_upload",
      "provider": "provider[\"registry.terraform.io/hashicorp/aws\"]",
      "instances": [
        {
          "schema_version": 0,
          "attributes": {
            "api_id": "xuhhcjmpkremxcv2vrzpgxfrlm",
            "arn": "arn:aws:appsync:eu-west-2:010419877195:apis/xuhhcjmpkremxcv2vrzpgxfrlm/datasources/FinalizeLandmarkUploadLambda",
            "description": "",
            "dynamodb_config": [],
            "elasticsearch_config": [],
            "event_bridge_config": [],
            "http_config": [],
            "id": "xuhhcjmpkremxcv2vrzpgxfrlm-FinalizeLandmarkUploadLambda",
            "lambda_config": [
              {
                "function_arn": "arn:aws:lambda:eu-west-2:010419877195:function:world-of-fog-prod-finalize-landmark-upload"
              }
            ],
            "name": "FinalizeLandmarkUploadLambda",
            "opensearchservice_config": [],
            "relational_database_config": [],
            "service_role_arn": "arn:aws:iam::010419877195:role/world-of-fog-prod-appsync-lambda",
            "type": "AWS_LAMBDA"
          },
          "sensitive_attributes": [],
          "identity_schema_version": 0,
          "private": "bnVsbA==",
          "dependencies": [
            "aws_appsync_graphql_api.main",
            "aws_cloudfront_distribution.approved_landmarks",
            "aws_cloudfront_origin_access_control.approved_landmarks",
            "aws_cognito_user_pool.main",
            "aws_cognito_user_pool_client.mobile",
            "aws_dynamodb_table.landmarks",
            "aws_dynamodb_table.player_presence",
            "aws_dynamodb_table.shared_cells",
            "aws_dynamodb_table.user_discoveries",
            "aws_iam_role.appsync_lambda",
            "aws_iam_role.lambda_exec",
            "aws_lambda_function.finalize_landmark_upload",
            "aws_s3_bucket.approved_landmarks",
            "aws_s3_bucket.discovery_cache",
            "aws_s3_bucket.pending_landmarks",
            "aws_s3_bucket_public_access_block.approved_landmarks",
            "aws_sqs_queue.shared_tile_rebuild",
            "aws_sqs_queue.shared_tile_rebuild_dlq",
            "data.archive_file.lambda_bundle",
            "data.aws_caller_identity.current"
          ]
        }
      ]
    },
    {
      "mode": "managed",
      "type": "aws_appsync_datasource",
      "name": "get_landmark_view_url",
      "provider": "provider[\"registry.terraform.io/hashicorp/aws\"]",
      "instances": [
        {
          "schema_version": 0,
          "attributes": {
            "api_id": "xuhhcjmpkremxcv2vrzpgxfrlm",
            "arn": "arn:aws:appsync:eu-west-2:010419877195:apis/xuhhcjmpkremxcv2vrzpgxfrlm/datasources/GetLandmarkViewUrlLambda",
            "description": "",
            "dynamodb_config": [],
            "elasticsearch_config": [],
            "event_bridge_config": [],
            "http_config": [],
            "id": "xuhhcjmpkremxcv2vrzpgxfrlm-GetLandmarkViewUrlLambda",
            "lambda_config": [
              {
                "function_arn": "arn:aws:lambda:eu-west-2:010419877195:function:world-of-fog-prod-get-landmark-view-url"
              }
            ],
            "name": "GetLandmarkViewUrlLambda",
            "opensearchservice_config": [],
            "relational_database_config": [],
            "service_role_arn": "arn:aws:iam::010419877195:role/world-of-fog-prod-appsync-lambda",
            "type": "AWS_LAMBDA"
          },
          "sensitive_attributes": [],
          "identity_schema_version": 0,
          "private": "bnVsbA==",
          "dependencies": [
            "aws_appsync_graphql_api.main",
            "aws_cloudfront_distribution.approved_landmarks",
            "aws_cloudfront_origin_access_control.approved_landmarks",
            "aws_cognito_user_pool.main",
            "aws_cognito_user_pool_client.mobile",
            "aws_dynamodb_table.landmarks",
            "aws_dynamodb_table.player_presence",
            "aws_dynamodb_table.shared_cells",
            "aws_dynamodb_table.user_discoveries",
            "aws_iam_role.appsync_lambda",
            "aws_iam_role.lambda_exec",
            "aws_lambda_function.get_landmark_view_url",
            "aws_s3_bucket.approved_landmarks",
            "aws_s3_bucket.discovery_cache",
            "aws_s3_bucket.pending_landmarks",
            "aws_s3_bucket_public_access_block.approved_landmarks",
            "aws_sqs_queue.shared_tile_rebuild",
            "aws_sqs_queue.shared_tile_rebuild_dlq",
            "data.archive_file.lambda_bundle",
            "data.aws_caller_identity.current"
          ]
        }
      ]
    },
    {
      "mode": "managed",
      "type": "aws_appsync_datasource",
      "name": "get_my_discovery_bootstrap",
      "provider": "provider[\"registry.terraform.io/hashicorp/aws\"]",
      "instances": [
        {
          "schema_version": 0,
          "attributes": {
            "api_id": "xuhhcjmpkremxcv2vrzpgxfrlm",
            "arn": "arn:aws:appsync:eu-west-2:010419877195:apis/xuhhcjmpkremxcv2vrzpgxfrlm/datasources/GetMyDiscoveryBootstrapLambda",
            "description": "",
            "dynamodb_config": [],
            "elasticsearch_config": [],
            "event_bridge_config": [],
            "http_config": [],
            "id": "xuhhcjmpkremxcv2vrzpgxfrlm-GetMyDiscoveryBootstrapLambda",
            "lambda_config": [
              {
                "function_arn": "arn:aws:lambda:eu-west-2:010419877195:function:world-of-fog-prod-get-my-discovery-bootstrap"
              }
            ],
            "name": "GetMyDiscoveryBootstrapLambda",
            "opensearchservice_config": [],
            "relational_database_config": [],
            "service_role_arn": "arn:aws:iam::010419877195:role/world-of-fog-prod-appsync-lambda",
            "type": "AWS_LAMBDA"
          },
          "sensitive_attributes": [],
          "identity_schema_version": 0,
          "private": "bnVsbA==",
          "dependencies": [
            "aws_appsync_graphql_api.main",
            "aws_cloudfront_distribution.approved_landmarks",
            "aws_cloudfront_origin_access_control.approved_landmarks",
            "aws_cognito_user_pool.main",
            "aws_cognito_user_pool_client.mobile",
            "aws_dynamodb_table.landmarks",
            "aws_dynamodb_table.player_presence",
            "aws_dynamodb_table.shared_cells",
            "aws_dynamodb_table.user_discoveries",
            "aws_iam_role.appsync_lambda",
            "aws_iam_role.lambda_exec",
            "aws_lambda_function.get_my_discovery_bootstrap",
            "aws_s3_bucket.approved_landmarks",
            "aws_s3_bucket.discovery_cache",
            "aws_s3_bucket.pending_landmarks",
            "aws_s3_bucket_public_access_block.approved_landmarks",
            "aws_sqs_queue.shared_tile_rebuild",
            "aws_sqs_queue.shared_tile_rebuild_dlq",
            "data.archive_file.lambda_bundle",
            "data.aws_caller_identity.current"
          ]
        }
      ]
    },
    {
      "mode": "managed",
      "type": "aws_appsync_datasource",
      "name": "get_pending_landmark_review_url",
      "provider": "provider[\"registry.terraform.io/hashicorp/aws\"]",
      "instances": [
        {
          "schema_version": 0,
          "attributes": {
            "api_id": "xuhhcjmpkremxcv2vrzpgxfrlm",
            "arn": "arn:aws:appsync:eu-west-2:010419877195:apis/xuhhcjmpkremxcv2vrzpgxfrlm/datasources/GetPendingLandmarkReviewUrlLambda",
            "description": "",
            "dynamodb_config": [],
            "elasticsearch_config": [],
            "event_bridge_config": [],
            "http_config": [],
            "id": "xuhhcjmpkremxcv2vrzpgxfrlm-GetPendingLandmarkReviewUrlLambda",
            "lambda_config": [
              {
                "function_arn": "arn:aws:lambda:eu-west-2:010419877195:function:world-of-fog-prod-get-pending-landmark-review-url"
              }
            ],
            "name": "GetPendingLandmarkReviewUrlLambda",
            "opensearchservice_config": [],
            "relational_database_config": [],
            "service_role_arn": "arn:aws:iam::010419877195:role/world-of-fog-prod-appsync-lambda",
            "type": "AWS_LAMBDA"
          },
          "sensitive_attributes": [],
          "identity_schema_version": 0,
          "private": "bnVsbA==",
          "dependencies": [
            "aws_appsync_graphql_api.main",
            "aws_cloudfront_distribution.approved_landmarks",
            "aws_cloudfront_origin_access_control.approved_landmarks",
            "aws_cognito_user_pool.main",
            "aws_cognito_user_pool_client.mobile",
            "aws_dynamodb_table.landmarks",
            "aws_dynamodb_table.player_presence",
            "aws_dynamodb_table.shared_cells",
            "aws_dynamodb_table.user_discoveries",
            "aws_iam_role.appsync_lambda",
            "aws_iam_role.lambda_exec",
            "aws_lambda_function.get_pending_landmark_review_url",
            "aws_s3_bucket.approved_landmarks",
            "aws_s3_bucket.discovery_cache",
            "aws_s3_bucket.pending_landmarks",
            "aws_s3_bucket_public_access_block.approved_landmarks",
            "aws_sqs_queue.shared_tile_rebuild",
            "aws_sqs_queue.shared_tile_rebuild_dlq",
            "data.archive_file.lambda_bundle",
            "data.aws_caller_identity.current"
          ]
        }
      ]
    },
    {
      "mode": "managed",
      "type": "aws_appsync_datasource",
      "name": "get_shared_presence",
      "provider": "provider[\"registry.terraform.io/hashicorp/aws\"]",
      "instances": [
        {
          "schema_version": 0,
          "attributes": {
            "api_id": "xuhhcjmpkremxcv2vrzpgxfrlm",
            "arn": "arn:aws:appsync:eu-west-2:010419877195:apis/xuhhcjmpkremxcv2vrzpgxfrlm/datasources/GetSharedPresenceLambda",
            "description": "",
            "dynamodb_config": [],
            "elasticsearch_config": [],
            "event_bridge_config": [],
            "http_config": [],
            "id": "xuhhcjmpkremxcv2vrzpgxfrlm-GetSharedPresenceLambda",
            "lambda_config": [
              {
                "function_arn": "arn:aws:lambda:eu-west-2:010419877195:function:world-of-fog-prod-get-shared-presence"
              }
            ],
            "name": "GetSharedPresenceLambda",
            "opensearchservice_config": [],
            "relational_database_config": [],
            "service_role_arn": "arn:aws:iam::010419877195:role/world-of-fog-prod-appsync-lambda",
            "type": "AWS_LAMBDA"
          },
          "sensitive_attributes": [],
          "identity_schema_version": 0,
          "private": "bnVsbA==",
          "dependencies": [
            "aws_appsync_graphql_api.main",
            "aws_cloudfront_distribution.approved_landmarks",
            "aws_cloudfront_origin_access_control.approved_landmarks",
            "aws_cognito_user_pool.main",
            "aws_cognito_user_pool_client.mobile",
            "aws_dynamodb_table.landmarks",
            "aws_dynamodb_table.player_presence",
            "aws_dynamodb_table.shared_cells",
            "aws_dynamodb_table.user_discoveries",
            "aws_iam_role.appsync_lambda",
            "aws_iam_role.lambda_exec",
            "aws_lambda_function.get_shared_presence",
            "aws_s3_bucket.approved_landmarks",
            "aws_s3_bucket.discovery_cache",
            "aws_s3_bucket.pending_landmarks",
            "aws_s3_bucket_public_access_block.approved_landmarks",
            "aws_sqs_queue.shared_tile_rebuild",
            "aws_sqs_queue.shared_tile_rebuild_dlq",
            "data.archive_file.lambda_bundle",
            "data.aws_caller_identity.current"
          ]
        }
      ]
    },
    {
      "mode": "managed",
      "type": "aws_appsync_datasource",
      "name": "get_shared_viewport",
      "provider": "provider[\"registry.terraform.io/hashicorp/aws\"]",
      "instances": [
        {
          "schema_version": 0,
          "attributes": {
            "api_id": "xuhhcjmpkremxcv2vrzpgxfrlm",
            "arn": "arn:aws:appsync:eu-west-2:010419877195:apis/xuhhcjmpkremxcv2vrzpgxfrlm/datasources/GetSharedViewportLambda",
            "description": "",
            "dynamodb_config": [],
            "elasticsearch_config": [],
            "event_bridge_config": [],
            "http_config": [],
            "id": "xuhhcjmpkremxcv2vrzpgxfrlm-GetSharedViewportLambda",
            "lambda_config": [
              {
                "function_arn": "arn:aws:lambda:eu-west-2:010419877195:function:world-of-fog-prod-get-shared-viewport"
              }
            ],
            "name": "GetSharedViewportLambda",
            "opensearchservice_config": [],
            "relational_database_config": [],
            "service_role_arn": "arn:aws:iam::010419877195:role/world-of-fog-prod-appsync-lambda",
            "type": "AWS_LAMBDA"
          },
          "sensitive_attributes": [],
          "identity_schema_version": 0,
          "private": "bnVsbA==",
          "dependencies": [
            "aws_appsync_graphql_api.main",
            "aws_cloudfront_distribution.approved_landmarks",
            "aws_cloudfront_origin_access_control.approved_landmarks",
            "aws_cognito_user_pool.main",
            "aws_cognito_user_pool_client.mobile",
            "aws_dynamodb_table.landmarks",
            "aws_dynamodb_table.player_presence",
            "aws_dynamodb_table.shared_cells",
            "aws_dynamodb_table.user_discoveries",
            "aws_iam_role.appsync_lambda",
            "aws_iam_role.lambda_exec",
            "aws_lambda_function.get_shared_viewport",
            "aws_s3_bucket.approved_landmarks",
            "aws_s3_bucket.discovery_cache",
            "aws_s3_bucket.pending_landmarks",
            "aws_s3_bucket_public_access_block.approved_landmarks",
            "aws_sqs_queue.shared_tile_rebuild",
            "aws_sqs_queue.shared_tile_rebuild_dlq",
            "data.archive_file.lambda_bundle",
            "data.aws_caller_identity.current"
          ]
        }
      ]
    },
    {
      "mode": "managed",
      "type": "aws_appsync_datasource",
      "name": "list_pending_landmarks",
      "provider": "provider[\"registry.terraform.io/hashicorp/aws\"]",
      "instances": [
        {
          "schema_version": 0,
          "attributes": {
            "api_id": "xuhhcjmpkremxcv2vrzpgxfrlm",
            "arn": "arn:aws:appsync:eu-west-2:010419877195:apis/xuhhcjmpkremxcv2vrzpgxfrlm/datasources/ListPendingLandmarksLambda",
            "description": "",
            "dynamodb_config": [],
            "elasticsearch_config": [],
            "event_bridge_config": [],
            "http_config": [],
            "id": "xuhhcjmpkremxcv2vrzpgxfrlm-ListPendingLandmarksLambda",
            "lambda_config": [
              {
                "function_arn": "arn:aws:lambda:eu-west-2:010419877195:function:world-of-fog-prod-list-pending-landmarks"
              }
            ],
            "name": "ListPendingLandmarksLambda",
            "opensearchservice_config": [],
            "relational_database_config": [],
            "service_role_arn": "arn:aws:iam::010419877195:role/world-of-fog-prod-appsync-lambda",
            "type": "AWS_LAMBDA"
          },
          "sensitive_attributes": [],
          "identity_schema_version": 0,
          "private": "bnVsbA==",
          "dependencies": [
            "aws_appsync_graphql_api.main",
            "aws_cloudfront_distribution.approved_landmarks",
            "aws_cloudfront_origin_access_control.approved_landmarks",
            "aws_cognito_user_pool.main",
            "aws_cognito_user_pool_client.mobile",
            "aws_dynamodb_table.landmarks",
            "aws_dynamodb_table.player_presence",
            "aws_dynamodb_table.shared_cells",
            "aws_dynamodb_table.user_discoveries",
            "aws_iam_role.appsync_lambda",
            "aws_iam_role.lambda_exec",
            "aws_lambda_function.list_pending_landmarks",
            "aws_s3_bucket.approved_landmarks",
            "aws_s3_bucket.discovery_cache",
            "aws_s3_bucket.pending_landmarks",
            "aws_s3_bucket_public_access_block.approved_landmarks",
            "aws_sqs_queue.shared_tile_rebuild",
            "aws_sqs_queue.shared_tile_rebuild_dlq",
            "data.archive_file.lambda_bundle",
            "data.aws_caller_identity.current"
          ]
        }
      ]
    },
    {
      "mode": "managed",
      "type": "aws_appsync_datasource",
      "name": "moderate_landmark",
      "provider": "provider[\"registry.terraform.io/hashicorp/aws\"]",
      "instances": [
        {
          "schema_version": 0,
          "attributes": {
            "api_id": "xuhhcjmpkremxcv2vrzpgxfrlm",
            "arn": "arn:aws:appsync:eu-west-2:010419877195:apis/xuhhcjmpkremxcv2vrzpgxfrlm/datasources/ModerateLandmarkLambda",
            "description": "",
            "dynamodb_config": [],
            "elasticsearch_config": [],
            "event_bridge_config": [],
            "http_config": [],
            "id": "xuhhcjmpkremxcv2vrzpgxfrlm-ModerateLandmarkLambda",
            "lambda_config": [
              {
                "function_arn": "arn:aws:lambda:eu-west-2:010419877195:function:world-of-fog-prod-moderate-landmark"
              }
            ],
            "name": "ModerateLandmarkLambda",
            "opensearchservice_config": [],
            "relational_database_config": [],
            "service_role_arn": "arn:aws:iam::010419877195:role/world-of-fog-prod-appsync-lambda",
            "type": "AWS_LAMBDA"
          },
          "sensitive_attributes": [],
          "identity_schema_version": 0,
          "private": "bnVsbA==",
          "dependencies": [
            "aws_appsync_graphql_api.main",
            "aws_cloudfront_distribution.approved_landmarks",
            "aws_cloudfront_origin_access_control.approved_landmarks",
            "aws_cognito_user_pool.main",
            "aws_cognito_user_pool_client.mobile",
            "aws_dynamodb_table.landmarks",
            "aws_dynamodb_table.player_presence",
            "aws_dynamodb_table.shared_cells",
            "aws_dynamodb_table.user_discoveries",
            "aws_iam_role.appsync_lambda",
            "aws_iam_role.lambda_exec",
            "aws_lambda_function.moderate_landmark",
            "aws_s3_bucket.approved_landmarks",
            "aws_s3_bucket.discovery_cache",
            "aws_s3_bucket.pending_landmarks",
            "aws_s3_bucket_public_access_block.approved_landmarks",
            "aws_sqs_queue.shared_tile_rebuild",
            "aws_sqs_queue.shared_tile_rebuild_dlq",
            "data.archive_file.lambda_bundle",
            "data.aws_caller_identity.current"
          ]
        }
      ]
    },
    {
      "mode": "managed",
      "type": "aws_appsync_datasource",
      "name": "sync_discoveries",
      "provider": "provider[\"registry.terraform.io/hashicorp/aws\"]",
      "instances": [
        {
          "schema_version": 0,
          "attributes": {
            "api_id": "xuhhcjmpkremxcv2vrzpgxfrlm",
            "arn": "arn:aws:appsync:eu-west-2:010419877195:apis/xuhhcjmpkremxcv2vrzpgxfrlm/datasources/SyncDiscoveriesLambda",
            "description": "",
            "dynamodb_config": [],
            "elasticsearch_config": [],
            "event_bridge_config": [],
            "http_config": [],
            "id": "xuhhcjmpkremxcv2vrzpgxfrlm-SyncDiscoveriesLambda",
            "lambda_config": [
              {
                "function_arn": "arn:aws:lambda:eu-west-2:010419877195:function:world-of-fog-prod-sync-discoveries"
              }
            ],
            "name": "SyncDiscoveriesLambda",
            "opensearchservice_config": [],
            "relational_database_config": [],
            "service_role_arn": "arn:aws:iam::010419877195:role/world-of-fog-prod-appsync-lambda",
            "type": "AWS_LAMBDA"
          },
          "sensitive_attributes": [],
          "identity_schema_version": 0,
          "private": "bnVsbA==",
          "dependencies": [
            "aws_appsync_graphql_api.main",
            "aws_cloudfront_distribution.approved_landmarks",
            "aws_cloudfront_origin_access_control.approved_landmarks",
            "aws_cognito_user_pool.main",
            "aws_cognito_user_pool_client.mobile",
            "aws_dynamodb_table.landmarks",
            "aws_dynamodb_table.player_presence",
            "aws_dynamodb_table.shared_cells",
            "aws_dynamodb_table.user_discoveries",
            "aws_iam_role.appsync_lambda",
            "aws_iam_role.lambda_exec",
            "aws_lambda_function.sync_discoveries",
            "aws_s3_bucket.approved_landmarks",
            "aws_s3_bucket.discovery_cache",
            "aws_s3_bucket.pending_landmarks",
            "aws_s3_bucket_public_access_block.approved_landmarks",
            "aws_sqs_queue.shared_tile_rebuild",
            "aws_sqs_queue.shared_tile_rebuild_dlq",
            "data.archive_file.lambda_bundle",
            "data.aws_caller_identity.current"
          ]
        }
      ]
    },
    {
      "mode": "managed",
      "type": "aws_appsync_graphql_api",
      "name": "main",
      "provider": "provider[\"registry.terraform.io/hashicorp/aws\"]",
      "instances": [
        {
          "schema_version": 0,
          "attributes": {
            "additional_authentication_provider": [],
            "api_type": "GRAPHQL",
            "arn": "arn:aws:appsync:eu-west-2:010419877195:apis/xuhhcjmpkremxcv2vrzpgxfrlm",
            "authentication_type": "AMAZON_COGNITO_USER_POOLS",
            "enhanced_metrics_config": [],
            "id": "xuhhcjmpkremxcv2vrzpgxfrlm",
            "introspection_config": "ENABLED",
            "lambda_authorizer_config": [],
            "log_config": [],
            "merged_api_execution_role_arn": "",
            "name": "world-of-fog-prod",
            "openid_connect_config": [],
            "query_depth_limit": 0,
            "resolver_count_limit": 0,
            "schema": "schema { query: Query mutation: Mutation }\n\ntype Query {\n  getSharedViewport(worldId: String, minLat: Float!, maxLat: Float!, minLon: Float!, maxLon: Float!, zoom: Int!): SharedViewportResponse\n  getSharedPresence(worldId: String, minLat: Float!, maxLat: Float!, minLon: Float!, maxLon: Float!, zoom: Int!): SharedPresenceResponse\n  listPendingLandmarks(limit: Int, nextToken: String): PendingLandmarkPage\n  getPendingLandmarkReviewUrl(landmarkId: ID!): ReviewUrlResponse\n  getLandmarkViewUrl(landmarkId: ID!): ReviewUrlResponse\n  getMyDiscoveryBootstrap: MyDiscoveryBootstrap!\n}\n\ntype Mutation {\n  syncDiscoveries(worldId: String, cellsJson: AWSJSON!, currentLat: Float, currentLon: Float, mapZoom: Int, displayName: String, profileIcon: String): DiscoverySyncResponse\n  createLandmarkUploadTicket(worldId: String, title: String!, description: String, category: String!, lat: Float!, lon: Float!, filename: String!, contentType: String!, byteLength: Int!, mapZoom: Int): LandmarkUploadTicket\n  finalizeLandmarkUpload(landmarkId: ID!, uploadToken: String!): LandmarkSubmissionResult\n  moderateLandmark(landmarkId: ID!, approve: Boolean!, moderationNotes: String): LandmarkModerationResult\n}\n\ntype SharedViewportResponse { worldId: String!, cells: [SharedCell!]!, players: [SharedPlayer!]!, landmarks: [SharedLandmark!]!, generatedAt: AWSDateTime! }\ntype SharedPresenceResponse { worldId: String!, players: [SharedPlayer!]!, generatedAt: AWSDateTime! }\ntype SharedCell { cellId: ID!, lat: Float!, lon: Float!, discovererCount: Int!, tileId: String!, lastDiscoveredAt: AWSDateTime! }\ntype SharedPlayer { userId: ID!, displayName: String!, profileIcon: String!, lat: Float!, lon: Float!, lastSeenAt: AWSDateTime! }\ntype SharedLandmark { landmarkId: ID!, title: String!, description: String, category: String!, lat: Float!, lon: Float!, status: String!, approvedObjectKey: String, createdAt: AWSDateTime! }\ntype DiscoverySyncResponse { acceptedCellCount: Int!, newPersonalCellCount: Int!, updatedSharedCellCount: Int!, trackingActive: Boolean!, timestamp: AWSDateTime! }\ntype LandmarkUploadTicket { landmarkId: ID!, uploadToken: String!, objectKey: String!, uploadUrl: AWSURL!, uploadFieldsJson: AWSJSON!, expiresAt: AWSDateTime!, maxBytes: Int! }\ntype LandmarkSubmissionResult { landmarkId: ID!, status: String!, message: String! }\ntype LandmarkModerationResult { landmarkId: ID!, status: String!, approvedObjectKey: String }\ntype ReviewUrlResponse { landmarkId: ID!, viewUrl: AWSURL!, expiresAt: AWSDateTime! }\ntype PendingLandmarkPage { items: [PendingLandmark!]!, nextToken: String }\ntype PendingLandmark { landmarkId: ID!, title: String!, description: String, category: String!, lat: Float!, lon: Float!, status: String!, pendingObjectKey: String!, createdAt: AWSDateTime!, userId: ID! }\ntype MyDiscoveryBootstrap { cells: [MyDiscoveryCell!]! }\ntype MyDiscoveryCell { cellId: String!, lat: Float!, lon: Float! }\nscalar AWSDateTime\nscalar AWSJSON\nscalar AWSURL\n",
            "tags": {
              "Environment": "prod",
              "ManagedBy": "terraform",
              "Project": "world-of-fog"
            },
            "tags_all": {
              "Environment": "prod",
              "ManagedBy": "terraform",
              "Project": "world-of-fog"
            },
            "uris": {
              "GRAPHQL": "https://3focrrhosbd7dkxtkthji467tu.appsync-api.eu-west-2.amazonaws.com/graphql",
              "REALTIME": "wss://3focrrhosbd7dkxtkthji467tu.appsync-realtime-api.eu-west-2.amazonaws.com/graphql"
            },
            "user_pool_config": [
              {
                "app_id_client_regex": "579drfqkb4uueotbod29qq7cs7",
                "aws_region": "eu-west-2",
                "default_action": "ALLOW",
                "user_pool_id": "eu-west-2_ORdu8sqG1"
              }
            ],
            "visibility": "GLOBAL",
            "xray_enabled": false
          },
          "sensitive_attributes": [],
          "identity_schema_version": 0,
          "private": "bnVsbA==",
          "dependencies": [
            "aws_cognito_user_pool.main",
            "aws_cognito_user_pool_client.mobile"
          ]
        }
      ]
    },
    {
      "mode": "managed",
      "type": "aws_appsync_resolver",
      "name": "create_landmark_upload_ticket",
      "provider": "provider[\"registry.terraform.io/hashicorp/aws\"]",
      "instances": [
        {
          "schema_version": 0,
          "attributes": {
            "api_id": "xuhhcjmpkremxcv2vrzpgxfrlm",
            "arn": "arn:aws:appsync:eu-west-2:010419877195:apis/xuhhcjmpkremxcv2vrzpgxfrlm/types/Mutation/resolvers/createLandmarkUploadTicket",
            "caching_config": [],
            "code": "",
            "data_source": "CreateLandmarkUploadTicketLambda",
            "field": "createLandmarkUploadTicket",
            "id": "xuhhcjmpkremxcv2vrzpgxfrlm-Mutation-createLandmarkUploadTicket",
            "kind": "UNIT",
            "max_batch_size": 0,
            "pipeline_config": [],
            "request_template": "{\n  \"version\": \"2018-05-29\",\n  \"operation\": \"Invoke\",\n  \"payload\": {\n    \"arguments\": $util.toJson($context.arguments),\n    \"identity\": $util.toJson($context.identity),\n    \"source\": $util.toJson($context.source),\n    \"info\": { \"fieldName\": \"$context.info.fieldName\", \"parentTypeName\": \"$context.info.parentTypeName\" }\n  }\n}\n",
            "response_template": "#if($ctx.error)\n  $util.error($ctx.error.message, $ctx.error.type)\n#end\n$util.toJson($ctx.result)\n",
            "runtime": [],
            "sync_config": [],
            "type": "Mutation"
          },
          "sensitive_attributes": [],
          "identity_schema_version": 0,
          "private": "bnVsbA==",
          "dependencies": [
            "aws_appsync_datasource.create_landmark_upload_ticket",
            "aws_appsync_graphql_api.main",
            "aws_cloudfront_distribution.approved_landmarks",
            "aws_cloudfront_origin_access_control.approved_landmarks",
            "aws_cognito_user_pool.main",
            "aws_cognito_user_pool_client.mobile",
            "aws_dynamodb_table.landmarks",
            "aws_dynamodb_table.player_presence",
            "aws_dynamodb_table.shared_cells",
            "aws_dynamodb_table.user_discoveries",
            "aws_iam_role.appsync_lambda",
            "aws_iam_role.lambda_exec",
            "aws_lambda_function.create_landmark_upload_ticket",
            "aws_s3_bucket.approved_landmarks",
            "aws_s3_bucket.discovery_cache",
            "aws_s3_bucket.pending_landmarks",
            "aws_s3_bucket_public_access_block.approved_landmarks",
            "aws_sqs_queue.shared_tile_rebuild",
            "aws_sqs_queue.shared_tile_rebuild_dlq",
            "data.archive_file.lambda_bundle",
            "data.aws_caller_identity.current"
          ]
        }
      ]
    },
    {
      "mode": "managed",
      "type": "aws_appsync_resolver",
      "name": "finalize_landmark_upload",
      "provider": "provider[\"registry.terraform.io/hashicorp/aws\"]",
      "instances": [
        {
          "schema_version": 0,
          "attributes": {
            "api_id": "xuhhcjmpkremxcv2vrzpgxfrlm",
            "arn": "arn:aws:appsync:eu-west-2:010419877195:apis/xuhhcjmpkremxcv2vrzpgxfrlm/types/Mutation/resolvers/finalizeLandmarkUpload",
            "caching_config": [],
            "code": "",
            "data_source": "FinalizeLandmarkUploadLambda",
            "field": "finalizeLandmarkUpload",
            "id": "xuhhcjmpkremxcv2vrzpgxfrlm-Mutation-finalizeLandmarkUpload",
            "kind": "UNIT",
            "max_batch_size": 0,
            "pipeline_config": [],
            "request_template": "{\n  \"version\": \"2018-05-29\",\n  \"operation\": \"Invoke\",\n  \"payload\": {\n    \"arguments\": $util.toJson($context.arguments),\n    \"identity\": $util.toJson($context.identity),\n    \"source\": $util.toJson($context.source),\n    \"info\": { \"fieldName\": \"$context.info.fieldName\", \"parentTypeName\": \"$context.info.parentTypeName\" }\n  }\n}\n",
            "response_template": "#if($ctx.error)\n  $util.error($ctx.error.message, $ctx.error.type)\n#end\n$util.toJson($ctx.result)\n",
            "runtime": [],
            "sync_config": [],
            "type": "Mutation"
          },
          "sensitive_attributes": [],
          "identity_schema_version": 0,
          "private": "bnVsbA==",
          "dependencies": [
            "aws_appsync_datasource.finalize_landmark_upload",
            "aws_appsync_graphql_api.main",
            "aws_cloudfront_distribution.approved_landmarks",
            "aws_cloudfront_origin_access_control.approved_landmarks",
            "aws_cognito_user_pool.main",
            "aws_cognito_user_pool_client.mobile",
            "aws_dynamodb_table.landmarks",
            "aws_dynamodb_table.player_presence",
            "aws_dynamodb_table.shared_cells",
            "aws_dynamodb_table.user_discoveries",
            "aws_iam_role.appsync_lambda",
            "aws_iam_role.lambda_exec",
            "aws_lambda_function.finalize_landmark_upload",
            "aws_s3_bucket.approved_landmarks",
            "aws_s3_bucket.discovery_cache",
            "aws_s3_bucket.pending_landmarks",
            "aws_s3_bucket_public_access_block.approved_landmarks",
            "aws_sqs_queue.shared_tile_rebuild",
            "aws_sqs_queue.shared_tile_rebuild_dlq",
            "data.archive_file.lambda_bundle",
            "data.aws_caller_identity.current"
          ]
        }
      ]
    },
    {
      "mode": "managed",
      "type": "aws_appsync_resolver",
      "name": "get_landmark_view_url",
      "provider": "provider[\"registry.terraform.io/hashicorp/aws\"]",
      "instances": [
        {
          "schema_version": 0,
          "attributes": {
            "api_id": "xuhhcjmpkremxcv2vrzpgxfrlm",
            "arn": "arn:aws:appsync:eu-west-2:010419877195:apis/xuhhcjmpkremxcv2vrzpgxfrlm/types/Query/resolvers/getLandmarkViewUrl",
            "caching_config": [],
            "code": "",
            "data_source": "GetLandmarkViewUrlLambda",
            "field": "getLandmarkViewUrl",
            "id": "xuhhcjmpkremxcv2vrzpgxfrlm-Query-getLandmarkViewUrl",
            "kind": "UNIT",
            "max_batch_size": 0,
            "pipeline_config": [],
            "request_template": "{\n  \"version\": \"2018-05-29\",\n  \"operation\": \"Invoke\",\n  \"payload\": {\n    \"arguments\": $util.toJson($context.arguments),\n    \"identity\": $util.toJson($context.identity),\n    \"source\": $util.toJson($context.source),\n    \"info\": { \"fieldName\": \"$context.info.fieldName\", \"parentTypeName\": \"$context.info.parentTypeName\" }\n  }\n}\n",
            "response_template": "#if($ctx.error)\n  $util.error($ctx.error.message, $ctx.error.type)\n#end\n$util.toJson($ctx.result)\n",
            "runtime": [],
            "sync_config": [],
            "type": "Query"
          },
          "sensitive_attributes": [],
          "identity_schema_version": 0,
          "private": "bnVsbA==",
          "dependencies": [
            "aws_appsync_datasource.get_landmark_view_url",
            "aws_appsync_graphql_api.main",
            "aws_cloudfront_distribution.approved_landmarks",
            "aws_cloudfront_origin_access_control.approved_landmarks",
            "aws_cognito_user_pool.main",
            "aws_cognito_user_pool_client.mobile",
            "aws_dynamodb_table.landmarks",
            "aws_dynamodb_table.player_presence",
            "aws_dynamodb_table.shared_cells",
            "aws_dynamodb_table.user_discoveries",
            "aws_iam_role.appsync_lambda",
            "aws_iam_role.lambda_exec",
            "aws_lambda_function.get_landmark_view_url",
            "aws_s3_bucket.approved_landmarks",
            "aws_s3_bucket.discovery_cache",
            "aws_s3_bucket.pending_landmarks",
            "aws_s3_bucket_public_access_block.approved_landmarks",
            "aws_sqs_queue.shared_tile_rebuild",
            "aws_sqs_queue.shared_tile_rebuild_dlq",
            "data.archive_file.lambda_bundle",
            "data.aws_caller_identity.current"
          ]
        }
      ]
    },
    {
      "mode": "managed",
      "type": "aws_appsync_resolver",
      "name": "get_my_discovery_bootstrap",
      "provider": "provider[\"registry.terraform.io/hashicorp/aws\"]",
      "instances": [
        {
          "schema_version": 0,
          "attributes": {
            "api_id": "xuhhcjmpkremxcv2vrzpgxfrlm",
            "arn": "arn:aws:appsync:eu-west-2:010419877195:apis/xuhhcjmpkremxcv2vrzpgxfrlm/types/Query/resolvers/getMyDiscoveryBootstrap",
            "caching_config": [],
            "code": "",
            "data_source": "GetMyDiscoveryBootstrapLambda",
            "field": "getMyDiscoveryBootstrap",
            "id": "xuhhcjmpkremxcv2vrzpgxfrlm-Query-getMyDiscoveryBootstrap",
            "kind": "UNIT",
            "max_batch_size": 0,
            "pipeline_config": [],
            "request_template": "{\n  \"version\": \"2018-05-29\",\n  \"operation\": \"Invoke\",\n  \"payload\": {\n    \"arguments\": $util.toJson($context.arguments),\n    \"identity\": $util.toJson($context.identity),\n    \"source\": $util.toJson($context.source),\n    \"info\": { \"fieldName\": \"$context.info.fieldName\", \"parentTypeName\": \"$context.info.parentTypeName\" }\n  }\n}\n",
            "response_template": "#if($ctx.error)\n  $util.error($ctx.error.message, $ctx.error.type)\n#end\n$util.toJson($ctx.result)\n",
            "runtime": [],
            "sync_config": [],
            "type": "Query"
          },
          "sensitive_attributes": [],
          "identity_schema_version": 0,
          "private": "bnVsbA==",
          "dependencies": [
            "aws_appsync_datasource.get_my_discovery_bootstrap",
            "aws_appsync_graphql_api.main",
            "aws_cloudfront_distribution.approved_landmarks",
            "aws_cloudfront_origin_access_control.approved_landmarks",
            "aws_cognito_user_pool.main",
            "aws_cognito_user_pool_client.mobile",
            "aws_dynamodb_table.landmarks",
            "aws_dynamodb_table.player_presence",
            "aws_dynamodb_table.shared_cells",
            "aws_dynamodb_table.user_discoveries",
            "aws_iam_role.appsync_lambda",
            "aws_iam_role.lambda_exec",
            "aws_lambda_function.get_my_discovery_bootstrap",
            "aws_s3_bucket.approved_landmarks",
            "aws_s3_bucket.discovery_cache",
            "aws_s3_bucket.pending_landmarks",
            "aws_s3_bucket_public_access_block.approved_landmarks",
            "aws_sqs_queue.shared_tile_rebuild",
            "aws_sqs_queue.shared_tile_rebuild_dlq",
            "data.archive_file.lambda_bundle",
            "data.aws_caller_identity.current"
          ]
        }
      ]
    },
    {
      "mode": "managed",
      "type": "aws_appsync_resolver",
      "name": "get_pending_landmark_review_url",
      "provider": "provider[\"registry.terraform.io/hashicorp/aws\"]",
      "instances": [
        {
          "schema_version": 0,
          "attributes": {
            "api_id": "xuhhcjmpkremxcv2vrzpgxfrlm",
            "arn": "arn:aws:appsync:eu-west-2:010419877195:apis/xuhhcjmpkremxcv2vrzpgxfrlm/types/Query/resolvers/getPendingLandmarkReviewUrl",
            "caching_config": [],
            "code": "",
            "data_source": "GetPendingLandmarkReviewUrlLambda",
            "field": "getPendingLandmarkReviewUrl",
            "id": "xuhhcjmpkremxcv2vrzpgxfrlm-Query-getPendingLandmarkReviewUrl",
            "kind": "UNIT",
            "max_batch_size": 0,
            "pipeline_config": [],
            "request_template": "{\n  \"version\": \"2018-05-29\",\n  \"operation\": \"Invoke\",\n  \"payload\": {\n    \"arguments\": $util.toJson($context.arguments),\n    \"identity\": $util.toJson($context.identity),\n    \"source\": $util.toJson($context.source),\n    \"info\": { \"fieldName\": \"$context.info.fieldName\", \"parentTypeName\": \"$context.info.parentTypeName\" }\n  }\n}\n",
            "response_template": "#if($ctx.error)\n  $util.error($ctx.error.message, $ctx.error.type)\n#end\n$util.toJson($ctx.result)\n",
            "runtime": [],
            "sync_config": [],
            "type": "Query"
          },
          "sensitive_attributes": [],
          "identity_schema_version": 0,
          "private": "bnVsbA==",
          "dependencies": [
            "aws_appsync_datasource.get_pending_landmark_review_url",
            "aws_appsync_graphql_api.main",
            "aws_cloudfront_distribution.approved_landmarks",
            "aws_cloudfront_origin_access_control.approved_landmarks",
            "aws_cognito_user_pool.main",
            "aws_cognito_user_pool_client.mobile",
            "aws_dynamodb_table.landmarks",
            "aws_dynamodb_table.player_presence",
            "aws_dynamodb_table.shared_cells",
            "aws_dynamodb_table.user_discoveries",
            "aws_iam_role.appsync_lambda",
            "aws_iam_role.lambda_exec",
            "aws_lambda_function.get_pending_landmark_review_url",
            "aws_s3_bucket.approved_landmarks",
            "aws_s3_bucket.discovery_cache",
            "aws_s3_bucket.pending_landmarks",
            "aws_s3_bucket_public_access_block.approved_landmarks",
            "aws_sqs_queue.shared_tile_rebuild",
            "aws_sqs_queue.shared_tile_rebuild_dlq",
            "data.archive_file.lambda_bundle",
            "data.aws_caller_identity.current"
          ]
        }
      ]
    },
    {
      "mode": "managed",
      "type": "aws_appsync_resolver",
      "name": "get_shared_presence",
      "provider": "provider[\"registry.terraform.io/hashicorp/aws\"]",
      "instances": [
        {
          "schema_version": 0,
          "attributes": {
            "api_id": "xuhhcjmpkremxcv2vrzpgxfrlm",
            "arn": "arn:aws:appsync:eu-west-2:010419877195:apis/xuhhcjmpkremxcv2vrzpgxfrlm/types/Query/resolvers/getSharedPresence",
            "caching_config": [],
            "code": "",
            "data_source": "GetSharedPresenceLambda",
            "field": "getSharedPresence",
            "id": "xuhhcjmpkremxcv2vrzpgxfrlm-Query-getSharedPresence",
            "kind": "UNIT",
            "max_batch_size": 0,
            "pipeline_config": [],
            "request_template": "{\n  \"version\": \"2018-05-29\",\n  \"operation\": \"Invoke\",\n  \"payload\": {\n    \"arguments\": $util.toJson($context.arguments),\n    \"identity\": $util.toJson($context.identity),\n    \"source\": $util.toJson($context.source),\n    \"info\": { \"fieldName\": \"$context.info.fieldName\", \"parentTypeName\": \"$context.info.parentTypeName\" }\n  }\n}\n",
            "response_template": "#if($ctx.error)\n  $util.error($ctx.error.message, $ctx.error.type)\n#end\n$util.toJson($ctx.result)\n",
            "runtime": [],
            "sync_config": [],
            "type": "Query"
          },
          "sensitive_attributes": [],
          "identity_schema_version": 0,
          "private": "bnVsbA==",
          "dependencies": [
            "aws_appsync_datasource.get_shared_presence",
            "aws_appsync_graphql_api.main",
            "aws_cloudfront_distribution.approved_landmarks",
            "aws_cloudfront_origin_access_control.approved_landmarks",
            "aws_cognito_user_pool.main",
            "aws_cognito_user_pool_client.mobile",
            "aws_dynamodb_table.landmarks",
            "aws_dynamodb_table.player_presence",
            "aws_dynamodb_table.shared_cells",
            "aws_dynamodb_table.user_discoveries",
            "aws_iam_role.appsync_lambda",
            "aws_iam_role.lambda_exec",
            "aws_lambda_function.get_shared_presence",
            "aws_s3_bucket.approved_landmarks",
            "aws_s3_bucket.discovery_cache",
            "aws_s3_bucket.pending_landmarks",
            "aws_s3_bucket_public_access_block.approved_landmarks",
            "aws_sqs_queue.shared_tile_rebuild",
            "aws_sqs_queue.shared_tile_rebuild_dlq",
            "data.archive_file.lambda_bundle",
            "data.aws_caller_identity.current"
          ]
        }
      ]
    },
    {
      "mode": "managed",
      "type": "aws_appsync_resolver",
      "name": "get_shared_viewport",
      "provider": "provider[\"registry.terraform.io/hashicorp/aws\"]",
      "instances": [
        {
          "schema_version": 0,
          "attributes": {
            "api_id": "xuhhcjmpkremxcv2vrzpgxfrlm",
            "arn": "arn:aws:appsync:eu-west-2:010419877195:apis/xuhhcjmpkremxcv2vrzpgxfrlm/types/Query/resolvers/getSharedViewport",
            "caching_config": [],
            "code": "",
            "data_source": "GetSharedViewportLambda",
            "field": "getSharedViewport",
            "id": "xuhhcjmpkremxcv2vrzpgxfrlm-Query-getSharedViewport",
            "kind": "UNIT",
            "max_batch_size": 0,
            "pipeline_config": [],
            "request_template": "{\n  \"version\": \"2018-05-29\",\n  \"operation\": \"Invoke\",\n  \"payload\": {\n    \"arguments\": $util.toJson($context.arguments),\n    \"identity\": $util.toJson($context.identity),\n    \"source\": $util.toJson($context.source),\n    \"info\": { \"fieldName\": \"$context.info.fieldName\", \"parentTypeName\": \"$context.info.parentTypeName\" }\n  }\n}\n",
            "response_template": "#if($ctx.error)\n  $util.error($ctx.error.message, $ctx.error.type)\n#end\n$util.toJson($ctx.result)\n",
            "runtime": [],
            "sync_config": [],
            "type": "Query"
          },
          "sensitive_attributes": [],
          "identity_schema_version": 0,
          "private": "bnVsbA==",
          "dependencies": [
            "aws_appsync_datasource.get_shared_viewport",
            "aws_appsync_graphql_api.main",
            "aws_cloudfront_distribution.approved_landmarks",
            "aws_cloudfront_origin_access_control.approved_landmarks",
            "aws_cognito_user_pool.main",
            "aws_cognito_user_pool_client.mobile",
            "aws_dynamodb_table.landmarks",
            "aws_dynamodb_table.player_presence",
            "aws_dynamodb_table.shared_cells",
            "aws_dynamodb_table.user_discoveries",
            "aws_iam_role.appsync_lambda",
            "aws_iam_role.lambda_exec",
            "aws_lambda_function.get_shared_viewport",
            "aws_s3_bucket.approved_landmarks",
            "aws_s3_bucket.discovery_cache",
            "aws_s3_bucket.pending_landmarks",
            "aws_s3_bucket_public_access_block.approved_landmarks",
            "aws_sqs_queue.shared_tile_rebuild",
            "aws_sqs_queue.shared_tile_rebuild_dlq",
            "data.archive_file.lambda_bundle",
            "data.aws_caller_identity.current"
          ]
        }
      ]
    },
    {
      "mode": "managed",
      "type": "aws_appsync_resolver",
      "name": "list_pending_landmarks",
      "provider": "provider[\"registry.terraform.io/hashicorp/aws\"]",
      "instances": [
        {
          "schema_version": 0,
          "attributes": {
            "api_id": "xuhhcjmpkremxcv2vrzpgxfrlm",
            "arn": "arn:aws:appsync:eu-west-2:010419877195:apis/xuhhcjmpkremxcv2vrzpgxfrlm/types/Query/resolvers/listPendingLandmarks",
            "caching_config": [],
            "code": "",
            "data_source": "ListPendingLandmarksLambda",
            "field": "listPendingLandmarks",
            "id": "xuhhcjmpkremxcv2vrzpgxfrlm-Query-listPendingLandmarks",
            "kind": "UNIT",
            "max_batch_size": 0,
            "pipeline_config": [],
            "request_template": "{\n  \"version\": \"2018-05-29\",\n  \"operation\": \"Invoke\",\n  \"payload\": {\n    \"arguments\": $util.toJson($context.arguments),\n    \"identity\": $util.toJson($context.identity),\n    \"source\": $util.toJson($context.source),\n    \"info\": { \"fieldName\": \"$context.info.fieldName\", \"parentTypeName\": \"$context.info.parentTypeName\" }\n  }\n}\n",
            "response_template": "#if($ctx.error)\n  $util.error($ctx.error.message, $ctx.error.type)\n#end\n$util.toJson($ctx.result)\n",
            "runtime": [],
            "sync_config": [],
            "type": "Query"
          },
          "sensitive_attributes": [],
          "identity_schema_version": 0,
          "private": "bnVsbA==",
          "dependencies": [
            "aws_appsync_datasource.list_pending_landmarks",
            "aws_appsync_graphql_api.main",
            "aws_cloudfront_distribution.approved_landmarks",
            "aws_cloudfront_origin_access_control.approved_landmarks",
            "aws_cognito_user_pool.main",
            "aws_cognito_user_pool_client.mobile",
            "aws_dynamodb_table.landmarks",
            "aws_dynamodb_table.player_presence",
            "aws_dynamodb_table.shared_cells",
            "aws_dynamodb_table.user_discoveries",
            "aws_iam_role.appsync_lambda",
            "aws_iam_role.lambda_exec",
            "aws_lambda_function.list_pending_landmarks",
            "aws_s3_bucket.approved_landmarks",
            "aws_s3_bucket.discovery_cache",
            "aws_s3_bucket.pending_landmarks",
            "aws_s3_bucket_public_access_block.approved_landmarks",
            "aws_sqs_queue.shared_tile_rebuild",
            "aws_sqs_queue.shared_tile_rebuild_dlq",
            "data.archive_file.lambda_bundle",
            "data.aws_caller_identity.current"
          ]
        }
      ]
    },
    {
      "mode": "managed",
      "type": "aws_appsync_resolver",
      "name": "moderate_landmark",
      "provider": "provider[\"registry.terraform.io/hashicorp/aws\"]",
      "instances": [
        {
          "schema_version": 0,
          "attributes": {
            "api_id": "xuhhcjmpkremxcv2vrzpgxfrlm",
            "arn": "arn:aws:appsync:eu-west-2:010419877195:apis/xuhhcjmpkremxcv2vrzpgxfrlm/types/Mutation/resolvers/moderateLandmark",
            "caching_config": [],
            "code": "",
            "data_source": "ModerateLandmarkLambda",
            "field": "moderateLandmark",
            "id": "xuhhcjmpkremxcv2vrzpgxfrlm-Mutation-moderateLandmark",
            "kind": "UNIT",
            "max_batch_size": 0,
            "pipeline_config": [],
            "request_template": "{\n  \"version\": \"2018-05-29\",\n  \"operation\": \"Invoke\",\n  \"payload\": {\n    \"arguments\": $util.toJson($context.arguments),\n    \"identity\": $util.toJson($context.identity),\n    \"source\": $util.toJson($context.source),\n    \"info\": { \"fieldName\": \"$context.info.fieldName\", \"parentTypeName\": \"$context.info.parentTypeName\" }\n  }\n}\n",
            "response_template": "#if($ctx.error)\n  $util.error($ctx.error.message, $ctx.error.type)\n#end\n$util.toJson($ctx.result)\n",
            "runtime": [],
            "sync_config": [],
            "type": "Mutation"
          },
          "sensitive_attributes": [],
          "identity_schema_version": 0,
          "private": "bnVsbA==",
          "dependencies": [
            "aws_appsync_datasource.moderate_landmark",
            "aws_appsync_graphql_api.main",
            "aws_cloudfront_distribution.approved_landmarks",
            "aws_cloudfront_origin_access_control.approved_landmarks",
            "aws_cognito_user_pool.main",
            "aws_cognito_user_pool_client.mobile",
            "aws_dynamodb_table.landmarks",
            "aws_dynamodb_table.player_presence",
            "aws_dynamodb_table.shared_cells",
            "aws_dynamodb_table.user_discoveries",
            "aws_iam_role.appsync_lambda",
            "aws_iam_role.lambda_exec",
            "aws_lambda_function.moderate_landmark",
            "aws_s3_bucket.approved_landmarks",
            "aws_s3_bucket.discovery_cache",
            "aws_s3_bucket.pending_landmarks",
            "aws_s3_bucket_public_access_block.approved_landmarks",
            "aws_sqs_queue.shared_tile_rebuild",
            "aws_sqs_queue.shared_tile_rebuild_dlq",
            "data.archive_file.lambda_bundle",
            "data.aws_caller_identity.current"
          ]
        }
      ]
    },
    {
      "mode": "managed",
      "type": "aws_appsync_resolver",
      "name": "sync_discoveries",
      "provider": "provider[\"registry.terraform.io/hashicorp/aws\"]",
      "instances": [
        {
          "schema_version": 0,
          "attributes": {
            "api_id": "xuhhcjmpkremxcv2vrzpgxfrlm",
            "arn": "arn:aws:appsync:eu-west-2:010419877195:apis/xuhhcjmpkremxcv2vrzpgxfrlm/types/Mutation/resolvers/syncDiscoveries",
            "caching_config": [],
            "code": "",
            "data_source": "SyncDiscoveriesLambda",
            "field": "syncDiscoveries",
            "id": "xuhhcjmpkremxcv2vrzpgxfrlm-Mutation-syncDiscoveries",
            "kind": "UNIT",
            "max_batch_size": 0,
            "pipeline_config": [],
            "request_template": "{\n  \"version\": \"2018-05-29\",\n  \"operation\": \"Invoke\",\n  \"payload\": {\n    \"arguments\": $util.toJson($context.arguments),\n    \"identity\": $util.toJson($context.identity),\n    \"source\": $util.toJson($context.source),\n    \"info\": { \"fieldName\": \"$context.info.fieldName\", \"parentTypeName\": \"$context.info.parentTypeName\" }\n  }\n}\n",
            "response_template": "#if($ctx.error)\n  $util.error($ctx.error.message, $ctx.error.type)\n#end\n$util.toJson($ctx.result)\n",
            "runtime": [],
            "sync_config": [],
            "type": "Mutation"
          },
          "sensitive_attributes": [],
          "identity_schema_version": 0,
          "private": "bnVsbA==",
          "dependencies": [
            "aws_appsync_datasource.sync_discoveries",
            "aws_appsync_graphql_api.main",
            "aws_cloudfront_distribution.approved_landmarks",
            "aws_cloudfront_origin_access_control.approved_landmarks",
            "aws_cognito_user_pool.main",
            "aws_cognito_user_pool_client.mobile",
            "aws_dynamodb_table.landmarks",
            "aws_dynamodb_table.player_presence",
            "aws_dynamodb_table.shared_cells",
            "aws_dynamodb_table.user_discoveries",
            "aws_iam_role.appsync_lambda",
            "aws_iam_role.lambda_exec",
            "aws_lambda_function.sync_discoveries",
            "aws_s3_bucket.approved_landmarks",
            "aws_s3_bucket.discovery_cache",
            "aws_s3_bucket.pending_landmarks",
            "aws_s3_bucket_public_access_block.approved_landmarks",
            "aws_sqs_queue.shared_tile_rebuild",
            "aws_sqs_queue.shared_tile_rebuild_dlq",
            "data.archive_file.lambda_bundle",
            "data.aws_caller_identity.current"
          ]
        }
      ]
    },
    {
      "mode": "managed",
      "type": "aws_cloudfront_distribution",
      "name": "approved_landmarks",
      "provider": "provider[\"registry.terraform.io/hashicorp/aws\"]",
      "instances": [
        {
          "schema_version": 1,
          "attributes": {
            "aliases": [],
            "arn": "arn:aws:cloudfront::010419877195:distribution/E8RRVMLKEMZ7R",
            "caller_reference": "terraform-20260309151817326300000002",
            "comment": "World Of Fog approved landmark delivery",
            "continuous_deployment_policy_id": "",
            "custom_error_response": [],
            "default_cache_behavior": [
              {
                "allowed_methods": [
                  "GET",
                  "HEAD",
                  "OPTIONS"
                ],
                "cache_policy_id": "",
                "cached_methods": [
                  "GET",
                  "HEAD"
                ],
                "compress": true,
                "default_ttl": 0,
                "field_level_encryption_id": "",
                "forwarded_values": [
                  {
                    "cookies": [
                      {
                        "forward": "none",
                        "whitelisted_names": []
                      }
                    ],
                    "headers": [],
                    "query_string": false,
                    "query_string_cache_keys": []
                  }
                ],
                "function_association": [],
                "grpc_config": [
                  {
                    "enabled": false
                  }
                ],
                "lambda_function_association": [],
                "max_ttl": 0,
                "min_ttl": 0,
                "origin_request_policy_id": "",
                "realtime_log_config_arn": "",
                "response_headers_policy_id": "",
                "smooth_streaming": false,
                "target_origin_id": "approved-landmarks-s3-origin",
                "trusted_key_groups": [],
                "trusted_signers": [],
                "viewer_protocol_policy": "redirect-to-https"
              }
            ],
            "default_root_object": "",
            "domain_name": "d2op1xtsiy6g50.cloudfront.net",
            "enabled": true,
            "etag": "E1VC38T7YXB528",
            "hosted_zone_id": "Z2FDTNDATAQYW2",
            "http_version": "http2and3",
            "id": "E8RRVMLKEMZ7R",
            "in_progress_validation_batches": 0,
            "is_ipv6_enabled": true,
            "last_modified_time": "2026-03-12 12:17:21.494 +0000 UTC",
            "logging_config": [],
            "ordered_cache_behavior": [],
            "origin": [
              {
                "connection_attempts": 3,
                "connection_timeout": 10,
                "custom_header": [],
                "custom_origin_config": [],
                "domain_name": "world-of-fog-prod-010419877195-eu-west-2-approved.s3.eu-west-2.amazonaws.com",
                "origin_access_control_id": "E232S4HWJQU9B2",
                "origin_id": "approved-landmarks-s3-origin",
                "origin_path": "",
                "origin_shield": [],
                "s3_origin_config": [],
                "vpc_origin_config": []
              }
            ],
            "origin_group": [],
            "price_class": "PriceClass_All",
            "restrictions": [
              {
                "geo_restriction": [
                  {
                    "locations": [],
                    "restriction_type": "none"
                  }
                ]
              }
            ],
            "retain_on_delete": false,
            "staging": false,
            "status": "Deployed",
            "tags": {},
            "tags_all": {},
            "trusted_key_groups": [
              {
                "enabled": false,
                "items": []
              }
            ],
            "trusted_signers": [
              {
                "enabled": false,
                "items": []
              }
            ],
            "viewer_certificate": [
              {
                "acm_certificate_arn": "",
                "cloudfront_default_certificate": true,
                "iam_certificate_id": "",
                "minimum_protocol_version": "TLSv1",
                "ssl_support_method": ""
              }
            ],
            "wait_for_deployment": true,
            "web_acl_id": ""
          },
          "sensitive_attributes": [],
          "identity_schema_version": 0,
          "private": "eyJzY2hlbWFfdmVyc2lvbiI6IjEifQ==",
          "dependencies": [
            "aws_cloudfront_origin_access_control.approved_landmarks",
            "aws_s3_bucket.approved_landmarks",
            "aws_s3_bucket_public_access_block.approved_landmarks",
            "data.aws_caller_identity.current"
          ]
        }
      ]
    },
    {
      "mode": "managed",
      "type": "aws_cloudfront_distribution",
      "name": "shared_tiles",
      "provider": "provider[\"registry.terraform.io/hashicorp/aws\"]",
      "instances": [
        {
          "schema_version": 1,
          "attributes": {
            "aliases": [],
            "arn": "arn:aws:cloudfront::010419877195:distribution/E27796FPW88I1O",
            "caller_reference": "terraform-20260312073617797100000002",
            "comment": "World Of Fog shared tile delivery",
            "continuous_deployment_policy_id": "",
            "custom_error_response": [],
            "default_cache_behavior": [
              {
                "allowed_methods": [
                  "GET",
                  "HEAD",
                  "OPTIONS"
                ],
                "cache_policy_id": "",
                "cached_methods": [
                  "GET",
                  "HEAD"
                ],
                "compress": true,
                "default_ttl": 0,
                "field_level_encryption_id": "",
                "forwarded_values": [
                  {
                    "cookies": [
                      {
                        "forward": "none",
                        "whitelisted_names": []
                      }
                    ],
                    "headers": [],
                    "query_string": false,
                    "query_string_cache_keys": []
                  }
                ],
                "function_association": [],
                "grpc_config": [
                  {
                    "enabled": false
                  }
                ],
                "lambda_function_association": [],
                "max_ttl": 0,
                "min_ttl": 0,
                "origin_request_policy_id": "",
                "realtime_log_config_arn": "",
                "response_headers_policy_id": "",
                "smooth_streaming": false,
                "target_origin_id": "shared-tiles-s3-origin",
                "trusted_key_groups": [],
                "trusted_signers": [],
                "viewer_protocol_policy": "redirect-to-https"
              }
            ],
            "default_root_object": "",
            "domain_name": "d2jmlw6i9yl338.cloudfront.net",
            "enabled": true,
            "etag": "E1PA6795UKMFR9",
            "hosted_zone_id": "Z2FDTNDATAQYW2",
            "http_version": "http2and3",
            "id": "E27796FPW88I1O",
            "in_progress_validation_batches": 0,
            "is_ipv6_enabled": true,
            "last_modified_time": "2026-03-12 12:17:21.509 +0000 UTC",
            "logging_config": [],
            "ordered_cache_behavior": [],
            "origin": [
              {
                "connection_attempts": 3,
                "connection_timeout": 10,
                "custom_header": [],
                "custom_origin_config": [],
                "domain_name": "world-of-fog-prod-010419877195-eu-west-2-discovery-cache.s3.eu-west-2.amazonaws.com",
                "origin_access_control_id": "E2VYKM2B79OCVW",
                "origin_id": "shared-tiles-s3-origin",
                "origin_path": "",
                "origin_shield": [],
                "s3_origin_config": [],
                "vpc_origin_config": []
              }
            ],
            "origin_group": [],
            "price_class": "PriceClass_All",
            "restrictions": [
              {
                "geo_restriction": [
                  {
                    "locations": [],
                    "restriction_type": "none"
                  }
                ]
              }
            ],
            "retain_on_delete": false,
            "staging": false,
            "status": "Deployed",
            "tags": {},
            "tags_all": {},
            "trusted_key_groups": [
              {
                "enabled": false,
                "items": []
              }
            ],
            "trusted_signers": [
              {
                "enabled": false,
                "items": []
              }
            ],
            "viewer_certificate": [
              {
                "acm_certificate_arn": "",
                "cloudfront_default_certificate": true,
                "iam_certificate_id": "",
                "minimum_protocol_version": "TLSv1",
                "ssl_support_method": ""
              }
            ],
            "wait_for_deployment": true,
            "web_acl_id": ""
          },
          "sensitive_attributes": [],
          "identity_schema_version": 0,
          "private": "eyJzY2hlbWFfdmVyc2lvbiI6IjEifQ==",
          "dependencies": [
            "aws_cloudfront_origin_access_control.shared_tiles",
            "aws_s3_bucket.discovery_cache",
            "aws_s3_bucket_public_access_block.discovery_cache",
            "data.aws_caller_identity.current"
          ]
        }
      ]
    },
    {
      "mode": "managed",
      "type": "aws_cloudfront_origin_access_control",
      "name": "approved_landmarks",
      "provider": "provider[\"registry.terraform.io/hashicorp/aws\"]",
      "instances": [
        {
          "schema_version": 0,
          "attributes": {
            "arn": "arn:aws:cloudfront::010419877195:origin-access-control/E232S4HWJQU9B2",
            "description": "Managed by Terraform",
            "etag": "ETVPDKIKX0DER",
            "id": "E232S4HWJQU9B2",
            "name": "world-of-fog-prod-approved-oac",
            "origin_access_control_origin_type": "s3",
            "signing_behavior": "always",
            "signing_protocol": "sigv4"
          },
          "sensitive_attributes": [],
          "identity_schema_version": 0,
          "private": "bnVsbA=="
        }
      ]
    },
    {
      "mode": "managed",
      "type": "aws_cloudfront_origin_access_control",
      "name": "shared_tiles",
      "provider": "provider[\"registry.terraform.io/hashicorp/aws\"]",
      "instances": [
        {
          "schema_version": 0,
          "attributes": {
            "arn": "arn:aws:cloudfront::010419877195:origin-access-control/E2VYKM2B79OCVW",
            "description": "Managed by Terraform",
            "etag": "ETVPDKIKX0DER",
            "id": "E2VYKM2B79OCVW",
            "name": "world-of-fog-prod-shared-tiles-oac",
            "origin_access_control_origin_type": "s3",
            "signing_behavior": "always",
            "signing_protocol": "sigv4"
          },
          "sensitive_attributes": [],
          "identity_schema_version": 0,
          "private": "bnVsbA=="
        }
      ]
    },
    {
      "mode": "managed",
      "type": "aws_cognito_user_group",
      "name": "admin",
      "provider": "provider[\"registry.terraform.io/hashicorp/aws\"]",
      "instances": [
        {
          "schema_version": 0,
          "attributes": {
            "description": "Can review pending landmarks and approve/reject them.",
            "id": "eu-west-2_ORdu8sqG1/admin",
            "name": "admin",
            "precedence": 1,
            "role_arn": "",
            "user_pool_id": "eu-west-2_ORdu8sqG1"
          },
          "sensitive_attributes": [],
          "identity_schema_version": 0,
          "private": "bnVsbA==",
          "dependencies": [
            "aws_cognito_user_pool.main"
          ]
        }
      ]
    },
    {
      "mode": "managed",
      "type": "aws_cognito_user_group",
      "name": "moderator",
      "provider": "provider[\"registry.terraform.io/hashicorp/aws\"]",
      "instances": [
        {
          "schema_version": 0,
          "attributes": {
            "description": "Can review pending landmarks and approve/reject them.",
            "id": "eu-west-2_ORdu8sqG1/moderator",
            "name": "moderator",
            "precedence": 5,
            "role_arn": "",
            "user_pool_id": "eu-west-2_ORdu8sqG1"
          },
          "sensitive_attributes": [],
          "identity_schema_version": 0,
          "private": "bnVsbA==",
          "dependencies": [
            "aws_cognito_user_pool.main"
          ]
        }
      ]
    },
    {
      "mode": "managed",
      "type": "aws_cognito_user_group",
      "name": "user",
      "provider": "provider[\"registry.terraform.io/hashicorp/aws\"]",
      "instances": [
        {
          "schema_version": 0,
          "attributes": {
            "description": "Regular players.",
            "id": "eu-west-2_ORdu8sqG1/user",
            "name": "user",
            "precedence": 10,
            "role_arn": "",
            "user_pool_id": "eu-west-2_ORdu8sqG1"
          },
          "sensitive_attributes": [],
          "identity_schema_version": 0,
          "private": "bnVsbA==",
          "dependencies": [
            "aws_cognito_user_pool.main"
          ]
        }
      ]
    },
    {
      "mode": "managed",
      "type": "aws_cognito_user_pool",
      "name": "main",
      "provider": "provider[\"registry.terraform.io/hashicorp/aws\"]",
      "instances": [
        {
          "schema_version": 0,
          "attributes": {
            "account_recovery_setting": [
              {
                "recovery_mechanism": [
                  {
                    "name": "verified_email",
                    "priority": 1
                  },
                  {
                    "name": "verified_phone_number",
                    "priority": 2
                  }
                ]
              }
            ],
            "admin_create_user_config": [
              {
                "allow_admin_create_user_only": false,
                "invite_message_template": []
              }
            ],
            "alias_attributes": null,
            "arn": "arn:aws:cognito-idp:eu-west-2:010419877195:userpool/eu-west-2_ORdu8sqG1",
            "auto_verified_attributes": [
              "email"
            ],
            "creation_date": "2026-03-09T15:18:16Z",
            "custom_domain": "",
            "deletion_protection": "INACTIVE",
            "device_configuration": [],
            "domain": "",
            "email_configuration": [
              {
                "configuration_set": "",
                "email_sending_account": "COGNITO_DEFAULT",
                "from_email_address": "",
                "reply_to_email_address": "",
                "source_arn": ""
              }
            ],
            "email_mfa_configuration": [],
            "email_verification_message": "",
            "email_verification_subject": "",
            "endpoint": "cognito-idp.eu-west-2.amazonaws.com/eu-west-2_ORdu8sqG1",
            "estimated_number_of_users": 4,
            "id": "eu-west-2_ORdu8sqG1",
            "lambda_config": [],
            "last_modified_date": "2026-03-09T21:54:58Z",
            "mfa_configuration": "OFF",
            "name": "world-of-fog-prod-user-pool",
            "password_policy": [
              {
                "minimum_length": 6,
                "password_history_size": 0,
                "require_lowercase": false,
                "require_numbers": false,
                "require_symbols": false,
                "require_uppercase": false,
                "temporary_password_validity_days": 7
              }
            ],
            "schema": [
              {
                "attribute_data_type": "String",
                "developer_only_attribute": false,
                "mutable": true,
                "name": "display_name",
                "number_attribute_constraints": [],
                "required": false,
                "string_attribute_constraints": [
                  {
                    "max_length": "80",
                    "min_length": "1"
                  }
                ]
              },
              {
                "attribute_data_type": "String",
                "developer_only_attribute": false,
                "mutable": true,
                "name": "display_name_locked",
                "number_attribute_constraints": [],
                "required": false,
                "string_attribute_constraints": [
                  {
                    "max_length": "5",
                    "min_length": "0"
                  }
                ]
              },
              {
                "attribute_data_type": "String",
                "developer_only_attribute": false,
                "mutable": true,
                "name": "profile_icon",
                "number_attribute_constraints": [],
                "required": false,
                "string_attribute_constraints": [
                  {
                    "max_length": "8",
                    "min_length": "1"
                  }
                ]
              },
              {
                "attribute_data_type": "String",
                "developer_only_attribute": false,
                "mutable": true,
                "name": "profile_icon_locked",
                "number_attribute_constraints": [],
                "required": false,
                "string_attribute_constraints": [
                  {
                    "max_length": "5",
                    "min_length": "0"
                  }
                ]
              }
            ],
            "sign_in_policy": [
              {
                "allowed_first_auth_factors": [
                  "PASSWORD"
                ]
              }
            ],
            "sms_authentication_message": "",
            "sms_configuration": [],
            "sms_verification_message": "",
            "software_token_mfa_configuration": [],
            "tags": {
              "Environment": "prod",
              "ManagedBy": "terraform",
              "Project": "world-of-fog"
            },
            "tags_all": {
              "Environment": "prod",
              "ManagedBy": "terraform",
              "Project": "world-of-fog"
            },
            "user_attribute_update_settings": [],
            "user_pool_add_ons": [
              {
                "advanced_security_additional_flows": [
                  {
                    "custom_auth_mode": "AUDIT"
                  }
                ],
                "advanced_security_mode": "AUDIT"
              }
            ],
            "user_pool_tier": "PLUS",
            "username_attributes": [
              "email"
            ],
            "username_configuration": [],
            "verification_message_template": [
              {
                "default_email_option": "CONFIRM_WITH_CODE",
                "email_message": "",
                "email_message_by_link": "",
                "email_subject": "",
                "email_subject_by_link": "",
                "sms_message": ""
              }
            ],
            "web_authn_configuration": []
          },
          "sensitive_attributes": [],
          "identity_schema_version": 0,
          "private": "bnVsbA=="
        }
      ]
    },
    {
      "mode": "managed",
      "type": "aws_cognito_user_pool_client",
      "name": "mobile",
      "provider": "provider[\"registry.terraform.io/hashicorp/aws\"]",
      "instances": [
        {
          "schema_version": 0,
          "attributes": {
            "access_token_validity": 60,
            "allowed_oauth_flows": [],
            "allowed_oauth_flows_user_pool_client": false,
            "allowed_oauth_scopes": [],
            "analytics_configuration": [],
            "auth_session_validity": 3,
            "callback_urls": [],
            "client_secret": "",
            "default_redirect_uri": "",
            "enable_propagate_additional_user_context_data": false,
            "enable_token_revocation": true,
            "explicit_auth_flows": [
              "ALLOW_REFRESH_TOKEN_AUTH",
              "ALLOW_USER_PASSWORD_AUTH",
              "ALLOW_USER_SRP_AUTH"
            ],
            "generate_secret": false,
            "id": "579drfqkb4uueotbod29qq7cs7",
            "id_token_validity": 60,
            "logout_urls": [],
            "name": "world-of-fog-prod-mobile-client",
            "prevent_user_existence_errors": "ENABLED",
            "read_attributes": [],
            "refresh_token_rotation": [],
            "refresh_token_validity": 30,
            "supported_identity_providers": [
              "COGNITO"
            ],
            "token_validity_units": [
              {
                "access_token": "minutes",
                "id_token": "minutes",
                "refresh_token": "days"
              }
            ],
            "user_pool_id": "eu-west-2_ORdu8sqG1",
            "write_attributes": []
          },
          "sensitive_attributes": [
            [
              {
                "type": "get_attr",
                "value": "client_secret"
              }
            ]
          ],
          "identity_schema_version": 0,
          "dependencies": [
            "aws_cognito_user_pool.main"
          ]
        }
      ]
    },
    {
      "mode": "managed",
      "type": "aws_dynamodb_table",
      "name": "landmarks",
      "provider": "provider[\"registry.terraform.io/hashicorp/aws\"]",
      "instances": [
        {
          "schema_version": 1,
          "attributes": {
            "arn": "arn:aws:dynamodb:eu-west-2:010419877195:table/world-of-fog-prod-landmarks",
            "attribute": [
              {
                "name": "gsi1pk",
                "type": "S"
              },
              {
                "name": "gsi1sk",
                "type": "S"
              },
              {
                "name": "gsi2pk",
                "type": "S"
              },
              {
                "name": "gsi2sk",
                "type": "S"
              },
              {
                "name": "gsi3pk",
                "type": "S"
              },
              {
                "name": "gsi3sk",
                "type": "S"
              },
              {
                "name": "pk",
                "type": "S"
              },
              {
                "name": "sk",
                "type": "S"
              }
            ],
            "billing_mode": "PAY_PER_REQUEST",
            "deletion_protection_enabled": false,
            "global_secondary_index": [
              {
                "hash_key": "gsi1pk",
                "name": "gsi1",
                "non_key_attributes": [],
                "on_demand_throughput": [],
                "projection_type": "ALL",
                "range_key": "gsi1sk",
                "read_capacity": 0,
                "write_capacity": 0
              },
              {
                "hash_key": "gsi2pk",
                "name": "gsi2",
                "non_key_attributes": [],
                "on_demand_throughput": [],
                "projection_type": "ALL",
                "range_key": "gsi2sk",
                "read_capacity": 0,
                "write_capacity": 0
              },
              {
                "hash_key": "gsi3pk",
                "name": "gsi3",
                "non_key_attributes": [],
                "on_demand_throughput": [],
                "projection_type": "ALL",
                "range_key": "gsi3sk",
                "read_capacity": 0,
                "write_capacity": 0
              }
            ],
            "hash_key": "pk",
            "id": "world-of-fog-prod-landmarks",
            "import_table": [],
            "local_secondary_index": [],
            "name": "world-of-fog-prod-landmarks",
            "on_demand_throughput": [],
            "point_in_time_recovery": [
              {
                "enabled": true,
                "recovery_period_in_days": 35
              }
            ],
            "range_key": "sk",
            "read_capacity": 0,
            "replica": [],
            "restore_date_time": null,
            "restore_source_name": null,
            "restore_source_table_arn": null,
            "restore_to_latest_time": null,
            "server_side_encryption": [
              {
                "enabled": true,
                "kms_key_arn": ""
              }
            ],
            "stream_arn": "",
            "stream_enabled": false,
            "stream_label": "",
            "stream_view_type": "",
            "table_class": "STANDARD",
            "tags": {
              "Environment": "prod",
              "ManagedBy": "terraform",
              "Project": "world-of-fog"
            },
            "tags_all": {
              "Environment": "prod",
              "ManagedBy": "terraform",
              "Project": "world-of-fog"
            },
            "timeouts": null,
            "ttl": [
              {
                "attribute_name": "",
                "enabled": false
              }
            ],
            "write_capacity": 0
          },
          "sensitive_attributes": [],
          "identity_schema_version": 0,
          "private": "eyJlMmJmYjczMC1lY2FhLTExZTYtOGY4OC0zNDM2M2JjN2M0YzAiOnsiY3JlYXRlIjoxODAwMDAwMDAwMDAwLCJkZWxldGUiOjYwMDAwMDAwMDAwMCwidXBkYXRlIjozNjAwMDAwMDAwMDAwfSwic2NoZW1hX3ZlcnNpb24iOiIxIn0="
        }
      ]
    },
    {
      "mode": "managed",
      "type": "aws_dynamodb_table",
      "name": "player_presence",
      "provider": "provider[\"registry.terraform.io/hashicorp/aws\"]",
      "instances": [
        {
          "schema_version": 1,
          "attributes": {
            "arn": "arn:aws:dynamodb:eu-west-2:010419877195:table/world-of-fog-prod-player-presence",
            "attribute": [
              {
                "name": "pk",
                "type": "S"
              },
              {
                "name": "sk",
                "type": "S"
              }
            ],
            "billing_mode": "PAY_PER_REQUEST",
            "deletion_protection_enabled": false,
            "global_secondary_index": [],
            "hash_key": "pk",
            "id": "world-of-fog-prod-player-presence",
            "import_table": [],
            "local_secondary_index": [],
            "name": "world-of-fog-prod-player-presence",
            "on_demand_throughput": [],
            "point_in_time_recovery": [
              {
                "enabled": true,
                "recovery_period_in_days": 35
              }
            ],
            "range_key": "sk",
            "read_capacity": 0,
            "replica": [],
            "restore_date_time": null,
            "restore_source_name": null,
            "restore_source_table_arn": null,
            "restore_to_latest_time": null,
            "server_side_encryption": [
              {
                "enabled": true,
                "kms_key_arn": ""
              }
            ],
            "stream_arn": "",
            "stream_enabled": false,
            "stream_label": "",
            "stream_view_type": "",
            "table_class": "STANDARD",
            "tags": {
              "Environment": "prod",
              "ManagedBy": "terraform",
              "Project": "world-of-fog"
            },
            "tags_all": {
              "Environment": "prod",
              "ManagedBy": "terraform",
              "Project": "world-of-fog"
            },
            "timeouts": null,
            "ttl": [
              {
                "attribute_name": "ttl",
                "enabled": true
              }
            ],
            "write_capacity": 0
          },
          "sensitive_attributes": [],
          "identity_schema_version": 0,
          "private": "eyJlMmJmYjczMC1lY2FhLTExZTYtOGY4OC0zNDM2M2JjN2M0YzAiOnsiY3JlYXRlIjoxODAwMDAwMDAwMDAwLCJkZWxldGUiOjYwMDAwMDAwMDAwMCwidXBkYXRlIjozNjAwMDAwMDAwMDAwfSwic2NoZW1hX3ZlcnNpb24iOiIxIn0="
        }
      ]
    },
    {
      "mode": "managed",
      "type": "aws_dynamodb_table",
      "name": "shared_cells",
      "provider": "provider[\"registry.terraform.io/hashicorp/aws\"]",
      "instances": [
        {
          "schema_version": 1,
          "attributes": {
            "arn": "arn:aws:dynamodb:eu-west-2:010419877195:table/world-of-fog-prod-shared-cells",
            "attribute": [
              {
                "name": "pk",
                "type": "S"
              },
              {
                "name": "sk",
                "type": "S"
              }
            ],
            "billing_mode": "PAY_PER_REQUEST",
            "deletion_protection_enabled": false,
            "global_secondary_index": [],
            "hash_key": "pk",
            "id": "world-of-fog-prod-shared-cells",
            "import_table": [],
            "local_secondary_index": [],
            "name": "world-of-fog-prod-shared-cells",
            "on_demand_throughput": [],
            "point_in_time_recovery": [
              {
                "enabled": true,
                "recovery_period_in_days": 35
              }
            ],
            "range_key": "sk",
            "read_capacity": 0,
            "replica": [],
            "restore_date_time": null,
            "restore_source_name": null,
            "restore_source_table_arn": null,
            "restore_to_latest_time": null,
            "server_side_encryption": [
              {
                "enabled": true,
                "kms_key_arn": ""
              }
            ],
            "stream_arn": "",
            "stream_enabled": false,
            "stream_label": "",
            "stream_view_type": "",
            "table_class": "STANDARD",
            "tags": {
              "Environment": "prod",
              "ManagedBy": "terraform",
              "Project": "world-of-fog"
            },
            "tags_all": {
              "Environment": "prod",
              "ManagedBy": "terraform",
              "Project": "world-of-fog"
            },
            "timeouts": null,
            "ttl": [
              {
                "attribute_name": "",
                "enabled": false
              }
            ],
            "write_capacity": 0
          },
          "sensitive_attributes": [],
          "identity_schema_version": 0,
          "private": "eyJlMmJmYjczMC1lY2FhLTExZTYtOGY4OC0zNDM2M2JjN2M0YzAiOnsiY3JlYXRlIjoxODAwMDAwMDAwMDAwLCJkZWxldGUiOjYwMDAwMDAwMDAwMCwidXBkYXRlIjozNjAwMDAwMDAwMDAwfSwic2NoZW1hX3ZlcnNpb24iOiIxIn0="
        }
      ]
    },
    {
      "mode": "managed",
      "type": "aws_dynamodb_table",
      "name": "user_discoveries",
      "provider": "provider[\"registry.terraform.io/hashicorp/aws\"]",
      "instances": [
        {
          "schema_version": 1,
          "attributes": {
            "arn": "arn:aws:dynamodb:eu-west-2:010419877195:table/world-of-fog-prod-user-discoveries",
            "attribute": [
              {
                "name": "pk",
                "type": "S"
              },
              {
                "name": "sk",
                "type": "S"
              }
            ],
            "billing_mode": "PAY_PER_REQUEST",
            "deletion_protection_enabled": false,
            "global_secondary_index": [],
            "hash_key": "pk",
            "id": "world-of-fog-prod-user-discoveries",
            "import_table": [],
            "local_secondary_index": [],
            "name": "world-of-fog-prod-user-discoveries",
            "on_demand_throughput": [],
            "point_in_time_recovery": [
              {
                "enabled": true,
                "recovery_period_in_days": 35
              }
            ],
            "range_key": "sk",
            "read_capacity": 0,
            "replica": [],
            "restore_date_time": null,
            "restore_source_name": null,
            "restore_source_table_arn": null,
            "restore_to_latest_time": null,
            "server_side_encryption": [
              {
                "enabled": true,
                "kms_key_arn": ""
              }
            ],
            "stream_arn": "",
            "stream_enabled": false,
            "stream_label": "",
            "stream_view_type": "",
            "table_class": "STANDARD",
            "tags": {
              "Environment": "prod",
              "ManagedBy": "terraform",
              "Project": "world-of-fog"
            },
            "tags_all": {
              "Environment": "prod",
              "ManagedBy": "terraform",
              "Project": "world-of-fog"
            },
            "timeouts": null,
            "ttl": [
              {
                "attribute_name": "",
                "enabled": false
              }
            ],
            "write_capacity": 0
          },
          "sensitive_attributes": [],
          "identity_schema_version": 0,
          "private": "eyJlMmJmYjczMC1lY2FhLTExZTYtOGY4OC0zNDM2M2JjN2M0YzAiOnsiY3JlYXRlIjoxODAwMDAwMDAwMDAwLCJkZWxldGUiOjYwMDAwMDAwMDAwMCwidXBkYXRlIjozNjAwMDAwMDAwMDAwfSwic2NoZW1hX3ZlcnNpb24iOiIxIn0="
        }
      ]
    },
    {
      "mode": "managed",
      "type": "aws_iam_policy",
      "name": "lambda_app",
      "provider": "provider[\"registry.terraform.io/hashicorp/aws\"]",
      "instances": [
        {
          "schema_version": 0,
          "attributes": {
            "arn": "arn:aws:iam::010419877195:policy/world-of-fog-prod-lambda-policy",
            "attachment_count": 1,
            "description": "",
            "id": "arn:aws:iam::010419877195:policy/world-of-fog-prod-lambda-policy",
            "name": "world-of-fog-prod-lambda-policy",
            "name_prefix": "",
            "path": "/",
            "policy": "{\"Statement\":[{\"Action\":[\"dynamodb:GetItem\",\"dynamodb:PutItem\",\"dynamodb:Query\",\"dynamodb:UpdateItem\"],\"Effect\":\"Allow\",\"Resource\":[\"arn:aws:dynamodb:eu-west-2:010419877195:table/world-of-fog-prod-user-discoveries\",\"arn:aws:dynamodb:eu-west-2:010419877195:table/world-of-fog-prod-shared-cells\",\"arn:aws:dynamodb:eu-west-2:010419877195:table/world-of-fog-prod-player-presence\",\"arn:aws:dynamodb:eu-west-2:010419877195:table/world-of-fog-prod-landmarks\",\"arn:aws:dynamodb:eu-west-2:010419877195:table/world-of-fog-prod-landmarks/index/*\"]},{\"Action\":[\"sqs:SendMessage\",\"sqs:SendMessageBatch\"],\"Effect\":\"Allow\",\"Resource\":\"arn:aws:sqs:eu-west-2:010419877195:world-of-fog-prod-shared-tile-rebuild\"},{\"Action\":[\"s3:GetObject\",\"s3:PutObject\",\"s3:DeleteObject\",\"s3:AbortMultipartUpload\"],\"Effect\":\"Allow\",\"Resource\":[\"arn:aws:s3:::world-of-fog-prod-010419877195-eu-west-2-pending/*\",\"arn:aws:s3:::world-of-fog-prod-010419877195-eu-west-2-approved/*\",\"arn:aws:s3:::world-of-fog-prod-010419877195-eu-west-2-discovery-cache/*\"]},{\"Action\":[\"s3:ListBucket\"],\"Condition\":{\"StringLike\":{\"s3:prefix\":[\"shared-tiles/v1/*\",\"user-bootstrap/v1/*\"]}},\"Effect\":\"Allow\",\"Resource\":\"arn:aws:s3:::world-of-fog-prod-010419877195-eu-west-2-discovery-cache\"}],\"Version\":\"2012-10-17\"}",
            "policy_id": "ANPAQE3ISWVF2AN6MVQBQ",
            "tags": {},
            "tags_all": {}
          },
          "sensitive_attributes": [],
          "identity_schema_version": 0,
          "private": "bnVsbA==",
          "dependencies": [
            "aws_dynamodb_table.landmarks",
            "aws_dynamodb_table.player_presence",
            "aws_dynamodb_table.shared_cells",
            "aws_dynamodb_table.user_discoveries",
            "aws_s3_bucket.approved_landmarks",
            "aws_s3_bucket.discovery_cache",
            "aws_s3_bucket.pending_landmarks",
            "aws_sqs_queue.shared_tile_rebuild",
            "aws_sqs_queue.shared_tile_rebuild_dlq",
            "data.aws_caller_identity.current"
          ]
        }
      ]
    },
    {
      "mode": "managed",
      "type": "aws_iam_role",
      "name": "appsync_lambda",
      "provider": "provider[\"registry.terraform.io/hashicorp/aws\"]",
      "instances": [
        {
          "schema_version": 0,
          "attributes": {
            "arn": "arn:aws:iam::010419877195:role/world-of-fog-prod-appsync-lambda",
            "assume_role_policy": "{\"Statement\":[{\"Action\":\"sts:AssumeRole\",\"Effect\":\"Allow\",\"Principal\":{\"Service\":\"appsync.amazonaws.com\"}}],\"Version\":\"2012-10-17\"}",
            "create_date": "2026-03-09T15:18:15Z",
            "description": "",
            "force_detach_policies": false,
            "id": "world-of-fog-prod-appsync-lambda",
            "inline_policy": [
              {
                "name": "world-of-fog-prod-appsync-lambda",
                "policy": "{\"Version\":\"2012-10-17\",\"Statement\":[{\"Action\":[\"lambda:InvokeFunction\"],\"Effect\":\"Allow\",\"Resource\":[\"arn:aws:lambda:eu-west-2:010419877195:function:world-of-fog-prod-sync-discoveries\",\"arn:aws:lambda:eu-west-2:010419877195:function:world-of-fog-prod-get-shared-viewport\",\"arn:aws:lambda:eu-west-2:010419877195:function:world-of-fog-prod-get-shared-presence\",\"arn:aws:lambda:eu-west-2:010419877195:function:world-of-fog-prod-create-landmark-upload-ticket\",\"arn:aws:lambda:eu-west-2:010419877195:function:world-of-fog-prod-finalize-landmark-upload\",\"arn:aws:lambda:eu-west-2:010419877195:function:world-of-fog-prod-list-pending-landmarks\",\"arn:aws:lambda:eu-west-2:010419877195:function:world-of-fog-prod-get-pending-landmark-review-url\",\"arn:aws:lambda:eu-west-2:010419877195:function:world-of-fog-prod-moderate-landmark\",\"arn:aws:lambda:eu-west-2:010419877195:function:world-of-fog-prod-get-landmark-view-url\",\"arn:aws:lambda:eu-west-2:010419877195:function:world-of-fog-prod-get-my-discovery-bootstrap\"]}]}"
              }
            ],
            "managed_policy_arns": [],
            "max_session_duration": 3600,
            "name": "world-of-fog-prod-appsync-lambda",
            "name_prefix": "",
            "path": "/",
            "permissions_boundary": "",
            "tags": {
              "Environment": "prod",
              "ManagedBy": "terraform",
              "Project": "world-of-fog"
            },
            "tags_all": {
              "Environment": "prod",
              "ManagedBy": "terraform",
              "Project": "world-of-fog"
            },
            "unique_id": "AROAQE3ISWVFR4DUCNI4T"
          },
          "sensitive_attributes": [],
          "identity_schema_version": 0,
          "private": "bnVsbA=="
        }
      ]
    },
    {
      "mode": "managed",
      "type": "aws_iam_role",
      "name": "lambda_exec",
      "provider": "provider[\"registry.terraform.io/hashicorp/aws\"]",
      "instances": [
        {
          "schema_version": 0,
          "attributes": {
            "arn": "arn:aws:iam::010419877195:role/world-of-fog-prod-lambda-exec",
            "assume_role_policy": "{\"Statement\":[{\"Action\":\"sts:AssumeRole\",\"Effect\":\"Allow\",\"Principal\":{\"Service\":\"lambda.amazonaws.com\"}}],\"Version\":\"2012-10-17\"}",
            "create_date": "2026-03-09T15:18:15Z",
            "description": "",
            "force_detach_policies": false,
            "id": "world-of-fog-prod-lambda-exec",
            "inline_policy": [],
            "managed_policy_arns": [
              "arn:aws:iam::010419877195:policy/world-of-fog-prod-lambda-policy",
              "arn:aws:iam::aws:policy/service-role/AWSLambdaBasicExecutionRole"
            ],
            "max_session_duration": 3600,
            "name": "world-of-fog-prod-lambda-exec",
            "name_prefix": "",
            "path": "/",
            "permissions_boundary": "",
            "tags": {
              "Environment": "prod",
              "ManagedBy": "terraform",
              "Project": "world-of-fog"
            },
            "tags_all": {
              "Environment": "prod",
              "ManagedBy": "terraform",
              "Project": "world-of-fog"
            },
            "unique_id": "AROAQE3ISWVFR5M2JDXJ7"
          },
          "sensitive_attributes": [],
          "identity_schema_version": 0,
          "private": "bnVsbA=="
        }
      ]
    },
    {
      "mode": "managed",
      "type": "aws_iam_role_policy",
      "name": "appsync_lambda",
      "provider": "provider[\"registry.terraform.io/hashicorp/aws\"]",
      "instances": [
        {
          "schema_version": 0,
          "attributes": {
            "id": "world-of-fog-prod-appsync-lambda:world-of-fog-prod-appsync-lambda",
            "name": "world-of-fog-prod-appsync-lambda",
            "name_prefix": "",
            "policy": "{\"Version\":\"2012-10-17\",\"Statement\":[{\"Action\":[\"lambda:InvokeFunction\"],\"Effect\":\"Allow\",\"Resource\":[\"arn:aws:lambda:eu-west-2:010419877195:function:world-of-fog-prod-sync-discoveries\",\"arn:aws:lambda:eu-west-2:010419877195:function:world-of-fog-prod-get-shared-viewport\",\"arn:aws:lambda:eu-west-2:010419877195:function:world-of-fog-prod-get-shared-presence\",\"arn:aws:lambda:eu-west-2:010419877195:function:world-of-fog-prod-create-landmark-upload-ticket\",\"arn:aws:lambda:eu-west-2:010419877195:function:world-of-fog-prod-finalize-landmark-upload\",\"arn:aws:lambda:eu-west-2:010419877195:function:world-of-fog-prod-list-pending-landmarks\",\"arn:aws:lambda:eu-west-2:010419877195:function:world-of-fog-prod-get-pending-landmark-review-url\",\"arn:aws:lambda:eu-west-2:010419877195:function:world-of-fog-prod-moderate-landmark\",\"arn:aws:lambda:eu-west-2:010419877195:function:world-of-fog-prod-get-landmark-view-url\",\"arn:aws:lambda:eu-west-2:010419877195:function:world-of-fog-prod-get-my-discovery-bootstrap\"]}]}",
            "role": "world-of-fog-prod-appsync-lambda"
          },
          "sensitive_attributes": [],
          "identity_schema_version": 0,
          "private": "bnVsbA==",
          "dependencies": [
            "aws_cloudfront_distribution.approved_landmarks",
            "aws_cloudfront_origin_access_control.approved_landmarks",
            "aws_dynamodb_table.landmarks",
            "aws_dynamodb_table.player_presence",
            "aws_dynamodb_table.shared_cells",
            "aws_dynamodb_table.user_discoveries",
            "aws_iam_role.appsync_lambda",
            "aws_iam_role.lambda_exec",
            "aws_lambda_function.create_landmark_upload_ticket",
            "aws_lambda_function.finalize_landmark_upload",
            "aws_lambda_function.get_landmark_view_url",
            "aws_lambda_function.get_my_discovery_bootstrap",
            "aws_lambda_function.get_pending_landmark_review_url",
            "aws_lambda_function.get_shared_presence",
            "aws_lambda_function.get_shared_viewport",
            "aws_lambda_function.list_pending_landmarks",
            "aws_lambda_function.moderate_landmark",
            "aws_lambda_function.sync_discoveries",
            "aws_s3_bucket.approved_landmarks",
            "aws_s3_bucket.discovery_cache",
            "aws_s3_bucket.pending_landmarks",
            "aws_s3_bucket_public_access_block.approved_landmarks",
            "aws_sqs_queue.shared_tile_rebuild",
            "aws_sqs_queue.shared_tile_rebuild_dlq",
            "data.archive_file.lambda_bundle",
            "data.aws_caller_identity.current"
          ]
        }
      ]
    },
    {
      "mode": "managed",
      "type": "aws_iam_role_policy_attachment",
      "name": "lambda_app",
      "provider": "provider[\"registry.terraform.io/hashicorp/aws\"]",
      "instances": [
        {
          "schema_version": 0,
          "attributes": {
            "id": "world-of-fog-prod-lambda-exec-20260309151840327700000003",
            "policy_arn": "arn:aws:iam::010419877195:policy/world-of-fog-prod-lambda-policy",
            "role": "world-of-fog-prod-lambda-exec"
          },
          "sensitive_attributes": [],
          "identity_schema_version": 0,
          "private": "bnVsbA==",
          "dependencies": [
            "aws_dynamodb_table.landmarks",
            "aws_dynamodb_table.player_presence",
            "aws_dynamodb_table.shared_cells",
            "aws_dynamodb_table.user_discoveries",
            "aws_iam_policy.lambda_app",
            "aws_iam_role.lambda_exec",
            "aws_s3_bucket.approved_landmarks",
            "aws_s3_bucket.discovery_cache",
            "aws_s3_bucket.pending_landmarks",
            "aws_sqs_queue.shared_tile_rebuild",
            "aws_sqs_queue.shared_tile_rebuild_dlq",
            "data.aws_caller_identity.current"
          ]
        }
      ]
    },
    {
      "mode": "managed",
      "type": "aws_iam_role_policy_attachment",
      "name": "lambda_basic",
      "provider": "provider[\"registry.terraform.io/hashicorp/aws\"]",
      "instances": [
        {
          "schema_version": 0,
          "attributes": {
            "id": "world-of-fog-prod-lambda-exec-20260309151816088400000001",
            "policy_arn": "arn:aws:iam::aws:policy/service-role/AWSLambdaBasicExecutionRole",
            "role": "world-of-fog-prod-lambda-exec"
          },
          "sensitive_attributes": [],
          "identity_schema_version": 0,
          "private": "bnVsbA==",
          "dependencies": [
            "aws_iam_role.lambda_exec"
          ]
        }
      ]
    },
    {
      "mode": "managed",
      "type": "aws_lambda_event_source_mapping",
      "name": "rebuild_shared_tiles",
      "provider": "provider[\"registry.terraform.io/hashicorp/aws\"]",
      "instances": []
    },
    {
      "mode": "managed",
      "type": "aws_lambda_function",
      "name": "create_landmark_upload_ticket",
      "provider": "provider[\"registry.terraform.io/hashicorp/aws\"]",
      "instances": [
        {
          "schema_version": 0,
          "attributes": {
            "architectures": [
              "arm64"
            ],
            "arn": "arn:aws:lambda:eu-west-2:010419877195:function:world-of-fog-prod-create-landmark-upload-ticket",
            "code_sha256": "Cp9n2d9U/rk4J8fHFVqYdpMFdwPGh3AwhH2/FyjJLIk=",
            "code_signing_config_arn": "",
            "dead_letter_config": [],
            "description": "",
            "environment": [
              {
                "variables": {
                  "ADMIN_GROUPS": "admin,moderator",
                  "ALLOWED_UPLOAD_CONTENT_TYPES": "image/jpeg,image/png,image/webp",
                  "APPROVED_LANDMARK_BUCKET": "world-of-fog-prod-010419877195-eu-west-2-approved",
                  "CLOUDFRONT_DOMAIN": "d2op1xtsiy6g50.cloudfront.net",
                  "DISCOVERY_CACHE_BUCKET": "world-of-fog-prod-010419877195-eu-west-2-discovery-cache",
                  "LANDMARKS_TABLE": "world-of-fog-prod-landmarks",
                  "MAX_PENDING_PER_USER": "10",
                  "MAX_UPLOADS_PER_DAY": "20",
                  "MAX_UPLOAD_BYTES": "5242880",
                  "PENDING_LANDMARK_BUCKET": "world-of-fog-prod-010419877195-eu-west-2-pending",
                  "PLAYER_PRESENCE_TABLE": "world-of-fog-prod-player-presence",
                  "PRESENCE_TTL_SECONDS": "60",
                  "SHARED_CELLS_TABLE": "world-of-fog-prod-shared-cells",
                  "SHARED_TILE_CACHE_PREFIX": "shared-tiles/v1",
                  "SHARED_TILE_CACHE_TTL_SECONDS": "2592000",
                  "SHARED_TILE_EDGE_CACHE_SECONDS": "30",
                  "SHARED_TILE_REBUILD_QUEUE_URL": "https://sqs.eu-west-2.amazonaws.com/010419877195/world-of-fog-prod-shared-tile-rebuild",
                  "UPLOAD_EXPIRATION_SECONDS": "600",
                  "USER_BOOTSTRAP_CACHE_PREFIX": "user-bootstrap/v1",
                  "USER_BOOTSTRAP_CACHE_TTL_SECONDS": "2592000",
                  "USER_DISCOVERIES_TABLE": "world-of-fog-prod-user-discoveries"
                }
              }
            ],
            "ephemeral_storage": [
              {
                "size": 512
              }
            ],
            "file_system_config": [],
            "filename": "./lambda_bundle.zip",
            "function_name": "world-of-fog-prod-create-landmark-upload-ticket",
            "handler": "create_landmark_upload_ticket.index.handler",
            "id": "world-of-fog-prod-create-landmark-upload-ticket",
            "image_config": [],
            "image_uri": "",
            "invoke_arn": "arn:aws:apigateway:eu-west-2:lambda:path/2015-03-31/functions/arn:aws:lambda:eu-west-2:010419877195:function:world-of-fog-prod-create-landmark-upload-ticket/invocations",
            "kms_key_arn": "",
            "last_modified": "2026-03-12T12:18:20.000+0000",
            "layers": [],
            "logging_config": [
              {
                "application_log_level": "",
                "log_format": "Text",
                "log_group": "/aws/lambda/world-of-fog-prod-create-landmark-upload-ticket",
                "system_log_level": ""
              }
            ],
            "memory_size": 256,
            "package_type": "Zip",
            "publish": false,
            "qualified_arn": "arn:aws:lambda:eu-west-2:010419877195:function:world-of-fog-prod-create-landmark-upload-ticket:$LATEST",
            "qualified_invoke_arn": "arn:aws:apigateway:eu-west-2:lambda:path/2015-03-31/functions/arn:aws:lambda:eu-west-2:010419877195:function:world-of-fog-prod-create-landmark-upload-ticket:$LATEST/invocations",
            "replace_security_groups_on_destroy": null,
            "replacement_security_group_ids": null,
            "reserved_concurrent_executions": -1,
            "role": "arn:aws:iam::010419877195:role/world-of-fog-prod-lambda-exec",
            "runtime": "python3.12",
            "s3_bucket": null,
            "s3_key": null,
            "s3_object_version": null,
            "signing_job_arn": "",
            "signing_profile_version_arn": "",
            "skip_destroy": false,
            "snap_start": [],
            "source_code_hash": "Cp9n2d9U/rk4J8fHFVqYdpMFdwPGh3AwhH2/FyjJLIk=",
            "source_code_size": 70269,
            "tags": {
              "Environment": "prod",
              "ManagedBy": "terraform",
              "Project": "world-of-fog"
            },
            "tags_all": {
              "Environment": "prod",
              "ManagedBy": "terraform",
              "Project": "world-of-fog"
            },
            "timeout": 20,
            "timeouts": null,
            "tracing_config": [
              {
                "mode": "PassThrough"
              }
            ],
            "version": "$LATEST",
            "vpc_config": []
          },
          "sensitive_attributes": [],
          "identity_schema_version": 0,
          "private": "eyJlMmJmYjczMC1lY2FhLTExZTYtOGY4OC0zNDM2M2JjN2M0YzAiOnsiY3JlYXRlIjo2MDAwMDAwMDAwMDAsImRlbGV0ZSI6NjAwMDAwMDAwMDAwLCJ1cGRhdGUiOjYwMDAwMDAwMDAwMH19",
          "dependencies": [
            "aws_cloudfront_distribution.approved_landmarks",
            "aws_cloudfront_origin_access_control.approved_landmarks",
            "aws_dynamodb_table.landmarks",
            "aws_dynamodb_table.player_presence",
            "aws_dynamodb_table.shared_cells",
            "aws_dynamodb_table.user_discoveries",
            "aws_iam_role.lambda_exec",
            "aws_s3_bucket.approved_landmarks",
            "aws_s3_bucket.discovery_cache",
            "aws_s3_bucket.pending_landmarks",
            "aws_s3_bucket_public_access_block.approved_landmarks",
            "aws_sqs_queue.shared_tile_rebuild",
            "aws_sqs_queue.shared_tile_rebuild_dlq",
            "data.archive_file.lambda_bundle",
            "data.aws_caller_identity.current"
          ]
        }
      ]
    },
    {
      "mode": "managed",
      "type": "aws_lambda_function",
      "name": "finalize_landmark_upload",
      "provider": "provider[\"registry.terraform.io/hashicorp/aws\"]",
      "instances": [
        {
          "schema_version": 0,
          "attributes": {
            "architectures": [
              "arm64"
            ],
            "arn": "arn:aws:lambda:eu-west-2:010419877195:function:world-of-fog-prod-finalize-landmark-upload",
            "code_sha256": "nTY4AeJevBiQgfBdgeDj+d1KueTLzqRNrZTarS61NZI=",
            "code_signing_config_arn": "",
            "dead_letter_config": [],
            "description": "",
            "environment": [
              {
                "variables": {
                  "ADMIN_GROUPS": "admin,moderator",
                  "ALLOWED_UPLOAD_CONTENT_TYPES": "image/jpeg,image/png,image/webp",
                  "APPROVED_LANDMARK_BUCKET": "world-of-fog-prod-010419877195-eu-west-2-approved",
                  "CLOUDFRONT_DOMAIN": "d2op1xtsiy6g50.cloudfront.net",
                  "DISCOVERY_CACHE_BUCKET": "world-of-fog-prod-010419877195-eu-west-2-discovery-cache",
                  "LANDMARKS_TABLE": "world-of-fog-prod-landmarks",
                  "MAX_PENDING_PER_USER": "10",
                  "MAX_UPLOADS_PER_DAY": "20",
                  "MAX_UPLOAD_BYTES": "5242880",
                  "PENDING_LANDMARK_BUCKET": "world-of-fog-prod-010419877195-eu-west-2-pending",
                  "PLAYER_PRESENCE_TABLE": "world-of-fog-prod-player-presence",
                  "PRESENCE_TTL_SECONDS": "60",
                  "SHARED_CELLS_TABLE": "world-of-fog-prod-shared-cells",
                  "SHARED_TILE_CACHE_PREFIX": "shared-tiles/v1",
                  "SHARED_TILE_CACHE_TTL_SECONDS": "2592000",
                  "UPLOAD_EXPIRATION_SECONDS": "600",
                  "USER_BOOTSTRAP_CACHE_PREFIX": "user-bootstrap/v1",
                  "USER_BOOTSTRAP_CACHE_TTL_SECONDS": "2592000",
                  "USER_DISCOVERIES_TABLE": "world-of-fog-prod-user-discoveries"
                }
              }
            ],
            "ephemeral_storage": [
              {
                "size": 512
              }
            ],
            "file_system_config": [],
            "filename": "./lambda_bundle.zip",
            "function_name": "world-of-fog-prod-finalize-landmark-upload",
            "handler": "finalize_landmark_upload.index.handler",
            "id": "world-of-fog-prod-finalize-landmark-upload",
            "image_config": [],
            "image_uri": "",
            "invoke_arn": "arn:aws:apigateway:eu-west-2:lambda:path/2015-03-31/functions/arn:aws:lambda:eu-west-2:010419877195:function:world-of-fog-prod-finalize-landmark-upload/invocations",
            "kms_key_arn": "",
            "last_modified": "2026-03-12T10:36:59.000+0000",
            "layers": [],
            "logging_config": [
              {
                "application_log_level": "",
                "log_format": "Text",
                "log_group": "/aws/lambda/world-of-fog-prod-finalize-landmark-upload",
                "system_log_level": ""
              }
            ],
            "memory_size": 256,
            "package_type": "Zip",
            "publish": false,
            "qualified_arn": "arn:aws:lambda:eu-west-2:010419877195:function:world-of-fog-prod-finalize-landmark-upload:$LATEST",
            "qualified_invoke_arn": "arn:aws:apigateway:eu-west-2:lambda:path/2015-03-31/functions/arn:aws:lambda:eu-west-2:010419877195:function:world-of-fog-prod-finalize-landmark-upload:$LATEST/invocations",
            "replace_security_groups_on_destroy": null,
            "replacement_security_group_ids": null,
            "reserved_concurrent_executions": -1,
            "role": "arn:aws:iam::010419877195:role/world-of-fog-prod-lambda-exec",
            "runtime": "python3.12",
            "s3_bucket": null,
            "s3_key": null,
            "s3_object_version": null,
            "signing_job_arn": "",
            "signing_profile_version_arn": "",
            "skip_destroy": false,
            "snap_start": [],
            "source_code_hash": "nTY4AeJevBiQgfBdgeDj+d1KueTLzqRNrZTarS61NZI=",
            "source_code_size": 57329,
            "tags": {
              "Environment": "prod",
              "ManagedBy": "terraform",
              "Project": "world-of-fog"
            },
            "tags_all": {
              "Environment": "prod",
              "ManagedBy": "terraform",
              "Project": "world-of-fog"
            },
            "timeout": 15,
            "timeouts": null,
            "tracing_config": [
              {
                "mode": "PassThrough"
              }
            ],
            "version": "$LATEST",
            "vpc_config": []
          },
          "sensitive_attributes": [],
          "identity_schema_version": 0,
          "private": "eyJlMmJmYjczMC1lY2FhLTExZTYtOGY4OC0zNDM2M2JjN2M0YzAiOnsiY3JlYXRlIjo2MDAwMDAwMDAwMDAsImRlbGV0ZSI6NjAwMDAwMDAwMDAwLCJ1cGRhdGUiOjYwMDAwMDAwMDAwMH19",
          "dependencies": [
            "aws_cloudfront_distribution.approved_landmarks",
            "aws_cloudfront_origin_access_control.approved_landmarks",
            "aws_dynamodb_table.landmarks",
            "aws_dynamodb_table.player_presence",
            "aws_dynamodb_table.shared_cells",
            "aws_dynamodb_table.user_discoveries",
            "aws_iam_role.lambda_exec",
            "aws_s3_bucket.approved_landmarks",
            "aws_s3_bucket.discovery_cache",
            "aws_s3_bucket.pending_landmarks",
            "aws_s3_bucket_public_access_block.approved_landmarks",
            "aws_sqs_queue.shared_tile_rebuild",
            "aws_sqs_queue.shared_tile_rebuild_dlq",
            "data.archive_file.lambda_bundle",
            "data.aws_caller_identity.current"
          ]
        }
      ]
    },
    {
      "mode": "managed",
      "type": "aws_lambda_function",
      "name": "get_landmark_view_url",
      "provider": "provider[\"registry.terraform.io/hashicorp/aws\"]",
      "instances": [
        {
          "schema_version": 0,
          "attributes": {
            "architectures": [
              "arm64"
            ],
            "arn": "arn:aws:lambda:eu-west-2:010419877195:function:world-of-fog-prod-get-landmark-view-url",
            "code_sha256": "nTY4AeJevBiQgfBdgeDj+d1KueTLzqRNrZTarS61NZI=",
            "code_signing_config_arn": "",
            "dead_letter_config": [],
            "description": "",
            "environment": [
              {
                "variables": {
                  "ADMIN_GROUPS": "admin,moderator",
                  "ALLOWED_UPLOAD_CONTENT_TYPES": "image/jpeg,image/png,image/webp",
                  "APPROVED_LANDMARK_BUCKET": "world-of-fog-prod-010419877195-eu-west-2-approved",
                  "CLOUDFRONT_DOMAIN": "d2op1xtsiy6g50.cloudfront.net",
                  "DISCOVERY_CACHE_BUCKET": "world-of-fog-prod-010419877195-eu-west-2-discovery-cache",
                  "LANDMARKS_TABLE": "world-of-fog-prod-landmarks",
                  "MAX_PENDING_PER_USER": "10",
                  "MAX_UPLOADS_PER_DAY": "20",
                  "MAX_UPLOAD_BYTES": "5242880",
                  "PENDING_LANDMARK_BUCKET": "world-of-fog-prod-010419877195-eu-west-2-pending",
                  "PLAYER_PRESENCE_TABLE": "world-of-fog-prod-player-presence",
                  "PRESENCE_TTL_SECONDS": "60",
                  "SHARED_CELLS_TABLE": "world-of-fog-prod-shared-cells",
                  "SHARED_TILE_CACHE_PREFIX": "shared-tiles/v1",
                  "SHARED_TILE_CACHE_TTL_SECONDS": "2592000",
                  "UPLOAD_EXPIRATION_SECONDS": "600",
                  "USER_BOOTSTRAP_CACHE_PREFIX": "user-bootstrap/v1",
                  "USER_BOOTSTRAP_CACHE_TTL_SECONDS": "2592000",
                  "USER_DISCOVERIES_TABLE": "world-of-fog-prod-user-discoveries"
                }
              }
            ],
            "ephemeral_storage": [
              {
                "size": 512
              }
            ],
            "file_system_config": [],
            "filename": "./lambda_bundle.zip",
            "function_name": "world-of-fog-prod-get-landmark-view-url",
            "handler": "get_landmark_view_url.index.handler",
            "id": "world-of-fog-prod-get-landmark-view-url",
            "image_config": [],
            "image_uri": "",
            "invoke_arn": "arn:aws:apigateway:eu-west-2:lambda:path/2015-03-31/functions/arn:aws:lambda:eu-west-2:010419877195:function:world-of-fog-prod-get-landmark-view-url/invocations",
            "kms_key_arn": "",
            "last_modified": "2026-03-12T10:36:17.000+0000",
            "layers": [],
            "logging_config": [
              {
                "application_log_level": "",
                "log_format": "Text",
                "log_group": "/aws/lambda/world-of-fog-prod-get-landmark-view-url",
                "system_log_level": ""
              }
            ],
            "memory_size": 256,
            "package_type": "Zip",
            "publish": false,
            "qualified_arn": "arn:aws:lambda:eu-west-2:010419877195:function:world-of-fog-prod-get-landmark-view-url:$LATEST",
            "qualified_invoke_arn": "arn:aws:apigateway:eu-west-2:lambda:path/2015-03-31/functions/arn:aws:lambda:eu-west-2:010419877195:function:world-of-fog-prod-get-landmark-view-url:$LATEST/invocations",
            "replace_security_groups_on_destroy": null,
            "replacement_security_group_ids": null,
            "reserved_concurrent_executions": -1,
            "role": "arn:aws:iam::010419877195:role/world-of-fog-prod-lambda-exec",
            "runtime": "python3.12",
            "s3_bucket": null,
            "s3_key": null,
            "s3_object_version": null,
            "signing_job_arn": "",
            "signing_profile_version_arn": "",
            "skip_destroy": false,
            "snap_start": [],
            "source_code_hash": "nTY4AeJevBiQgfBdgeDj+d1KueTLzqRNrZTarS61NZI=",
            "source_code_size": 57329,
            "tags": {
              "Environment": "prod",
              "ManagedBy": "terraform",
              "Project": "world-of-fog"
            },
            "tags_all": {
              "Environment": "prod",
              "ManagedBy": "terraform",
              "Project": "world-of-fog"
            },
            "timeout": 15,
            "timeouts": null,
            "tracing_config": [
              {
                "mode": "PassThrough"
              }
            ],
            "version": "$LATEST",
            "vpc_config": []
          },
          "sensitive_attributes": [],
          "identity_schema_version": 0,
          "private": "eyJlMmJmYjczMC1lY2FhLTExZTYtOGY4OC0zNDM2M2JjN2M0YzAiOnsiY3JlYXRlIjo2MDAwMDAwMDAwMDAsImRlbGV0ZSI6NjAwMDAwMDAwMDAwLCJ1cGRhdGUiOjYwMDAwMDAwMDAwMH19",
          "dependencies": [
            "aws_cloudfront_distribution.approved_landmarks",
            "aws_cloudfront_origin_access_control.approved_landmarks",
            "aws_dynamodb_table.landmarks",
            "aws_dynamodb_table.player_presence",
            "aws_dynamodb_table.shared_cells",
            "aws_dynamodb_table.user_discoveries",
            "aws_iam_role.lambda_exec",
            "aws_s3_bucket.approved_landmarks",
            "aws_s3_bucket.discovery_cache",
            "aws_s3_bucket.pending_landmarks",
            "aws_s3_bucket_public_access_block.approved_landmarks",
            "aws_sqs_queue.shared_tile_rebuild",
            "aws_sqs_queue.shared_tile_rebuild_dlq",
            "data.archive_file.lambda_bundle",
            "data.aws_caller_identity.current"
          ]
        }
      ]
    },
    {
      "mode": "managed",
      "type": "aws_lambda_function",
      "name": "get_my_discovery_bootstrap",
      "provider": "provider[\"registry.terraform.io/hashicorp/aws\"]",
      "instances": [
        {
          "schema_version": 0,
          "attributes": {
            "architectures": [
              "arm64"
            ],
            "arn": "arn:aws:lambda:eu-west-2:010419877195:function:world-of-fog-prod-get-my-discovery-bootstrap",
            "code_sha256": "nTY4AeJevBiQgfBdgeDj+d1KueTLzqRNrZTarS61NZI=",
            "code_signing_config_arn": "",
            "dead_letter_config": [],
            "description": "",
            "environment": [
              {
                "variables": {
                  "ADMIN_GROUPS": "admin,moderator",
                  "ALLOWED_UPLOAD_CONTENT_TYPES": "image/jpeg,image/png,image/webp",
                  "APPROVED_LANDMARK_BUCKET": "world-of-fog-prod-010419877195-eu-west-2-approved",
                  "CLOUDFRONT_DOMAIN": "d2op1xtsiy6g50.cloudfront.net",
                  "DISCOVERY_CACHE_BUCKET": "world-of-fog-prod-010419877195-eu-west-2-discovery-cache",
                  "LANDMARKS_TABLE": "world-of-fog-prod-landmarks",
                  "MAX_PENDING_PER_USER": "10",
                  "MAX_UPLOADS_PER_DAY": "20",
                  "MAX_UPLOAD_BYTES": "5242880",
                  "PENDING_LANDMARK_BUCKET": "world-of-fog-prod-010419877195-eu-west-2-pending",
                  "PLAYER_PRESENCE_TABLE": "world-of-fog-prod-player-presence",
                  "PRESENCE_TTL_SECONDS": "60",
                  "SHARED_CELLS_TABLE": "world-of-fog-prod-shared-cells",
                  "SHARED_TILE_CACHE_PREFIX": "shared-tiles/v1",
                  "SHARED_TILE_CACHE_TTL_SECONDS": "2592000",
                  "UPLOAD_EXPIRATION_SECONDS": "600",
                  "USER_BOOTSTRAP_CACHE_PREFIX": "user-bootstrap/v1",
                  "USER_BOOTSTRAP_CACHE_TTL_SECONDS": "2592000",
                  "USER_DISCOVERIES_TABLE": "world-of-fog-prod-user-discoveries"
                }
              }
            ],
            "ephemeral_storage": [
              {
                "size": 512
              }
            ],
            "file_system_config": [],
            "filename": "./lambda_bundle.zip",
            "function_name": "world-of-fog-prod-get-my-discovery-bootstrap",
            "handler": "get_my_discovery_bootstrap.index.handler",
            "id": "world-of-fog-prod-get-my-discovery-bootstrap",
            "image_config": [],
            "image_uri": "",
            "invoke_arn": "arn:aws:apigateway:eu-west-2:lambda:path/2015-03-31/functions/arn:aws:lambda:eu-west-2:010419877195:function:world-of-fog-prod-get-my-discovery-bootstrap/invocations",
            "kms_key_arn": "",
            "last_modified": "2026-03-12T10:36:53.000+0000",
            "layers": [],
            "logging_config": [
              {
                "application_log_level": "",
                "log_format": "Text",
                "log_group": "/aws/lambda/world-of-fog-prod-get-my-discovery-bootstrap",
                "system_log_level": ""
              }
            ],
            "memory_size": 512,
            "package_type": "Zip",
            "publish": false,
            "qualified_arn": "arn:aws:lambda:eu-west-2:010419877195:function:world-of-fog-prod-get-my-discovery-bootstrap:$LATEST",
            "qualified_invoke_arn": "arn:aws:apigateway:eu-west-2:lambda:path/2015-03-31/functions/arn:aws:lambda:eu-west-2:010419877195:function:world-of-fog-prod-get-my-discovery-bootstrap:$LATEST/invocations",
            "replace_security_groups_on_destroy": null,
            "replacement_security_group_ids": null,
            "reserved_concurrent_executions": -1,
            "role": "arn:aws:iam::010419877195:role/world-of-fog-prod-lambda-exec",
            "runtime": "python3.12",
            "s3_bucket": null,
            "s3_key": null,
            "s3_object_version": null,
            "signing_job_arn": "",
            "signing_profile_version_arn": "",
            "skip_destroy": false,
            "snap_start": [],
            "source_code_hash": "nTY4AeJevBiQgfBdgeDj+d1KueTLzqRNrZTarS61NZI=",
            "source_code_size": 57329,
            "tags": {
              "Environment": "prod",
              "ManagedBy": "terraform",
              "Project": "world-of-fog"
            },
            "tags_all": {
              "Environment": "prod",
              "ManagedBy": "terraform",
              "Project": "world-of-fog"
            },
            "timeout": 60,
            "timeouts": null,
            "tracing_config": [
              {
                "mode": "PassThrough"
              }
            ],
            "version": "$LATEST",
            "vpc_config": []
          },
          "sensitive_attributes": [],
          "identity_schema_version": 0,
          "private": "eyJlMmJmYjczMC1lY2FhLTExZTYtOGY4OC0zNDM2M2JjN2M0YzAiOnsiY3JlYXRlIjo2MDAwMDAwMDAwMDAsImRlbGV0ZSI6NjAwMDAwMDAwMDAwLCJ1cGRhdGUiOjYwMDAwMDAwMDAwMH19",
          "dependencies": [
            "aws_cloudfront_distribution.approved_landmarks",
            "aws_cloudfront_origin_access_control.approved_landmarks",
            "aws_dynamodb_table.landmarks",
            "aws_dynamodb_table.player_presence",
            "aws_dynamodb_table.shared_cells",
            "aws_dynamodb_table.user_discoveries",
            "aws_iam_role.lambda_exec",
            "aws_s3_bucket.approved_landmarks",
            "aws_s3_bucket.discovery_cache",
            "aws_s3_bucket.pending_landmarks",
            "aws_s3_bucket_public_access_block.approved_landmarks",
            "aws_sqs_queue.shared_tile_rebuild",
            "aws_sqs_queue.shared_tile_rebuild_dlq",
            "data.archive_file.lambda_bundle",
            "data.aws_caller_identity.current"
          ]
        }
      ]
    },
    {
      "mode": "managed",
      "type": "aws_lambda_function",
      "name": "get_pending_landmark_review_url",
      "provider": "provider[\"registry.terraform.io/hashicorp/aws\"]",
      "instances": [
        {
          "schema_version": 0,
          "attributes": {
            "architectures": [
              "arm64"
            ],
            "arn": "arn:aws:lambda:eu-west-2:010419877195:function:world-of-fog-prod-get-pending-landmark-review-url",
            "code_sha256": "nTY4AeJevBiQgfBdgeDj+d1KueTLzqRNrZTarS61NZI=",
            "code_signing_config_arn": "",
            "dead_letter_config": [],
            "description": "",
            "environment": [
              {
                "variables": {
                  "ADMIN_GROUPS": "admin,moderator",
                  "ALLOWED_UPLOAD_CONTENT_TYPES": "image/jpeg,image/png,image/webp",
                  "APPROVED_LANDMARK_BUCKET": "world-of-fog-prod-010419877195-eu-west-2-approved",
                  "CLOUDFRONT_DOMAIN": "d2op1xtsiy6g50.cloudfront.net",
                  "DISCOVERY_CACHE_BUCKET": "world-of-fog-prod-010419877195-eu-west-2-discovery-cache",
                  "LANDMARKS_TABLE": "world-of-fog-prod-landmarks",
                  "MAX_PENDING_PER_USER": "10",
                  "MAX_UPLOADS_PER_DAY": "20",
                  "MAX_UPLOAD_BYTES": "5242880",
                  "PENDING_LANDMARK_BUCKET": "world-of-fog-prod-010419877195-eu-west-2-pending",
                  "PLAYER_PRESENCE_TABLE": "world-of-fog-prod-player-presence",
                  "PRESENCE_TTL_SECONDS": "60",
                  "SHARED_CELLS_TABLE": "world-of-fog-prod-shared-cells",
                  "SHARED_TILE_CACHE_PREFIX": "shared-tiles/v1",
                  "SHARED_TILE_CACHE_TTL_SECONDS": "2592000",
                  "UPLOAD_EXPIRATION_SECONDS": "600",
                  "USER_BOOTSTRAP_CACHE_PREFIX": "user-bootstrap/v1",
                  "USER_BOOTSTRAP_CACHE_TTL_SECONDS": "2592000",
                  "USER_DISCOVERIES_TABLE": "world-of-fog-prod-user-discoveries"
                }
              }
            ],
            "ephemeral_storage": [
              {
                "size": 512
              }
            ],
            "file_system_config": [],
            "filename": "./lambda_bundle.zip",
            "function_name": "world-of-fog-prod-get-pending-landmark-review-url",
            "handler": "get_pending_landmark_review_url.index.handler",
            "id": "world-of-fog-prod-get-pending-landmark-review-url",
            "image_config": [],
            "image_uri": "",
            "invoke_arn": "arn:aws:apigateway:eu-west-2:lambda:path/2015-03-31/functions/arn:aws:lambda:eu-west-2:010419877195:function:world-of-fog-prod-get-pending-landmark-review-url/invocations",
            "kms_key_arn": "",
            "last_modified": "2026-03-12T10:36:29.000+0000",
            "layers": [],
            "logging_config": [
              {
                "application_log_level": "",
                "log_format": "Text",
                "log_group": "/aws/lambda/world-of-fog-prod-get-pending-landmark-review-url",
                "system_log_level": ""
              }
            ],
            "memory_size": 256,
            "package_type": "Zip",
            "publish": false,
            "qualified_arn": "arn:aws:lambda:eu-west-2:010419877195:function:world-of-fog-prod-get-pending-landmark-review-url:$LATEST",
            "qualified_invoke_arn": "arn:aws:apigateway:eu-west-2:lambda:path/2015-03-31/functions/arn:aws:lambda:eu-west-2:010419877195:function:world-of-fog-prod-get-pending-landmark-review-url:$LATEST/invocations",
            "replace_security_groups_on_destroy": null,
            "replacement_security_group_ids": null,
            "reserved_concurrent_executions": -1,
            "role": "arn:aws:iam::010419877195:role/world-of-fog-prod-lambda-exec",
            "runtime": "python3.12",
            "s3_bucket": null,
            "s3_key": null,
            "s3_object_version": null,
            "signing_job_arn": "",
            "signing_profile_version_arn": "",
            "skip_destroy": false,
            "snap_start": [],
            "source_code_hash": "nTY4AeJevBiQgfBdgeDj+d1KueTLzqRNrZTarS61NZI=",
            "source_code_size": 57329,
            "tags": {
              "Environment": "prod",
              "ManagedBy": "terraform",
              "Project": "world-of-fog"
            },
            "tags_all": {
              "Environment": "prod",
              "ManagedBy": "terraform",
              "Project": "world-of-fog"
            },
            "timeout": 15,
            "timeouts": null,
            "tracing_config": [
              {
                "mode": "PassThrough"
              }
            ],
            "version": "$LATEST",
            "vpc_config": []
          },
          "sensitive_attributes": [],
          "identity_schema_version": 0,
          "private": "eyJlMmJmYjczMC1lY2FhLTExZTYtOGY4OC0zNDM2M2JjN2M0YzAiOnsiY3JlYXRlIjo2MDAwMDAwMDAwMDAsImRlbGV0ZSI6NjAwMDAwMDAwMDAwLCJ1cGRhdGUiOjYwMDAwMDAwMDAwMH19",
          "dependencies": [
            "aws_cloudfront_distribution.approved_landmarks",
            "aws_cloudfront_origin_access_control.approved_landmarks",
            "aws_dynamodb_table.landmarks",
            "aws_dynamodb_table.player_presence",
            "aws_dynamodb_table.shared_cells",
            "aws_dynamodb_table.user_discoveries",
            "aws_iam_role.lambda_exec",
            "aws_s3_bucket.approved_landmarks",
            "aws_s3_bucket.discovery_cache",
            "aws_s3_bucket.pending_landmarks",
            "aws_s3_bucket_public_access_block.approved_landmarks",
            "aws_sqs_queue.shared_tile_rebuild",
            "aws_sqs_queue.shared_tile_rebuild_dlq",
            "data.archive_file.lambda_bundle",
            "data.aws_caller_identity.current"
          ]
        }
      ]
    },
    {
      "mode": "managed",
      "type": "aws_lambda_function",
      "name": "get_shared_presence",
      "provider": "provider[\"registry.terraform.io/hashicorp/aws\"]",
      "instances": [
        {
          "schema_version": 0,
          "attributes": {
            "architectures": [
              "arm64"
            ],
            "arn": "arn:aws:lambda:eu-west-2:010419877195:function:world-of-fog-prod-get-shared-presence",
            "code_sha256": "nTY4AeJevBiQgfBdgeDj+d1KueTLzqRNrZTarS61NZI=",
            "code_signing_config_arn": "",
            "dead_letter_config": [],
            "description": "",
            "environment": [
              {
                "variables": {
                  "ADMIN_GROUPS": "admin,moderator",
                  "ALLOWED_UPLOAD_CONTENT_TYPES": "image/jpeg,image/png,image/webp",
                  "APPROVED_LANDMARK_BUCKET": "world-of-fog-prod-010419877195-eu-west-2-approved",
                  "CLOUDFRONT_DOMAIN": "d2op1xtsiy6g50.cloudfront.net",
                  "DISCOVERY_CACHE_BUCKET": "world-of-fog-prod-010419877195-eu-west-2-discovery-cache",
                  "LANDMARKS_TABLE": "world-of-fog-prod-landmarks",
                  "MAX_PENDING_PER_USER": "10",
                  "MAX_UPLOADS_PER_DAY": "20",
                  "MAX_UPLOAD_BYTES": "5242880",
                  "PENDING_LANDMARK_BUCKET": "world-of-fog-prod-010419877195-eu-west-2-pending",
                  "PLAYER_PRESENCE_TABLE": "world-of-fog-prod-player-presence",
                  "PRESENCE_TTL_SECONDS": "60",
                  "SHARED_CELLS_TABLE": "world-of-fog-prod-shared-cells",
                  "SHARED_TILE_CACHE_PREFIX": "shared-tiles/v1",
                  "SHARED_TILE_CACHE_TTL_SECONDS": "2592000",
                  "UPLOAD_EXPIRATION_SECONDS": "600",
                  "USER_BOOTSTRAP_CACHE_PREFIX": "user-bootstrap/v1",
                  "USER_BOOTSTRAP_CACHE_TTL_SECONDS": "2592000",
                  "USER_DISCOVERIES_TABLE": "world-of-fog-prod-user-discoveries"
                }
              }
            ],
            "ephemeral_storage": [
              {
                "size": 512
              }
            ],
            "file_system_config": [],
            "filename": "./lambda_bundle.zip",
            "function_name": "world-of-fog-prod-get-shared-presence",
            "handler": "get_shared_presence.index.handler",
            "id": "world-of-fog-prod-get-shared-presence",
            "image_config": [],
            "image_uri": "",
            "invoke_arn": "arn:aws:apigateway:eu-west-2:lambda:path/2015-03-31/functions/arn:aws:lambda:eu-west-2:010419877195:function:world-of-fog-prod-get-shared-presence/invocations",
            "kms_key_arn": "",
            "last_modified": "2026-03-12T10:37:05.000+0000",
            "layers": [],
            "logging_config": [
              {
                "application_log_level": "",
                "log_format": "Text",
                "log_group": "/aws/lambda/world-of-fog-prod-get-shared-presence",
                "system_log_level": ""
              }
            ],
            "memory_size": 256,
            "package_type": "Zip",
            "publish": false,
            "qualified_arn": "arn:aws:lambda:eu-west-2:010419877195:function:world-of-fog-prod-get-shared-presence:$LATEST",
            "qualified_invoke_arn": "arn:aws:apigateway:eu-west-2:lambda:path/2015-03-31/functions/arn:aws:lambda:eu-west-2:010419877195:function:world-of-fog-prod-get-shared-presence:$LATEST/invocations",
            "replace_security_groups_on_destroy": null,
            "replacement_security_group_ids": null,
            "reserved_concurrent_executions": -1,
            "role": "arn:aws:iam::010419877195:role/world-of-fog-prod-lambda-exec",
            "runtime": "python3.12",
            "s3_bucket": null,
            "s3_key": null,
            "s3_object_version": null,
            "signing_job_arn": "",
            "signing_profile_version_arn": "",
            "skip_destroy": false,
            "snap_start": [],
            "source_code_hash": "nTY4AeJevBiQgfBdgeDj+d1KueTLzqRNrZTarS61NZI=",
            "source_code_size": 57329,
            "tags": {
              "Environment": "prod",
              "ManagedBy": "terraform",
              "Project": "world-of-fog"
            },
            "tags_all": {
              "Environment": "prod",
              "ManagedBy": "terraform",
              "Project": "world-of-fog"
            },
            "timeout": 15,
            "timeouts": null,
            "tracing_config": [
              {
                "mode": "PassThrough"
              }
            ],
            "version": "$LATEST",
            "vpc_config": []
          },
          "sensitive_attributes": [],
          "identity_schema_version": 0,
          "private": "eyJlMmJmYjczMC1lY2FhLTExZTYtOGY4OC0zNDM2M2JjN2M0YzAiOnsiY3JlYXRlIjo2MDAwMDAwMDAwMDAsImRlbGV0ZSI6NjAwMDAwMDAwMDAwLCJ1cGRhdGUiOjYwMDAwMDAwMDAwMH19",
          "dependencies": [
            "aws_cloudfront_distribution.approved_landmarks",
            "aws_cloudfront_origin_access_control.approved_landmarks",
            "aws_dynamodb_table.landmarks",
            "aws_dynamodb_table.player_presence",
            "aws_dynamodb_table.shared_cells",
            "aws_dynamodb_table.user_discoveries",
            "aws_iam_role.lambda_exec",
            "aws_s3_bucket.approved_landmarks",
            "aws_s3_bucket.discovery_cache",
            "aws_s3_bucket.pending_landmarks",
            "aws_s3_bucket_public_access_block.approved_landmarks",
            "aws_sqs_queue.shared_tile_rebuild",
            "aws_sqs_queue.shared_tile_rebuild_dlq",
            "data.archive_file.lambda_bundle",
            "data.aws_caller_identity.current"
          ]
        }
      ]
    },
    {
      "mode": "managed",
      "type": "aws_lambda_function",
      "name": "get_shared_viewport",
      "provider": "provider[\"registry.terraform.io/hashicorp/aws\"]",
      "instances": [
        {
          "schema_version": 0,
          "attributes": {
            "architectures": [
              "arm64"
            ],
            "arn": "arn:aws:lambda:eu-west-2:010419877195:function:world-of-fog-prod-get-shared-viewport",
            "code_sha256": "nTY4AeJevBiQgfBdgeDj+d1KueTLzqRNrZTarS61NZI=",
            "code_signing_config_arn": "",
            "dead_letter_config": [],
            "description": "",
            "environment": [
              {
                "variables": {
                  "ADMIN_GROUPS": "admin,moderator",
                  "ALLOWED_UPLOAD_CONTENT_TYPES": "image/jpeg,image/png,image/webp",
                  "APPROVED_LANDMARK_BUCKET": "world-of-fog-prod-010419877195-eu-west-2-approved",
                  "CLOUDFRONT_DOMAIN": "d2op1xtsiy6g50.cloudfront.net",
                  "DISCOVERY_CACHE_BUCKET": "world-of-fog-prod-010419877195-eu-west-2-discovery-cache",
                  "LANDMARKS_TABLE": "world-of-fog-prod-landmarks",
                  "MAX_PENDING_PER_USER": "10",
                  "MAX_UPLOADS_PER_DAY": "20",
                  "MAX_UPLOAD_BYTES": "5242880",
                  "PENDING_LANDMARK_BUCKET": "world-of-fog-prod-010419877195-eu-west-2-pending",
                  "PLAYER_PRESENCE_TABLE": "world-of-fog-prod-player-presence",
                  "PRESENCE_TTL_SECONDS": "60",
                  "SHARED_CELLS_TABLE": "world-of-fog-prod-shared-cells",
                  "SHARED_TILE_CACHE_PREFIX": "shared-tiles/v1",
                  "SHARED_TILE_CACHE_TTL_SECONDS": "2592000",
                  "UPLOAD_EXPIRATION_SECONDS": "600",
                  "USER_BOOTSTRAP_CACHE_PREFIX": "user-bootstrap/v1",
                  "USER_BOOTSTRAP_CACHE_TTL_SECONDS": "2592000",
                  "USER_DISCOVERIES_TABLE": "world-of-fog-prod-user-discoveries"
                }
              }
            ],
            "ephemeral_storage": [
              {
                "size": 512
              }
            ],
            "file_system_config": [],
            "filename": "./lambda_bundle.zip",
            "function_name": "world-of-fog-prod-get-shared-viewport",
            "handler": "get_shared_viewport.index.handler",
            "id": "world-of-fog-prod-get-shared-viewport",
            "image_config": [],
            "image_uri": "",
            "invoke_arn": "arn:aws:apigateway:eu-west-2:lambda:path/2015-03-31/functions/arn:aws:lambda:eu-west-2:010419877195:function:world-of-fog-prod-get-shared-viewport/invocations",
            "kms_key_arn": "",
            "last_modified": "2026-03-12T10:37:11.000+0000",
            "layers": [],
            "logging_config": [
              {
                "application_log_level": "",
                "log_format": "Text",
                "log_group": "/aws/lambda/world-of-fog-prod-get-shared-viewport",
                "system_log_level": ""
              }
            ],
            "memory_size": 256,
            "package_type": "Zip",
            "publish": false,
            "qualified_arn": "arn:aws:lambda:eu-west-2:010419877195:function:world-of-fog-prod-get-shared-viewport:$LATEST",
            "qualified_invoke_arn": "arn:aws:apigateway:eu-west-2:lambda:path/2015-03-31/functions/arn:aws:lambda:eu-west-2:010419877195:function:world-of-fog-prod-get-shared-viewport:$LATEST/invocations",
            "replace_security_groups_on_destroy": null,
            "replacement_security_group_ids": null,
            "reserved_concurrent_executions": -1,
            "role": "arn:aws:iam::010419877195:role/world-of-fog-prod-lambda-exec",
            "runtime": "python3.12",
            "s3_bucket": null,
            "s3_key": null,
            "s3_object_version": null,
            "signing_job_arn": "",
            "signing_profile_version_arn": "",
            "skip_destroy": false,
            "snap_start": [],
            "source_code_hash": "nTY4AeJevBiQgfBdgeDj+d1KueTLzqRNrZTarS61NZI=",
            "source_code_size": 57329,
            "tags": {
              "Environment": "prod",
              "ManagedBy": "terraform",
              "Project": "world-of-fog"
            },
            "tags_all": {
              "Environment": "prod",
              "ManagedBy": "terraform",
              "Project": "world-of-fog"
            },
            "timeout": 20,
            "timeouts": null,
            "tracing_config": [
              {
                "mode": "PassThrough"
              }
            ],
            "version": "$LATEST",
            "vpc_config": []
          },
          "sensitive_attributes": [],
          "identity_schema_version": 0,
          "private": "eyJlMmJmYjczMC1lY2FhLTExZTYtOGY4OC0zNDM2M2JjN2M0YzAiOnsiY3JlYXRlIjo2MDAwMDAwMDAwMDAsImRlbGV0ZSI6NjAwMDAwMDAwMDAwLCJ1cGRhdGUiOjYwMDAwMDAwMDAwMH19",
          "dependencies": [
            "aws_cloudfront_distribution.approved_landmarks",
            "aws_cloudfront_origin_access_control.approved_landmarks",
            "aws_dynamodb_table.landmarks",
            "aws_dynamodb_table.player_presence",
            "aws_dynamodb_table.shared_cells",
            "aws_dynamodb_table.user_discoveries",
            "aws_iam_role.lambda_exec",
            "aws_s3_bucket.approved_landmarks",
            "aws_s3_bucket.discovery_cache",
            "aws_s3_bucket.pending_landmarks",
            "aws_s3_bucket_public_access_block.approved_landmarks",
            "aws_sqs_queue.shared_tile_rebuild",
            "aws_sqs_queue.shared_tile_rebuild_dlq",
            "data.archive_file.lambda_bundle",
            "data.aws_caller_identity.current"
          ]
        }
      ]
    },
    {
      "mode": "managed",
      "type": "aws_lambda_function",
      "name": "list_pending_landmarks",
      "provider": "provider[\"registry.terraform.io/hashicorp/aws\"]",
      "instances": [
        {
          "schema_version": 0,
          "attributes": {
            "architectures": [
              "arm64"
            ],
            "arn": "arn:aws:lambda:eu-west-2:010419877195:function:world-of-fog-prod-list-pending-landmarks",
            "code_sha256": "nTY4AeJevBiQgfBdgeDj+d1KueTLzqRNrZTarS61NZI=",
            "code_signing_config_arn": "",
            "dead_letter_config": [],
            "description": "",
            "environment": [
              {
                "variables": {
                  "ADMIN_GROUPS": "admin,moderator",
                  "ALLOWED_UPLOAD_CONTENT_TYPES": "image/jpeg,image/png,image/webp",
                  "APPROVED_LANDMARK_BUCKET": "world-of-fog-prod-010419877195-eu-west-2-approved",
                  "CLOUDFRONT_DOMAIN": "d2op1xtsiy6g50.cloudfront.net",
                  "DISCOVERY_CACHE_BUCKET": "world-of-fog-prod-010419877195-eu-west-2-discovery-cache",
                  "LANDMARKS_TABLE": "world-of-fog-prod-landmarks",
                  "MAX_PENDING_PER_USER": "10",
                  "MAX_UPLOADS_PER_DAY": "20",
                  "MAX_UPLOAD_BYTES": "5242880",
                  "PENDING_LANDMARK_BUCKET": "world-of-fog-prod-010419877195-eu-west-2-pending",
                  "PLAYER_PRESENCE_TABLE": "world-of-fog-prod-player-presence",
                  "PRESENCE_TTL_SECONDS": "60",
                  "SHARED_CELLS_TABLE": "world-of-fog-prod-shared-cells",
                  "SHARED_TILE_CACHE_PREFIX": "shared-tiles/v1",
                  "SHARED_TILE_CACHE_TTL_SECONDS": "2592000",
                  "UPLOAD_EXPIRATION_SECONDS": "600",
                  "USER_BOOTSTRAP_CACHE_PREFIX": "user-bootstrap/v1",
                  "USER_BOOTSTRAP_CACHE_TTL_SECONDS": "2592000",
                  "USER_DISCOVERIES_TABLE": "world-of-fog-prod-user-discoveries"
                }
              }
            ],
            "ephemeral_storage": [
              {
                "size": 512
              }
            ],
            "file_system_config": [],
            "filename": "./lambda_bundle.zip",
            "function_name": "world-of-fog-prod-list-pending-landmarks",
            "handler": "list_pending_landmarks.index.handler",
            "id": "world-of-fog-prod-list-pending-landmarks",
            "image_config": [],
            "image_uri": "",
            "invoke_arn": "arn:aws:apigateway:eu-west-2:lambda:path/2015-03-31/functions/arn:aws:lambda:eu-west-2:010419877195:function:world-of-fog-prod-list-pending-landmarks/invocations",
            "kms_key_arn": "",
            "last_modified": "2026-03-12T10:36:35.000+0000",
            "layers": [],
            "logging_config": [
              {
                "application_log_level": "",
                "log_format": "Text",
                "log_group": "/aws/lambda/world-of-fog-prod-list-pending-landmarks",
                "system_log_level": ""
              }
            ],
            "memory_size": 256,
            "package_type": "Zip",
            "publish": false,
            "qualified_arn": "arn:aws:lambda:eu-west-2:010419877195:function:world-of-fog-prod-list-pending-landmarks:$LATEST",
            "qualified_invoke_arn": "arn:aws:apigateway:eu-west-2:lambda:path/2015-03-31/functions/arn:aws:lambda:eu-west-2:010419877195:function:world-of-fog-prod-list-pending-landmarks:$LATEST/invocations",
            "replace_security_groups_on_destroy": null,
            "replacement_security_group_ids": null,
            "reserved_concurrent_executions": -1,
            "role": "arn:aws:iam::010419877195:role/world-of-fog-prod-lambda-exec",
            "runtime": "python3.12",
            "s3_bucket": null,
            "s3_key": null,
            "s3_object_version": null,
            "signing_job_arn": "",
            "signing_profile_version_arn": "",
            "skip_destroy": false,
            "snap_start": [],
            "source_code_hash": "nTY4AeJevBiQgfBdgeDj+d1KueTLzqRNrZTarS61NZI=",
            "source_code_size": 57329,
            "tags": {
              "Environment": "prod",
              "ManagedBy": "terraform",
              "Project": "world-of-fog"
            },
            "tags_all": {
              "Environment": "prod",
              "ManagedBy": "terraform",
              "Project": "world-of-fog"
            },
            "timeout": 15,
            "timeouts": null,
            "tracing_config": [
              {
                "mode": "PassThrough"
              }
            ],
            "version": "$LATEST",
            "vpc_config": []
          },
          "sensitive_attributes": [],
          "identity_schema_version": 0,
          "private": "eyJlMmJmYjczMC1lY2FhLTExZTYtOGY4OC0zNDM2M2JjN2M0YzAiOnsiY3JlYXRlIjo2MDAwMDAwMDAwMDAsImRlbGV0ZSI6NjAwMDAwMDAwMDAwLCJ1cGRhdGUiOjYwMDAwMDAwMDAwMH19",
          "dependencies": [
            "aws_cloudfront_distribution.approved_landmarks",
            "aws_cloudfront_origin_access_control.approved_landmarks",
            "aws_dynamodb_table.landmarks",
            "aws_dynamodb_table.player_presence",
            "aws_dynamodb_table.shared_cells",
            "aws_dynamodb_table.user_discoveries",
            "aws_iam_role.lambda_exec",
            "aws_s3_bucket.approved_landmarks",
            "aws_s3_bucket.discovery_cache",
            "aws_s3_bucket.pending_landmarks",
            "aws_s3_bucket_public_access_block.approved_landmarks",
            "aws_sqs_queue.shared_tile_rebuild",
            "aws_sqs_queue.shared_tile_rebuild_dlq",
            "data.archive_file.lambda_bundle",
            "data.aws_caller_identity.current"
          ]
        }
      ]
    },
    {
      "mode": "managed",
      "type": "aws_lambda_function",
      "name": "moderate_landmark",
      "provider": "provider[\"registry.terraform.io/hashicorp/aws\"]",
      "instances": [
        {
          "schema_version": 0,
          "attributes": {
            "architectures": [
              "arm64"
            ],
            "arn": "arn:aws:lambda:eu-west-2:010419877195:function:world-of-fog-prod-moderate-landmark",
            "code_sha256": "nTY4AeJevBiQgfBdgeDj+d1KueTLzqRNrZTarS61NZI=",
            "code_signing_config_arn": "",
            "dead_letter_config": [],
            "description": "",
            "environment": [
              {
                "variables": {
                  "ADMIN_GROUPS": "admin,moderator",
                  "ALLOWED_UPLOAD_CONTENT_TYPES": "image/jpeg,image/png,image/webp",
                  "APPROVED_LANDMARK_BUCKET": "world-of-fog-prod-010419877195-eu-west-2-approved",
                  "CLOUDFRONT_DOMAIN": "d2op1xtsiy6g50.cloudfront.net",
                  "DISCOVERY_CACHE_BUCKET": "world-of-fog-prod-010419877195-eu-west-2-discovery-cache",
                  "LANDMARKS_TABLE": "world-of-fog-prod-landmarks",
                  "MAX_PENDING_PER_USER": "10",
                  "MAX_UPLOADS_PER_DAY": "20",
                  "MAX_UPLOAD_BYTES": "5242880",
                  "PENDING_LANDMARK_BUCKET": "world-of-fog-prod-010419877195-eu-west-2-pending",
                  "PLAYER_PRESENCE_TABLE": "world-of-fog-prod-player-presence",
                  "PRESENCE_TTL_SECONDS": "60",
                  "SHARED_CELLS_TABLE": "world-of-fog-prod-shared-cells",
                  "SHARED_TILE_CACHE_PREFIX": "shared-tiles/v1",
                  "SHARED_TILE_CACHE_TTL_SECONDS": "2592000",
                  "UPLOAD_EXPIRATION_SECONDS": "600",
                  "USER_BOOTSTRAP_CACHE_PREFIX": "user-bootstrap/v1",
                  "USER_BOOTSTRAP_CACHE_TTL_SECONDS": "2592000",
                  "USER_DISCOVERIES_TABLE": "world-of-fog-prod-user-discoveries"
                }
              }
            ],
            "ephemeral_storage": [
              {
                "size": 512
              }
            ],
            "file_system_config": [],
            "filename": "./lambda_bundle.zip",
            "function_name": "world-of-fog-prod-moderate-landmark",
            "handler": "moderate_landmark.index.handler",
            "id": "world-of-fog-prod-moderate-landmark",
            "image_config": [],
            "image_uri": "",
            "invoke_arn": "arn:aws:apigateway:eu-west-2:lambda:path/2015-03-31/functions/arn:aws:lambda:eu-west-2:010419877195:function:world-of-fog-prod-moderate-landmark/invocations",
            "kms_key_arn": "",
            "last_modified": "2026-03-12T10:36:47.000+0000",
            "layers": [],
            "logging_config": [
              {
                "application_log_level": "",
                "log_format": "Text",
                "log_group": "/aws/lambda/world-of-fog-prod-moderate-landmark",
                "system_log_level": ""
              }
            ],
            "memory_size": 256,
            "package_type": "Zip",
            "publish": false,
            "qualified_arn": "arn:aws:lambda:eu-west-2:010419877195:function:world-of-fog-prod-moderate-landmark:$LATEST",
            "qualified_invoke_arn": "arn:aws:apigateway:eu-west-2:lambda:path/2015-03-31/functions/arn:aws:lambda:eu-west-2:010419877195:function:world-of-fog-prod-moderate-landmark:$LATEST/invocations",
            "replace_security_groups_on_destroy": null,
            "replacement_security_group_ids": null,
            "reserved_concurrent_executions": -1,
            "role": "arn:aws:iam::010419877195:role/world-of-fog-prod-lambda-exec",
            "runtime": "python3.12",
            "s3_bucket": null,
            "s3_key": null,
            "s3_object_version": null,
            "signing_job_arn": "",
            "signing_profile_version_arn": "",
            "skip_destroy": false,
            "snap_start": [],
            "source_code_hash": "nTY4AeJevBiQgfBdgeDj+d1KueTLzqRNrZTarS61NZI=",
            "source_code_size": 57329,
            "tags": {
              "Environment": "prod",
              "ManagedBy": "terraform",
              "Project": "world-of-fog"
            },
            "tags_all": {
              "Environment": "prod",
              "ManagedBy": "terraform",
              "Project": "world-of-fog"
            },
            "timeout": 30,
            "timeouts": null,
            "tracing_config": [
              {
                "mode": "PassThrough"
              }
            ],
            "version": "$LATEST",
            "vpc_config": []
          },
          "sensitive_attributes": [],
          "identity_schema_version": 0,
          "private": "eyJlMmJmYjczMC1lY2FhLTExZTYtOGY4OC0zNDM2M2JjN2M0YzAiOnsiY3JlYXRlIjo2MDAwMDAwMDAwMDAsImRlbGV0ZSI6NjAwMDAwMDAwMDAwLCJ1cGRhdGUiOjYwMDAwMDAwMDAwMH19",
          "dependencies": [
            "aws_cloudfront_distribution.approved_landmarks",
            "aws_cloudfront_origin_access_control.approved_landmarks",
            "aws_dynamodb_table.landmarks",
            "aws_dynamodb_table.player_presence",
            "aws_dynamodb_table.shared_cells",
            "aws_dynamodb_table.user_discoveries",
            "aws_iam_role.lambda_exec",
            "aws_s3_bucket.approved_landmarks",
            "aws_s3_bucket.discovery_cache",
            "aws_s3_bucket.pending_landmarks",
            "aws_s3_bucket_public_access_block.approved_landmarks",
            "aws_sqs_queue.shared_tile_rebuild",
            "aws_sqs_queue.shared_tile_rebuild_dlq",
            "data.archive_file.lambda_bundle",
            "data.aws_caller_identity.current"
          ]
        }
      ]
    },
    {
      "mode": "managed",
      "type": "aws_lambda_function",
      "name": "rebuild_shared_tiles",
      "provider": "provider[\"registry.terraform.io/hashicorp/aws\"]",
      "instances": [
        {
          "schema_version": 0,
          "attributes": {
            "architectures": [
              "arm64"
            ],
            "arn": "arn:aws:lambda:eu-west-2:010419877195:function:world-of-fog-prod-rebuild-shared-tiles",
            "code_sha256": "Cp9n2d9U/rk4J8fHFVqYdpMFdwPGh3AwhH2/FyjJLIk=",
            "code_signing_config_arn": "",
            "dead_letter_config": [],
            "description": "",
            "environment": [
              {
                "variables": {
                  "ADMIN_GROUPS": "admin,moderator",
                  "ALLOWED_UPLOAD_CONTENT_TYPES": "image/jpeg,image/png,image/webp",
                  "APPROVED_LANDMARK_BUCKET": "world-of-fog-prod-010419877195-eu-west-2-approved",
                  "CLOUDFRONT_DOMAIN": "d2op1xtsiy6g50.cloudfront.net",
                  "DISCOVERY_CACHE_BUCKET": "world-of-fog-prod-010419877195-eu-west-2-discovery-cache",
                  "LANDMARKS_TABLE": "world-of-fog-prod-landmarks",
                  "MAX_PENDING_PER_USER": "10",
                  "MAX_UPLOADS_PER_DAY": "20",
                  "MAX_UPLOAD_BYTES": "5242880",
                  "PENDING_LANDMARK_BUCKET": "world-of-fog-prod-010419877195-eu-west-2-pending",
                  "PLAYER_PRESENCE_TABLE": "world-of-fog-prod-player-presence",
                  "PRESENCE_TTL_SECONDS": "60",
                  "SHARED_CELLS_TABLE": "world-of-fog-prod-shared-cells",
                  "SHARED_TILE_CACHE_PREFIX": "shared-tiles/v1",
                  "SHARED_TILE_CACHE_TTL_SECONDS": "2592000",
                  "SHARED_TILE_EDGE_CACHE_SECONDS": "30",
                  "SHARED_TILE_REBUILD_QUEUE_URL": "https://sqs.eu-west-2.amazonaws.com/010419877195/world-of-fog-prod-shared-tile-rebuild",
                  "UPLOAD_EXPIRATION_SECONDS": "600",
                  "USER_BOOTSTRAP_CACHE_PREFIX": "user-bootstrap/v1",
                  "USER_BOOTSTRAP_CACHE_TTL_SECONDS": "2592000",
                  "USER_DISCOVERIES_TABLE": "world-of-fog-prod-user-discoveries"
                }
              }
            ],
            "ephemeral_storage": [
              {
                "size": 512
              }
            ],
            "file_system_config": [],
            "filename": "./lambda_bundle.zip",
            "function_name": "world-of-fog-prod-rebuild-shared-tiles",
            "handler": "rebuild_shared_tiles.index.handler",
            "id": "world-of-fog-prod-rebuild-shared-tiles",
            "image_config": [],
            "image_uri": "",
            "invoke_arn": "arn:aws:apigateway:eu-west-2:lambda:path/2015-03-31/functions/arn:aws:lambda:eu-west-2:010419877195:function:world-of-fog-prod-rebuild-shared-tiles/invocations",
            "kms_key_arn": "",
            "last_modified": "2026-03-12T12:18:14.464+0000",
            "layers": null,
            "logging_config": [
              {
                "application_log_level": "",
                "log_format": "Text",
                "log_group": "/aws/lambda/world-of-fog-prod-rebuild-shared-tiles",
                "system_log_level": ""
              }
            ],
            "memory_size": 256,
            "package_type": "Zip",
            "publish": false,
            "qualified_arn": "arn:aws:lambda:eu-west-2:010419877195:function:world-of-fog-prod-rebuild-shared-tiles:$LATEST",
            "qualified_invoke_arn": "arn:aws:apigateway:eu-west-2:lambda:path/2015-03-31/functions/arn:aws:lambda:eu-west-2:010419877195:function:world-of-fog-prod-rebuild-shared-tiles:$LATEST/invocations",
            "replace_security_groups_on_destroy": null,
            "replacement_security_group_ids": null,
            "reserved_concurrent_executions": -1,
            "role": "arn:aws:iam::010419877195:role/world-of-fog-prod-lambda-exec",
            "runtime": "python3.12",
            "s3_bucket": null,
            "s3_key": null,
            "s3_object_version": null,
            "signing_job_arn": "",
            "signing_profile_version_arn": "",
            "skip_destroy": false,
            "snap_start": [],
            "source_code_hash": "Cp9n2d9U/rk4J8fHFVqYdpMFdwPGh3AwhH2/FyjJLIk=",
            "source_code_size": 70269,
            "tags": {
              "Environment": "prod",
              "ManagedBy": "terraform",
              "Project": "world-of-fog"
            },
            "tags_all": {
              "Environment": "prod",
              "ManagedBy": "terraform",
              "Project": "world-of-fog"
            },
            "timeout": 30,
            "timeouts": null,
            "tracing_config": [
              {
                "mode": "PassThrough"
              }
            ],
            "version": "$LATEST",
            "vpc_config": []
          },
          "sensitive_attributes": [],
          "identity_schema_version": 0,
          "private": "eyJlMmJmYjczMC1lY2FhLTExZTYtOGY4OC0zNDM2M2JjN2M0YzAiOnsiY3JlYXRlIjo2MDAwMDAwMDAwMDAsImRlbGV0ZSI6NjAwMDAwMDAwMDAwLCJ1cGRhdGUiOjYwMDAwMDAwMDAwMH19",
          "dependencies": [
            "aws_cloudfront_distribution.approved_landmarks",
            "aws_cloudfront_origin_access_control.approved_landmarks",
            "aws_dynamodb_table.landmarks",
            "aws_dynamodb_table.player_presence",
            "aws_dynamodb_table.shared_cells",
            "aws_dynamodb_table.user_discoveries",
            "aws_iam_role.lambda_exec",
            "aws_s3_bucket.approved_landmarks",
            "aws_s3_bucket.discovery_cache",
            "aws_s3_bucket.pending_landmarks",
            "aws_s3_bucket_public_access_block.approved_landmarks",
            "aws_sqs_queue.shared_tile_rebuild",
            "aws_sqs_queue.shared_tile_rebuild_dlq",
            "data.archive_file.lambda_bundle",
            "data.aws_caller_identity.current"
          ]
        }
      ]
    },
    {
      "mode": "managed",
      "type": "aws_lambda_function",
      "name": "sync_discoveries",
      "provider": "provider[\"registry.terraform.io/hashicorp/aws\"]",
      "instances": [
        {
          "schema_version": 0,
          "attributes": {
            "architectures": [
              "arm64"
            ],
            "arn": "arn:aws:lambda:eu-west-2:010419877195:function:world-of-fog-prod-sync-discoveries",
            "code_sha256": "nTY4AeJevBiQgfBdgeDj+d1KueTLzqRNrZTarS61NZI=",
            "code_signing_config_arn": "",
            "dead_letter_config": [],
            "description": "",
            "environment": [
              {
                "variables": {
                  "ADMIN_GROUPS": "admin,moderator",
                  "ALLOWED_UPLOAD_CONTENT_TYPES": "image/jpeg,image/png,image/webp",
                  "APPROVED_LANDMARK_BUCKET": "world-of-fog-prod-010419877195-eu-west-2-approved",
                  "CLOUDFRONT_DOMAIN": "d2op1xtsiy6g50.cloudfront.net",
                  "DISCOVERY_CACHE_BUCKET": "world-of-fog-prod-010419877195-eu-west-2-discovery-cache",
                  "LANDMARKS_TABLE": "world-of-fog-prod-landmarks",
                  "MAX_PENDING_PER_USER": "10",
                  "MAX_UPLOADS_PER_DAY": "20",
                  "MAX_UPLOAD_BYTES": "5242880",
                  "PENDING_LANDMARK_BUCKET": "world-of-fog-prod-010419877195-eu-west-2-pending",
                  "PLAYER_PRESENCE_TABLE": "world-of-fog-prod-player-presence",
                  "PRESENCE_TTL_SECONDS": "60",
                  "SHARED_CELLS_TABLE": "world-of-fog-prod-shared-cells",
                  "SHARED_TILE_CACHE_PREFIX": "shared-tiles/v1",
                  "SHARED_TILE_CACHE_TTL_SECONDS": "2592000",
                  "UPLOAD_EXPIRATION_SECONDS": "600",
                  "USER_BOOTSTRAP_CACHE_PREFIX": "user-bootstrap/v1",
                  "USER_BOOTSTRAP_CACHE_TTL_SECONDS": "2592000",
                  "USER_DISCOVERIES_TABLE": "world-of-fog-prod-user-discoveries"
                }
              }
            ],
            "ephemeral_storage": [
              {
                "size": 512
              }
            ],
            "file_system_config": [],
            "filename": "./lambda_bundle.zip",
            "function_name": "world-of-fog-prod-sync-discoveries",
            "handler": "sync_discoveries.index.handler",
            "id": "world-of-fog-prod-sync-discoveries",
            "image_config": [],
            "image_uri": "",
            "invoke_arn": "arn:aws:apigateway:eu-west-2:lambda:path/2015-03-31/functions/arn:aws:lambda:eu-west-2:010419877195:function:world-of-fog-prod-sync-discoveries/invocations",
            "kms_key_arn": "",
            "last_modified": "2026-03-12T10:36:41.000+0000",
            "layers": [],
            "logging_config": [
              {
                "application_log_level": "",
                "log_format": "Text",
                "log_group": "/aws/lambda/world-of-fog-prod-sync-discoveries",
                "system_log_level": ""
              }
            ],
            "memory_size": 256,
            "package_type": "Zip",
            "publish": false,
            "qualified_arn": "arn:aws:lambda:eu-west-2:010419877195:function:world-of-fog-prod-sync-discoveries:$LATEST",
            "qualified_invoke_arn": "arn:aws:apigateway:eu-west-2:lambda:path/2015-03-31/functions/arn:aws:lambda:eu-west-2:010419877195:function:world-of-fog-prod-sync-discoveries:$LATEST/invocations",
            "replace_security_groups_on_destroy": null,
            "replacement_security_group_ids": null,
            "reserved_concurrent_executions": -1,
            "role": "arn:aws:iam::010419877195:role/world-of-fog-prod-lambda-exec",
            "runtime": "python3.12",
            "s3_bucket": null,
            "s3_key": null,
            "s3_object_version": null,
            "signing_job_arn": "",
            "signing_profile_version_arn": "",
            "skip_destroy": false,
            "snap_start": [],
            "source_code_hash": "nTY4AeJevBiQgfBdgeDj+d1KueTLzqRNrZTarS61NZI=",
            "source_code_size": 57329,
            "tags": {
              "Environment": "prod",
              "ManagedBy": "terraform",
              "Project": "world-of-fog"
            },
            "tags_all": {
              "Environment": "prod",
              "ManagedBy": "terraform",
              "Project": "world-of-fog"
            },
            "timeout": 15,
            "timeouts": null,
            "tracing_config": [
              {
                "mode": "PassThrough"
              }
            ],
            "version": "$LATEST",
            "vpc_config": []
          },
          "sensitive_attributes": [],
          "identity_schema_version": 0,
          "private": "eyJlMmJmYjczMC1lY2FhLTExZTYtOGY4OC0zNDM2M2JjN2M0YzAiOnsiY3JlYXRlIjo2MDAwMDAwMDAwMDAsImRlbGV0ZSI6NjAwMDAwMDAwMDAwLCJ1cGRhdGUiOjYwMDAwMDAwMDAwMH19",
          "dependencies": [
            "aws_cloudfront_distribution.approved_landmarks",
            "aws_cloudfront_origin_access_control.approved_landmarks",
            "aws_dynamodb_table.landmarks",
            "aws_dynamodb_table.player_presence",
            "aws_dynamodb_table.shared_cells",
            "aws_dynamodb_table.user_discoveries",
            "aws_iam_role.lambda_exec",
            "aws_s3_bucket.approved_landmarks",
            "aws_s3_bucket.discovery_cache",
            "aws_s3_bucket.pending_landmarks",
            "aws_s3_bucket_public_access_block.approved_landmarks",
            "aws_sqs_queue.shared_tile_rebuild",
            "aws_sqs_queue.shared_tile_rebuild_dlq",
            "data.archive_file.lambda_bundle",
            "data.aws_caller_identity.current"
          ]
        }
      ]
    },
    {
      "mode": "managed",
      "type": "aws_s3_bucket",
      "name": "approved_landmarks",
      "provider": "provider[\"registry.terraform.io/hashicorp/aws\"]",
      "instances": [
        {
          "schema_version": 0,
          "attributes": {
            "acceleration_status": "",
            "acl": null,
            "arn": "arn:aws:s3:::world-of-fog-prod-010419877195-eu-west-2-approved",
            "bucket": "world-of-fog-prod-010419877195-eu-west-2-approved",
            "bucket_domain_name": "world-of-fog-prod-010419877195-eu-west-2-approved.s3.amazonaws.com",
            "bucket_prefix": "",
            "bucket_regional_domain_name": "world-of-fog-prod-010419877195-eu-west-2-approved.s3.eu-west-2.amazonaws.com",
            "cors_rule": [],
            "force_destroy": false,
            "grant": [
              {
                "id": "b403993ae84652c8aa491a23c15c9c6bb3872b21db01d811620d826821bf079d",
                "permissions": [
                  "FULL_CONTROL"
                ],
                "type": "CanonicalUser",
                "uri": ""
              }
            ],
            "hosted_zone_id": "Z3GKZC51ZF0DB4",
            "id": "world-of-fog-prod-010419877195-eu-west-2-approved",
            "lifecycle_rule": [
              {
                "abort_incomplete_multipart_upload_days": 1,
                "enabled": true,
                "expiration": [],
                "id": "cleanup-approved-landmark-versions",
                "noncurrent_version_expiration": [
                  {
                    "days": 30
                  }
                ],
                "noncurrent_version_transition": [],
                "prefix": "",
                "tags": {},
                "transition": []
              }
            ],
            "logging": [],
            "object_lock_configuration": [],
            "object_lock_enabled": false,
            "policy": "{\"Statement\":[{\"Action\":\"s3:*\",\"Condition\":{\"Bool\":{\"aws:SecureTransport\":\"false\"}},\"Effect\":\"Deny\",\"Principal\":\"*\",\"Resource\":[\"arn:aws:s3:::world-of-fog-prod-010419877195-eu-west-2-approved\",\"arn:aws:s3:::world-of-fog-prod-010419877195-eu-west-2-approved/*\"],\"Sid\":\"DenyInsecureTransport\"},{\"Action\":\"s3:GetObject\",\"Condition\":{\"StringEquals\":{\"AWS:SourceArn\":\"arn:aws:cloudfront::010419877195:distribution/E8RRVMLKEMZ7R\"}},\"Effect\":\"Allow\",\"Principal\":{\"Service\":\"cloudfront.amazonaws.com\"},\"Resource\":\"arn:aws:s3:::world-of-fog-prod-010419877195-eu-west-2-approved/*\",\"Sid\":\"AllowCloudFrontRead\"}],\"Version\":\"2012-10-17\"}",
            "region": "eu-west-2",
            "replication_configuration": [],
            "request_payer": "BucketOwner",
            "server_side_encryption_configuration": [
              {
                "rule": [
                  {
                    "apply_server_side_encryption_by_default": [
                      {
                        "kms_master_key_id": "",
                        "sse_algorithm": "AES256"
                      }
                    ],
                    "bucket_key_enabled": false
                  }
                ]
              }
            ],
            "tags": {
              "Environment": "prod",
              "ManagedBy": "terraform",
              "Project": "world-of-fog"
            },
            "tags_all": {
              "Environment": "prod",
              "ManagedBy": "terraform",
              "Project": "world-of-fog"
            },
            "timeouts": null,
            "versioning": [
              {
                "enabled": true,
                "mfa_delete": false
              }
            ],
            "website": [],
            "website_domain": null,
            "website_endpoint": null
          },
          "sensitive_attributes": [],
          "identity_schema_version": 0,
          "private": "eyJlMmJmYjczMC1lY2FhLTExZTYtOGY4OC0zNDM2M2JjN2M0YzAiOnsiY3JlYXRlIjoxMjAwMDAwMDAwMDAwLCJkZWxldGUiOjM2MDAwMDAwMDAwMDAsInJlYWQiOjEyMDAwMDAwMDAwMDAsInVwZGF0ZSI6MTIwMDAwMDAwMDAwMH19",
          "dependencies": [
            "data.aws_caller_identity.current"
          ]
        }
      ]
    },
    {
      "mode": "managed",
      "type": "aws_s3_bucket",
      "name": "discovery_cache",
      "provider": "provider[\"registry.terraform.io/hashicorp/aws\"]",
      "instances": [
        {
          "schema_version": 0,
          "attributes": {
            "acceleration_status": "",
            "acl": null,
            "arn": "arn:aws:s3:::world-of-fog-prod-010419877195-eu-west-2-discovery-cache",
            "bucket": "world-of-fog-prod-010419877195-eu-west-2-discovery-cache",
            "bucket_domain_name": "world-of-fog-prod-010419877195-eu-west-2-discovery-cache.s3.amazonaws.com",
            "bucket_prefix": "",
            "bucket_regional_domain_name": "world-of-fog-prod-010419877195-eu-west-2-discovery-cache.s3.eu-west-2.amazonaws.com",
            "cors_rule": [],
            "force_destroy": false,
            "grant": [
              {
                "id": "b403993ae84652c8aa491a23c15c9c6bb3872b21db01d811620d826821bf079d",
                "permissions": [
                  "FULL_CONTROL"
                ],
                "type": "CanonicalUser",
                "uri": ""
              }
            ],
            "hosted_zone_id": "Z3GKZC51ZF0DB4",
            "id": "world-of-fog-prod-010419877195-eu-west-2-discovery-cache",
            "lifecycle_rule": [
              {
                "abort_incomplete_multipart_upload_days": 1,
                "enabled": true,
                "expiration": [
                  {
                    "date": "",
                    "days": 30,
                    "expired_object_delete_marker": false
                  }
                ],
                "id": "cleanup-discovery-cache",
                "noncurrent_version_expiration": [
                  {
                    "days": 1
                  }
                ],
                "noncurrent_version_transition": [],
                "prefix": "",
                "tags": {},
                "transition": []
              }
            ],
            "logging": [],
            "object_lock_configuration": [],
            "object_lock_enabled": false,
            "policy": "{\"Statement\":[{\"Action\":\"s3:*\",\"Condition\":{\"Bool\":{\"aws:SecureTransport\":\"false\"}},\"Effect\":\"Deny\",\"Principal\":\"*\",\"Resource\":[\"arn:aws:s3:::world-of-fog-prod-010419877195-eu-west-2-discovery-cache\",\"arn:aws:s3:::world-of-fog-prod-010419877195-eu-west-2-discovery-cache/*\"],\"Sid\":\"DenyInsecureTransport\"},{\"Action\":\"s3:GetObject\",\"Condition\":{\"StringEquals\":{\"AWS:SourceArn\":\"arn:aws:cloudfront::010419877195:distribution/E27796FPW88I1O\"}},\"Effect\":\"Allow\",\"Principal\":{\"Service\":\"cloudfront.amazonaws.com\"},\"Resource\":\"arn:aws:s3:::world-of-fog-prod-010419877195-eu-west-2-discovery-cache/shared-tiles/v1/*\",\"Sid\":\"AllowCloudFrontReadSharedTiles\"}],\"Version\":\"2012-10-17\"}",
            "region": "eu-west-2",
            "replication_configuration": [],
            "request_payer": "BucketOwner",
            "server_side_encryption_configuration": [
              {
                "rule": [
                  {
                    "apply_server_side_encryption_by_default": [
                      {
                        "kms_master_key_id": "",
                        "sse_algorithm": "AES256"
                      }
                    ],
                    "bucket_key_enabled": false
                  }
                ]
              }
            ],
            "tags": {
              "Environment": "prod",
              "ManagedBy": "terraform",
              "Project": "world-of-fog"
            },
            "tags_all": {
              "Environment": "prod",
              "ManagedBy": "terraform",
              "Project": "world-of-fog"
            },
            "timeouts": null,
            "versioning": [
              {
                "enabled": true,
                "mfa_delete": false
              }
            ],
            "website": [],
            "website_domain": null,
            "website_endpoint": null
          },
          "sensitive_attributes": [],
          "identity_schema_version": 0,
          "private": "eyJlMmJmYjczMC1lY2FhLTExZTYtOGY4OC0zNDM2M2JjN2M0YzAiOnsiY3JlYXRlIjoxMjAwMDAwMDAwMDAwLCJkZWxldGUiOjM2MDAwMDAwMDAwMDAsInJlYWQiOjEyMDAwMDAwMDAwMDAsInVwZGF0ZSI6MTIwMDAwMDAwMDAwMH19",
          "dependencies": [
            "data.aws_caller_identity.current"
          ]
        }
      ]
    },
    {
      "mode": "managed",
      "type": "aws_s3_bucket",
      "name": "pending_landmarks",
      "provider": "provider[\"registry.terraform.io/hashicorp/aws\"]",
      "instances": [
        {
          "schema_version": 0,
          "attributes": {
            "acceleration_status": "",
            "acl": null,
            "arn": "arn:aws:s3:::world-of-fog-prod-010419877195-eu-west-2-pending",
            "bucket": "world-of-fog-prod-010419877195-eu-west-2-pending",
            "bucket_domain_name": "world-of-fog-prod-010419877195-eu-west-2-pending.s3.amazonaws.com",
            "bucket_prefix": "",
            "bucket_regional_domain_name": "world-of-fog-prod-010419877195-eu-west-2-pending.s3.eu-west-2.amazonaws.com",
            "cors_rule": [
              {
                "allowed_headers": [
                  "*"
                ],
                "allowed_methods": [
                  "POST",
                  "GET",
                  "HEAD",
                  "PUT"
                ],
                "allowed_origins": [
                  "*"
                ],
                "expose_headers": [
                  "ETag",
                  "Location"
                ],
                "max_age_seconds": 3000
              }
            ],
            "force_destroy": false,
            "grant": [
              {
                "id": "b403993ae84652c8aa491a23c15c9c6bb3872b21db01d811620d826821bf079d",
                "permissions": [
                  "FULL_CONTROL"
                ],
                "type": "CanonicalUser",
                "uri": ""
              }
            ],
            "hosted_zone_id": "Z3GKZC51ZF0DB4",
            "id": "world-of-fog-prod-010419877195-eu-west-2-pending",
            "lifecycle_rule": [
              {
                "abort_incomplete_multipart_upload_days": 1,
                "enabled": true,
                "expiration": [
                  {
                    "date": "",
                    "days": 30,
                    "expired_object_delete_marker": false
                  }
                ],
                "id": "cleanup-pending-landmarks",
                "noncurrent_version_expiration": [
                  {
                    "days": 7
                  }
                ],
                "noncurrent_version_transition": [],
                "prefix": "",
                "tags": {},
                "transition": []
              }
            ],
            "logging": [],
            "object_lock_configuration": [],
            "object_lock_enabled": false,
            "policy": "{\"Statement\":[{\"Action\":\"s3:*\",\"Condition\":{\"Bool\":{\"aws:SecureTransport\":\"false\"}},\"Effect\":\"Deny\",\"Principal\":\"*\",\"Resource\":[\"arn:aws:s3:::world-of-fog-prod-010419877195-eu-west-2-pending\",\"arn:aws:s3:::world-of-fog-prod-010419877195-eu-west-2-pending/*\"],\"Sid\":\"DenyInsecureTransport\"}],\"Version\":\"2012-10-17\"}",
            "region": "eu-west-2",
            "replication_configuration": [],
            "request_payer": "BucketOwner",
            "server_side_encryption_configuration": [
              {
                "rule": [
                  {
                    "apply_server_side_encryption_by_default": [
                      {
                        "kms_master_key_id": "",
                        "sse_algorithm": "AES256"
                      }
                    ],
                    "bucket_key_enabled": false
                  }
                ]
              }
            ],
            "tags": {
              "Environment": "prod",
              "ManagedBy": "terraform",
              "Project": "world-of-fog"
            },
            "tags_all": {
              "Environment": "prod",
              "ManagedBy": "terraform",
              "Project": "world-of-fog"
            },
            "timeouts": null,
            "versioning": [
              {
                "enabled": true,
                "mfa_delete": false
              }
            ],
            "website": [],
            "website_domain": null,
            "website_endpoint": null
          },
          "sensitive_attributes": [],
          "identity_schema_version": 0,
          "private": "eyJlMmJmYjczMC1lY2FhLTExZTYtOGY4OC0zNDM2M2JjN2M0YzAiOnsiY3JlYXRlIjoxMjAwMDAwMDAwMDAwLCJkZWxldGUiOjM2MDAwMDAwMDAwMDAsInJlYWQiOjEyMDAwMDAwMDAwMDAsInVwZGF0ZSI6MTIwMDAwMDAwMDAwMH19",
          "dependencies": [
            "data.aws_caller_identity.current"
          ]
        }
      ]
    },
    {
      "mode": "managed",
      "type": "aws_s3_bucket_cors_configuration",
      "name": "pending_landmarks",
      "provider": "provider[\"registry.terraform.io/hashicorp/aws\"]",
      "instances": [
        {
          "schema_version": 0,
          "attributes": {
            "bucket": "world-of-fog-prod-010419877195-eu-west-2-pending",
            "cors_rule": [
              {
                "allowed_headers": [
                  "*"
                ],
                "allowed_methods": [
                  "GET",
                  "HEAD",
                  "POST",
                  "PUT"
                ],
                "allowed_origins": [
                  "*"
                ],
                "expose_headers": [
                  "ETag",
                  "Location"
                ],
                "id": "",
                "max_age_seconds": 3000
              }
            ],
            "expected_bucket_owner": "",
            "id": "world-of-fog-prod-010419877195-eu-west-2-pending"
          },
          "sensitive_attributes": [],
          "identity_schema_version": 0,
          "private": "bnVsbA==",
          "dependencies": [
            "aws_s3_bucket.pending_landmarks",
            "data.aws_caller_identity.current"
          ]
        }
      ]
    },
    {
      "mode": "managed",
      "type": "aws_s3_bucket_lifecycle_configuration",
      "name": "approved_landmarks",
      "provider": "provider[\"registry.terraform.io/hashicorp/aws\"]",
      "instances": [
        {
          "schema_version": 1,
          "attributes": {
            "bucket": "world-of-fog-prod-010419877195-eu-west-2-approved",
            "expected_bucket_owner": "",
            "id": "world-of-fog-prod-010419877195-eu-west-2-approved",
            "rule": [
              {
                "abort_incomplete_multipart_upload": [
                  {
                    "days_after_initiation": 1
                  }
                ],
                "expiration": [],
                "filter": [
                  {
                    "and": [],
                    "object_size_greater_than": null,
                    "object_size_less_than": null,
                    "prefix": "",
                    "tag": []
                  }
                ],
                "id": "cleanup-approved-landmark-versions",
                "noncurrent_version_expiration": [
                  {
                    "newer_noncurrent_versions": null,
                    "noncurrent_days": 30
                  }
                ],
                "noncurrent_version_transition": [],
                "prefix": "",
                "status": "Enabled",
                "transition": []
              }
            ],
            "timeouts": null,
            "transition_default_minimum_object_size": "all_storage_classes_128K"
          },
          "sensitive_attributes": [],
          "identity_schema_version": 0,
          "dependencies": [
            "aws_s3_bucket.approved_landmarks",
            "data.aws_caller_identity.current"
          ]
        }
      ]
    },
    {
      "mode": "managed",
      "type": "aws_s3_bucket_lifecycle_configuration",
      "name": "discovery_cache",
      "provider": "provider[\"registry.terraform.io/hashicorp/aws\"]",
      "instances": [
        {
          "schema_version": 1,
          "attributes": {
            "bucket": "world-of-fog-prod-010419877195-eu-west-2-discovery-cache",
            "expected_bucket_owner": "",
            "id": "world-of-fog-prod-010419877195-eu-west-2-discovery-cache",
            "rule": [
              {
                "abort_incomplete_multipart_upload": [
                  {
                    "days_after_initiation": 1
                  }
                ],
                "expiration": [
                  {
                    "date": null,
                    "days": 30,
                    "expired_object_delete_marker": false
                  }
                ],
                "filter": [
                  {
                    "and": [],
                    "object_size_greater_than": null,
                    "object_size_less_than": null,
                    "prefix": "",
                    "tag": []
                  }
                ],
                "id": "cleanup-discovery-cache",
                "noncurrent_version_expiration": [
                  {
                    "newer_noncurrent_versions": null,
                    "noncurrent_days": 1
                  }
                ],
                "noncurrent_version_transition": [],
                "prefix": "",
                "status": "Enabled",
                "transition": []
              }
            ],
            "timeouts": null,
            "transition_default_minimum_object_size": "all_storage_classes_128K"
          },
          "sensitive_attributes": [],
          "identity_schema_version": 0,
          "dependencies": [
            "aws_s3_bucket.discovery_cache",
            "data.aws_caller_identity.current"
          ]
        }
      ]
    },
    {
      "mode": "managed",
      "type": "aws_s3_bucket_lifecycle_configuration",
      "name": "pending_landmarks",
      "provider": "provider[\"registry.terraform.io/hashicorp/aws\"]",
      "instances": [
        {
          "schema_version": 1,
          "attributes": {
            "bucket": "world-of-fog-prod-010419877195-eu-west-2-pending",
            "expected_bucket_owner": "",
            "id": "world-of-fog-prod-010419877195-eu-west-2-pending",
            "rule": [
              {
                "abort_incomplete_multipart_upload": [
                  {
                    "days_after_initiation": 1
                  }
                ],
                "expiration": [
                  {
                    "date": null,
                    "days": 30,
                    "expired_object_delete_marker": false
                  }
                ],
                "filter": [
                  {
                    "and": [],
                    "object_size_greater_than": null,
                    "object_size_less_than": null,
                    "prefix": "",
                    "tag": []
                  }
                ],
                "id": "cleanup-pending-landmarks",
                "noncurrent_version_expiration": [
                  {
                    "newer_noncurrent_versions": null,
                    "noncurrent_days": 7
                  }
                ],
                "noncurrent_version_transition": [],
                "prefix": "",
                "status": "Enabled",
                "transition": []
              }
            ],
            "timeouts": null,
            "transition_default_minimum_object_size": "all_storage_classes_128K"
          },
          "sensitive_attributes": [],
          "identity_schema_version": 0,
          "dependencies": [
            "aws_s3_bucket.pending_landmarks",
            "data.aws_caller_identity.current"
          ]
        }
      ]
    },
    {
      "mode": "managed",
      "type": "aws_s3_bucket_ownership_controls",
      "name": "approved_landmarks",
      "provider": "provider[\"registry.terraform.io/hashicorp/aws\"]",
      "instances": [
        {
          "schema_version": 0,
          "attributes": {
            "bucket": "world-of-fog-prod-010419877195-eu-west-2-approved",
            "id": "world-of-fog-prod-010419877195-eu-west-2-approved",
            "rule": [
              {
                "object_ownership": "BucketOwnerEnforced"
              }
            ]
          },
          "sensitive_attributes": [],
          "identity_schema_version": 0,
          "private": "bnVsbA==",
          "dependencies": [
            "aws_s3_bucket.approved_landmarks",
            "data.aws_caller_identity.current"
          ]
        }
      ]
    },
    {
      "mode": "managed",
      "type": "aws_s3_bucket_ownership_controls",
      "name": "discovery_cache",
      "provider": "provider[\"registry.terraform.io/hashicorp/aws\"]",
      "instances": [
        {
          "schema_version": 0,
          "attributes": {
            "bucket": "world-of-fog-prod-010419877195-eu-west-2-discovery-cache",
            "id": "world-of-fog-prod-010419877195-eu-west-2-discovery-cache",
            "rule": [
              {
                "object_ownership": "BucketOwnerEnforced"
              }
            ]
          },
          "sensitive_attributes": [],
          "identity_schema_version": 0,
          "private": "bnVsbA==",
          "dependencies": [
            "aws_s3_bucket.discovery_cache",
            "data.aws_caller_identity.current"
          ]
        }
      ]
    },
    {
      "mode": "managed",
      "type": "aws_s3_bucket_ownership_controls",
      "name": "pending_landmarks",
      "provider": "provider[\"registry.terraform.io/hashicorp/aws\"]",
      "instances": [
        {
          "schema_version": 0,
          "attributes": {
            "bucket": "world-of-fog-prod-010419877195-eu-west-2-pending",
            "id": "world-of-fog-prod-010419877195-eu-west-2-pending",
            "rule": [
              {
                "object_ownership": "BucketOwnerEnforced"
              }
            ]
          },
          "sensitive_attributes": [],
          "identity_schema_version": 0,
          "private": "bnVsbA==",
          "dependencies": [
            "aws_s3_bucket.pending_landmarks",
            "data.aws_caller_identity.current"
          ]
        }
      ]
    },
    {
      "mode": "managed",
      "type": "aws_s3_bucket_policy",
      "name": "approved_landmarks",
      "provider": "provider[\"registry.terraform.io/hashicorp/aws\"]",
      "instances": [
        {
          "schema_version": 0,
          "attributes": {
            "bucket": "world-of-fog-prod-010419877195-eu-west-2-approved",
            "id": "world-of-fog-prod-010419877195-eu-west-2-approved",
            "policy": "{\"Statement\":[{\"Action\":\"s3:*\",\"Condition\":{\"Bool\":{\"aws:SecureTransport\":\"false\"}},\"Effect\":\"Deny\",\"Principal\":\"*\",\"Resource\":[\"arn:aws:s3:::world-of-fog-prod-010419877195-eu-west-2-approved\",\"arn:aws:s3:::world-of-fog-prod-010419877195-eu-west-2-approved/*\"],\"Sid\":\"DenyInsecureTransport\"},{\"Action\":[\"s3:GetObject\"],\"Condition\":{\"StringEquals\":{\"AWS:SourceArn\":\"arn:aws:cloudfront::010419877195:distribution/E8RRVMLKEMZ7R\"}},\"Effect\":\"Allow\",\"Principal\":{\"Service\":\"cloudfront.amazonaws.com\"},\"Resource\":\"arn:aws:s3:::world-of-fog-prod-010419877195-eu-west-2-approved/*\",\"Sid\":\"AllowCloudFrontRead\"}],\"Version\":\"2012-10-17\"}"
          },
          "sensitive_attributes": [],
          "identity_schema_version": 0,
          "private": "bnVsbA==",
          "dependencies": [
            "aws_cloudfront_distribution.approved_landmarks",
            "aws_cloudfront_origin_access_control.approved_landmarks",
            "aws_s3_bucket.approved_landmarks",
            "aws_s3_bucket_public_access_block.approved_landmarks",
            "data.aws_caller_identity.current"
          ]
        }
      ]
    },
    {
      "mode": "managed",
      "type": "aws_s3_bucket_policy",
      "name": "discovery_cache",
      "provider": "provider[\"registry.terraform.io/hashicorp/aws\"]",
      "instances": [
        {
          "schema_version": 0,
          "attributes": {
            "bucket": "world-of-fog-prod-010419877195-eu-west-2-discovery-cache",
            "id": "world-of-fog-prod-010419877195-eu-west-2-discovery-cache",
            "policy": "{\"Statement\":[{\"Action\":\"s3:*\",\"Condition\":{\"Bool\":{\"aws:SecureTransport\":\"false\"}},\"Effect\":\"Deny\",\"Principal\":\"*\",\"Resource\":[\"arn:aws:s3:::world-of-fog-prod-010419877195-eu-west-2-discovery-cache\",\"arn:aws:s3:::world-of-fog-prod-010419877195-eu-west-2-discovery-cache/*\"],\"Sid\":\"DenyInsecureTransport\"},{\"Action\":[\"s3:GetObject\"],\"Condition\":{\"StringEquals\":{\"AWS:SourceArn\":\"arn:aws:cloudfront::010419877195:distribution/E27796FPW88I1O\"}},\"Effect\":\"Allow\",\"Principal\":{\"Service\":\"cloudfront.amazonaws.com\"},\"Resource\":[\"arn:aws:s3:::world-of-fog-prod-010419877195-eu-west-2-discovery-cache/shared-tiles/v1/*\"],\"Sid\":\"AllowCloudFrontReadSharedTiles\"}],\"Version\":\"2012-10-17\"}"
          },
          "sensitive_attributes": [],
          "identity_schema_version": 0,
          "private": "bnVsbA==",
          "dependencies": [
            "aws_cloudfront_distribution.shared_tiles",
            "aws_cloudfront_origin_access_control.shared_tiles",
            "aws_s3_bucket.discovery_cache",
            "aws_s3_bucket_public_access_block.discovery_cache",
            "data.aws_caller_identity.current"
          ]
        }
      ]
    },
    {
      "mode": "managed",
      "type": "aws_s3_bucket_policy",
      "name": "pending_landmarks",
      "provider": "provider[\"registry.terraform.io/hashicorp/aws\"]",
      "instances": [
        {
          "schema_version": 0,
          "attributes": {
            "bucket": "world-of-fog-prod-010419877195-eu-west-2-pending",
            "id": "world-of-fog-prod-010419877195-eu-west-2-pending",
            "policy": "{\"Statement\":[{\"Action\":\"s3:*\",\"Condition\":{\"Bool\":{\"aws:SecureTransport\":\"false\"}},\"Effect\":\"Deny\",\"Principal\":\"*\",\"Resource\":[\"arn:aws:s3:::world-of-fog-prod-010419877195-eu-west-2-pending\",\"arn:aws:s3:::world-of-fog-prod-010419877195-eu-west-2-pending/*\"],\"Sid\":\"DenyInsecureTransport\"}],\"Version\":\"2012-10-17\"}"
          },
          "sensitive_attributes": [],
          "identity_schema_version": 0,
          "private": "bnVsbA==",
          "dependencies": [
            "aws_s3_bucket.pending_landmarks",
            "data.aws_caller_identity.current"
          ]
        }
      ]
    },
    {
      "mode": "managed",
      "type": "aws_s3_bucket_public_access_block",
      "name": "approved_landmarks",
      "provider": "provider[\"registry.terraform.io/hashicorp/aws\"]",
      "instances": [
        {
          "schema_version": 0,
          "attributes": {
            "block_public_acls": true,
            "block_public_policy": true,
            "bucket": "world-of-fog-prod-010419877195-eu-west-2-approved",
            "id": "world-of-fog-prod-010419877195-eu-west-2-approved",
            "ignore_public_acls": true,
            "restrict_public_buckets": true
          },
          "sensitive_attributes": [],
          "identity_schema_version": 0,
          "private": "bnVsbA==",
          "dependencies": [
            "aws_s3_bucket.approved_landmarks",
            "data.aws_caller_identity.current"
          ]
        }
      ]
    },
    {
      "mode": "managed",
      "type": "aws_s3_bucket_public_access_block",
      "name": "discovery_cache",
      "provider": "provider[\"registry.terraform.io/hashicorp/aws\"]",
      "instances": [
        {
          "schema_version": 0,
          "attributes": {
            "block_public_acls": true,
            "block_public_policy": true,
            "bucket": "world-of-fog-prod-010419877195-eu-west-2-discovery-cache",
            "id": "world-of-fog-prod-010419877195-eu-west-2-discovery-cache",
            "ignore_public_acls": true,
            "restrict_public_buckets": true
          },
          "sensitive_attributes": [],
          "identity_schema_version": 0,
          "private": "bnVsbA==",
          "dependencies": [
            "aws_s3_bucket.discovery_cache",
            "data.aws_caller_identity.current"
          ]
        }
      ]
    },
    {
      "mode": "managed",
      "type": "aws_s3_bucket_public_access_block",
      "name": "pending_landmarks",
      "provider": "provider[\"registry.terraform.io/hashicorp/aws\"]",
      "instances": [
        {
          "schema_version": 0,
          "attributes": {
            "block_public_acls": true,
            "block_public_policy": true,
            "bucket": "world-of-fog-prod-010419877195-eu-west-2-pending",
            "id": "world-of-fog-prod-010419877195-eu-west-2-pending",
            "ignore_public_acls": true,
            "restrict_public_buckets": true
          },
          "sensitive_attributes": [],
          "identity_schema_version": 0,
          "private": "bnVsbA==",
          "dependencies": [
            "aws_s3_bucket.pending_landmarks",
            "data.aws_caller_identity.current"
          ]
        }
      ]
    },
    {
      "mode": "managed",
      "type": "aws_s3_bucket_server_side_encryption_configuration",
      "name": "approved_landmarks",
      "provider": "provider[\"registry.terraform.io/hashicorp/aws\"]",
      "instances": [
        {
          "schema_version": 0,
          "attributes": {
            "bucket": "world-of-fog-prod-010419877195-eu-west-2-approved",
            "expected_bucket_owner": "",
            "id": "world-of-fog-prod-010419877195-eu-west-2-approved",
            "rule": [
              {
                "apply_server_side_encryption_by_default": [
                  {
                    "kms_master_key_id": "",
                    "sse_algorithm": "AES256"
                  }
                ],
                "bucket_key_enabled": false
              }
            ]
          },
          "sensitive_attributes": [],
          "identity_schema_version": 0,
          "private": "bnVsbA==",
          "dependencies": [
            "aws_s3_bucket.approved_landmarks",
            "data.aws_caller_identity.current"
          ]
        }
      ]
    },
    {
      "mode": "managed",
      "type": "aws_s3_bucket_server_side_encryption_configuration",
      "name": "discovery_cache",
      "provider": "provider[\"registry.terraform.io/hashicorp/aws\"]",
      "instances": [
        {
          "schema_version": 0,
          "attributes": {
            "bucket": "world-of-fog-prod-010419877195-eu-west-2-discovery-cache",
            "expected_bucket_owner": "",
            "id": "world-of-fog-prod-010419877195-eu-west-2-discovery-cache",
            "rule": [
              {
                "apply_server_side_encryption_by_default": [
                  {
                    "kms_master_key_id": "",
                    "sse_algorithm": "AES256"
                  }
                ],
                "bucket_key_enabled": false
              }
            ]
          },
          "sensitive_attributes": [],
          "identity_schema_version": 0,
          "private": "bnVsbA==",
          "dependencies": [
            "aws_s3_bucket.discovery_cache",
            "data.aws_caller_identity.current"
          ]
        }
      ]
    },
    {
      "mode": "managed",
      "type": "aws_s3_bucket_server_side_encryption_configuration",
      "name": "pending_landmarks",
      "provider": "provider[\"registry.terraform.io/hashicorp/aws\"]",
      "instances": [
        {
          "schema_version": 0,
          "attributes": {
            "bucket": "world-of-fog-prod-010419877195-eu-west-2-pending",
            "expected_bucket_owner": "",
            "id": "world-of-fog-prod-010419877195-eu-west-2-pending",
            "rule": [
              {
                "apply_server_side_encryption_by_default": [
                  {
                    "kms_master_key_id": "",
                    "sse_algorithm": "AES256"
                  }
                ],
                "bucket_key_enabled": false
              }
            ]
          },
          "sensitive_attributes": [],
          "identity_schema_version": 0,
          "private": "bnVsbA==",
          "dependencies": [
            "aws_s3_bucket.pending_landmarks",
            "data.aws_caller_identity.current"
          ]
        }
      ]
    },
    {
      "mode": "managed",
      "type": "aws_s3_bucket_versioning",
      "name": "approved_landmarks",
      "provider": "provider[\"registry.terraform.io/hashicorp/aws\"]",
      "instances": [
        {
          "schema_version": 0,
          "attributes": {
            "bucket": "world-of-fog-prod-010419877195-eu-west-2-approved",
            "expected_bucket_owner": "",
            "id": "world-of-fog-prod-010419877195-eu-west-2-approved",
            "mfa": null,
            "versioning_configuration": [
              {
                "mfa_delete": "",
                "status": "Enabled"
              }
            ]
          },
          "sensitive_attributes": [],
          "identity_schema_version": 0,
          "private": "bnVsbA==",
          "dependencies": [
            "aws_s3_bucket.approved_landmarks",
            "data.aws_caller_identity.current"
          ]
        }
      ]
    },
    {
      "mode": "managed",
      "type": "aws_s3_bucket_versioning",
      "name": "discovery_cache",
      "provider": "provider[\"registry.terraform.io/hashicorp/aws\"]",
      "instances": [
        {
          "schema_version": 0,
          "attributes": {
            "bucket": "world-of-fog-prod-010419877195-eu-west-2-discovery-cache",
            "expected_bucket_owner": "",
            "id": "world-of-fog-prod-010419877195-eu-west-2-discovery-cache",
            "mfa": null,
            "versioning_configuration": [
              {
                "mfa_delete": "",
                "status": "Enabled"
              }
            ]
          },
          "sensitive_attributes": [],
          "identity_schema_version": 0,
          "private": "bnVsbA==",
          "dependencies": [
            "aws_s3_bucket.discovery_cache",
            "data.aws_caller_identity.current"
          ]
        }
      ]
    },
    {
      "mode": "managed",
      "type": "aws_s3_bucket_versioning",
      "name": "pending_landmarks",
      "provider": "provider[\"registry.terraform.io/hashicorp/aws\"]",
      "instances": [
        {
          "schema_version": 0,
          "attributes": {
            "bucket": "world-of-fog-prod-010419877195-eu-west-2-pending",
            "expected_bucket_owner": "",
            "id": "world-of-fog-prod-010419877195-eu-west-2-pending",
            "mfa": null,
            "versioning_configuration": [
              {
                "mfa_delete": "",
                "status": "Enabled"
              }
            ]
          },
          "sensitive_attributes": [],
          "identity_schema_version": 0,
          "private": "bnVsbA==",
          "dependencies": [
            "aws_s3_bucket.pending_landmarks",
            "data.aws_caller_identity.current"
          ]
        }
      ]
    },
    {
      "mode": "managed",
      "type": "aws_sqs_queue",
      "name": "shared_tile_rebuild",
      "provider": "provider[\"registry.terraform.io/hashicorp/aws\"]",
      "instances": [
        {
          "schema_version": 0,
          "attributes": {
            "arn": "arn:aws:sqs:eu-west-2:010419877195:world-of-fog-prod-shared-tile-rebuild",
            "content_based_deduplication": false,
            "deduplication_scope": "",
            "delay_seconds": 0,
            "fifo_queue": false,
            "fifo_throughput_limit": "",
            "id": "https://sqs.eu-west-2.amazonaws.com/010419877195/world-of-fog-prod-shared-tile-rebuild",
            "kms_data_key_reuse_period_seconds": 300,
            "kms_master_key_id": "",
            "max_message_size": 262144,
            "message_retention_seconds": 345600,
            "name": "world-of-fog-prod-shared-tile-rebuild",
            "name_prefix": "",
            "policy": "",
            "receive_wait_time_seconds": 10,
            "redrive_allow_policy": "",
            "redrive_policy": "{\"deadLetterTargetArn\":\"arn:aws:sqs:eu-west-2:010419877195:world-of-fog-prod-shared-tile-rebuild-dlq\",\"maxReceiveCount\":5}",
            "sqs_managed_sse_enabled": true,
            "tags": {
              "Environment": "prod",
              "ManagedBy": "terraform",
              "Project": "world-of-fog"
            },
            "tags_all": {
              "Environment": "prod",
              "ManagedBy": "terraform",
              "Project": "world-of-fog"
            },
            "timeouts": null,
            "url": "https://sqs.eu-west-2.amazonaws.com/010419877195/world-of-fog-prod-shared-tile-rebuild",
            "visibility_timeout_seconds": 90
          },
          "sensitive_attributes": [],
          "identity_schema_version": 0,
          "private": "eyJlMmJmYjczMC1lY2FhLTExZTYtOGY4OC0zNDM2M2JjN2M0YzAiOnsiY3JlYXRlIjoxODAwMDAwMDAwMDAsImRlbGV0ZSI6MTgwMDAwMDAwMDAwLCJ1cGRhdGUiOjE4MDAwMDAwMDAwMH19",
          "dependencies": [
            "aws_sqs_queue.shared_tile_rebuild_dlq"
          ]
        }
      ]
    },
    {
      "mode": "managed",
      "type": "aws_sqs_queue",
      "name": "shared_tile_rebuild_dlq",
      "provider": "provider[\"registry.terraform.io/hashicorp/aws\"]",
      "instances": [
        {
          "schema_version": 0,
          "attributes": {
            "arn": "arn:aws:sqs:eu-west-2:010419877195:world-of-fog-prod-shared-tile-rebuild-dlq",
            "content_based_deduplication": false,
            "deduplication_scope": "",
            "delay_seconds": 0,
            "fifo_queue": false,
            "fifo_throughput_limit": "",
            "id": "https://sqs.eu-west-2.amazonaws.com/010419877195/world-of-fog-prod-shared-tile-rebuild-dlq",
            "kms_data_key_reuse_period_seconds": 300,
            "kms_master_key_id": "",
            "max_message_size": 262144,
            "message_retention_seconds": 1209600,
            "name": "world-of-fog-prod-shared-tile-rebuild-dlq",
            "name_prefix": "",
            "policy": "",
            "receive_wait_time_seconds": 0,
            "redrive_allow_policy": "",
            "redrive_policy": "",
            "sqs_managed_sse_enabled": true,
            "tags": {
              "Environment": "prod",
              "ManagedBy": "terraform",
              "Project": "world-of-fog"
            },
            "tags_all": {
              "Environment": "prod",
              "ManagedBy": "terraform",
              "Project": "world-of-fog"
            },
            "timeouts": null,
            "url": "https://sqs.eu-west-2.amazonaws.com/010419877195/world-of-fog-prod-shared-tile-rebuild-dlq",
            "visibility_timeout_seconds": 30
          },
          "sensitive_attributes": [],
          "identity_schema_version": 0,
          "private": "eyJlMmJmYjczMC1lY2FhLTExZTYtOGY4OC0zNDM2M2JjN2M0YzAiOnsiY3JlYXRlIjoxODAwMDAwMDAwMDAsImRlbGV0ZSI6MTgwMDAwMDAwMDAwLCJ1cGRhdGUiOjE4MDAwMDAwMDAwMH19"
        }
      ]
    }
  ],
  "check_results": null
}
